// !$*UTF8*$!
{
	archiveVersion = 1;
	classes = {
	};
	objectVersion = 38;
	objects = {
		F82190BE0494263900E23722 = {
			isa = PBXFileReference;
			path = aranym2.icns;
			refType = 4;
		};
		F82190BF0494263900E23722 = {
			fileRef = F82190BE0494263900E23722;
			isa = PBXBuildFile;
			settings = {
			};
		};
		F8752DAF048A3A140026D05A = {
			fileEncoding = 30;
			isa = PBXFileReference;
			path = input.cpp;
			refType = 4;
		};
		F87BDEEC0488FB4800F69266 = {
			children = (
				F87BDEFF0488FBA200F69266,
				F87BDF000488FBA200F69266,
				F87BDF010488FBA200F69266,
				F87BDF0A0488FBA200F69266,
				F87BDF260488FBA200F69266,
				F87BDF270488FBA200F69266,
				F87BDF280488FBA200F69266,
				F87BDF2B0488FBA200F69266,
				F87BDFCE0488FBA300F69266,
				F87BDFD40488FBA300F69266,
				F87BDFD80488FBA300F69266,
				F87BDFD90488FBA300F69266,
				F87BDFDB0488FBA300F69266,
				F87BE12C0488FBA400F69266,
				F87BE12D0488FBA400F69266,
				F87BE12E0488FBA400F69266,
				F87BE1340488FC4700F69266,
				F87BDEF80488FB6400F69266,
			);
			isa = PBXGroup;
			refType = 4;
		};
		F87BDEEE0488FB4800F69266 = {
			buildRules = (
			);
			buildSettings = {
				COPY_PHASE_STRIP = NO;
			};
			isa = PBXBuildStyle;
			name = Development;
		};
		F87BDEEF0488FB4800F69266 = {
			buildRules = (
			);
			buildSettings = {
				COPY_PHASE_STRIP = YES;
			};
			isa = PBXBuildStyle;
			name = Deployment;
		};
		F87BDEF00488FB4800F69266 = {
			buildStyles = (
				F87BDEEE0488FB4800F69266,
				F87BDEEF0488FB4800F69266,
			);
			hasScannedForEncodings = 1;
			isa = PBXProject;
			mainGroup = F87BDEEC0488FB4800F69266;
			productRefGroup = F87BDEF80488FB6400F69266;
			projectDirPath = "";
			targets = (
				F87BE159048901F800F69266,
				F87BDEF60488FB6400F69266,
				F87BE158048901B400F69266,
			);
		};
		F87BDEF10488FB6400F69266 = {
			buildActionMask = 2147483647;
			files = (
				F87BE1300488FBC600F69266,
			);
			isa = PBXHeadersBuildPhase;
			runOnlyForDeploymentPostprocessing = 0;
		};
		F87BDEF20488FB6400F69266 = {
			buildActionMask = 2147483647;
			files = (
				F87BE32F04894C5E00F69266,
				F87BE33304894FC800F69266,
				F82190BF0494263900E23722,
			);
			isa = PBXResourcesBuildPhase;
			runOnlyForDeploymentPostprocessing = 0;
		};
		F87BDEF30488FB6400F69266 = {
			buildActionMask = 2147483647;
			files = (
				F87BE1310488FBC800F69266,
			);
			isa = PBXSourcesBuildPhase;
			runOnlyForDeploymentPostprocessing = 0;
		};
		F87BDEF40488FB6400F69266 = {
			buildActionMask = 2147483647;
			files = (
				F87BE1360488FC7E00F69266,
				F87BE13A0488FCE000F69266,
				F87BE13B0488FCE000F69266,
				F87BE13C0488FCE000F69266,
				F87BE13E0488FD0D00F69266,
			);
			isa = PBXFrameworksBuildPhase;
			runOnlyForDeploymentPostprocessing = 0;
		};
		F87BDEF50488FB6400F69266 = {
			buildActionMask = 2147483647;
			files = (
			);
			isa = PBXRezBuildPhase;
			runOnlyForDeploymentPostprocessing = 0;
		};
		F87BDEF60488FB6400F69266 = {
			buildPhases = (
				F87BDEF10488FB6400F69266,
				F87BDEF20488FB6400F69266,
				F87BDEF30488FB6400F69266,
				F87BDEF40488FB6400F69266,
				F87BDEF50488FB6400F69266,
			);
			buildSettings = {
				FRAMEWORK_SEARCH_PATHS = "";
				HEADER_SEARCH_PATHS = "\"~/Library/Frameworks/SDL.framework/Headers\"";
				JAVA_COMPILER_DEBUGGING_SYMBOLS = NO;
				LIBRARY_SEARCH_PATHS = ..;
				OPTIMIZATION_CFLAGS = "-O0";
				OTHER_CFLAGS = "";
				OTHER_LDFLAGS = "-lz -lm";
				OTHER_REZFLAGS = "";
				PRODUCT_NAME = ARAnyM;
				SECTORDER_FLAGS = "";
				WARNING_CFLAGS = "-Wmost -Wno-four-char-constants -Wno-unknown-pragmas";
				WRAPPER_EXTENSION = app;
			};
			dependencies = (
			);
			isa = PBXApplicationTarget;
			name = ARAnyM.app;
			productInstallPath = "$(USER_APPS_DIR)";
			productName = ARAnyM;
			productReference = F87BDEF70488FB6400F69266;
			productSettingsXML = "<?xml version=\"1.0\" encoding=\"UTF-8\"?>
<!DOCTYPE plist PUBLIC \"-//Apple Computer//DTD PLIST 1.0//EN\" \"http://www.apple.com/DTDs/PropertyList-1.0.dtd\">
<plist version=\"1.0\">
<dict>
	<key>CFBundleDevelopmentRegion</key>
	<string>English</string>
	<key>CFBundleExecutable</key>
	<string>ARAnyM</string>
	<key>CFBundleGetInfoString</key>
	<string>0.8.0 beta 3</string>
	<key>CFBundleIconFile</key>
	<string>aranym2</string>
	<key>CFBundleIdentifier</key>
	<string>ARAnyM</string>
	<key>CFBundleInfoDictionaryVersion</key>
	<string>6.0</string>
	<key>CFBundleName</key>
	<string>ARAnyM</string>
	<key>CFBundlePackageType</key>
	<string>APPL</string>
	<key>CFBundleShortVersionString</key>
	<string>Version 0.8.0</string>
	<key>CFBundleSignature</key>
	<string>????</string>
	<key>CFBundleVersion</key>
	<string>0.8.0b3</string>
	<key>NSMainNibFile</key>
	<string>SDLMain.nib</string>
	<key>NSPrincipalClass</key>
	<string>NSApplication</string>
</dict>
</plist>
";
		};
		F87BDEF70488FB6400F69266 = {
			isa = PBXApplicationReference;
			path = ARAnyM.app;
			refType = 3;
		};
		F87BDEF80488FB6400F69266 = {
			children = (
				F87BDEF70488FB6400F69266,
			);
			isa = PBXGroup;
			name = Products;
			refType = 4;
		};
		F87BDEFF0488FBA200F69266 = {
			fileEncoding = 30;
			isa = PBXFileReference;
			name = BUGS;
			path = ../../../BUGS;
			refType = 2;
		};
		F87BDF000488FBA200F69266 = {
			fileEncoding = 30;
			isa = PBXFileReference;
			name = COPYING;
			path = ../../../COPYING;
			refType = 2;
		};
		F87BDF010488FBA200F69266 = {
			children = (
				F87BDF020488FBA200F69266,
				F87BDF060488FBA200F69266,
				F87BDF070488FBA200F69266,
				F87BDF080488FBA200F69266,
				F87BDF090488FBA200F69266,
			);
			isa = PBXGroup;
			name = tools;
			path = ../../../tools;
			refType = 2;
		};
		F87BDF020488FBA200F69266 = {
			children = (
				F87BDF030488FBA200F69266,
				F87BDF040488FBA200F69266,
				F87BDF050488FBA200F69266,
			);
			isa = PBXGroup;
			path = createdisk;
			refType = 4;
		};
		F87BDF030488FBA200F69266 = {
			fileEncoding = 30;
			isa = PBXFileReference;
			path = createdisk.README;
			refType = 4;
		};
		F87BDF040488FBA200F69266 = {
			fileEncoding = 30;
			isa = PBXExecutableFileReference;
			path = createdisk.sh;
			refType = 4;
		};
		F87BDF050488FBA200F69266 = {
			isa = PBXFileReference;
			path = mbrdata;
			refType = 4;
		};
		F87BDF060488FBA200F69266 = {
			fileEncoding = 30;
			isa = PBXFileReference;
			path = diskimage.c;
			refType = 4;
		};
		F87BDF070488FBA200F69266 = {
			fileEncoding = 30;
			isa = PBXExecutableFileReference;
			path = floppy.sh;
			refType = 4;
		};
		F87BDF080488FBA200F69266 = {
			fileEncoding = 30;
			isa = PBXFileReference;
			path = memory.h.patch;
			refType = 4;
		};
		F87BDF090488FBA200F69266 = {
			fileEncoding = 30;
			isa = PBXFileReference;
			path = romdiff.c;
			refType = 4;
		};
		F87BDF0A0488FBA200F69266 = {
			fileEncoding = 30;
			isa = PBXFileReference;
			name = aranym.spec;
			path = ../../../aranym.spec;
			refType = 2;
		};
		F87BDF260488FBA200F69266 = {
			fileEncoding = 30;
			isa = PBXFileReference;
			name = FAQ;
			path = ../../../FAQ;
			refType = 2;
		};
		F87BDF270488FBA200F69266 = {
			fileEncoding = 30;
			isa = PBXFileReference;
			name = INSTALL;
			path = ../../../INSTALL;
			refType = 2;
		};
		F87BDF280488FBA200F69266 = {
			children = (
				F87BDF290488FBA200F69266,
			);
			isa = PBXGroup;
			name = data;
			path = ../../../data;
			refType = 2;
		};
		F87BDF290488FBA200F69266 = {
			isa = PBXFileReference;
			path = font8.bmp;
			refType = 4;
		};
		F87BDF2B0488FBA200F69266 = {
			children = (
				F87BDF2C0488FBA200F69266,
				F87BDF2D0488FBA200F69266,
				F87BDF490488FBA200F69266,
				F87BDF4A0488FBA200F69266,
				F87BDF4B0488FBA200F69266,
				F87BDF7A0488FBA200F69266,
				F87BDFA50488FBA300F69266,
				F87BDFA60488FBA300F69266,
				F87BDFAE0488FBA300F69266,
				F87BDFC10488FBA300F69266,
				F87BDFC20488FBA300F69266,
				F87BDFC60488FBA300F69266,
			);
			isa = PBXGroup;
			name = atari;
			path = ../../../atari;
			refType = 2;
		};
		F87BDF2C0488FBA200F69266 = {
			isa = PBXFileReference;
			path = .DS_Store;
			refType = 4;
		};
		F87BDF2D0488FBA200F69266 = {
			children = (
				F87BDF2E0488FBA200F69266,
				F87BDF2F0488FBA200F69266,
				F87BDF300488FBA200F69266,
				F87BDF310488FBA200F69266,
				F87BDF320488FBA200F69266,
				F87BDF360488FBA200F69266,
			);
			isa = PBXGroup;
			path = aranymfs;
			refType = 4;
		};
		F87BDF2E0488FBA200F69266 = {
			isa = PBXFileReference;
			path = .DS_Store;
			refType = 4;
		};
		F87BDF2F0488FBA200F69266 = {
			isa = PBXFileReference;
			path = aranym.xfs.bz2;
			refType = 4;
		};
		F87BDF300488FBA200F69266 = {
			isa = PBXFileReference;
			path = aranymfs.dos.bz2;
			refType = 4;
		};
		F87BDF310488FBA200F69266 = {
			fileEncoding = 30;
			isa = PBXFileReference;
			path = config.sys;
			refType = 4;
		};
		F87BDF320488FBA200F69266 = {
			children = (
				F87BDF330488FBA200F69266,
				F87BDF340488FBA200F69266,
				F87BDF350488FBA200F69266,
			);
			isa = PBXGroup;
			path = metados;
			refType = 4;
		};
		F87BDF330488FBA200F69266 = {
			fileEncoding = 30;
			isa = PBXFileReference;
			path = dinter.S;
			refType = 4;
		};
		F87BDF340488FBA200F69266 = {
			fileEncoding = 30;
			isa = PBXFileReference;
			path = dosmain.c;
			refType = 4;
		};
		F87BDF350488FBA200F69266 = {
			fileEncoding = 30;
			isa = PBXFileReference;
			path = Makefile;
			refType = 4;
		};
		F87BDF360488FBA200F69266 = {
			children = (
				F87BDF370488FBA200F69266,
				F87BDF380488FBA200F69266,
				F87BDF390488FBA200F69266,
				F87BDF3A0488FBA200F69266,
				F87BDF3B0488FBA200F69266,
				F87BDF3C0488FBA200F69266,
				F87BDF3D0488FBA200F69266,
				F87BDF3E0488FBA200F69266,
				F87BDF3F0488FBA200F69266,
				F87BDF400488FBA200F69266,
				F87BDF410488FBA200F69266,
				F87BDF420488FBA200F69266,
				F87BDF430488FBA200F69266,
				F87BDF440488FBA200F69266,
				F87BDF450488FBA200F69266,
				F87BDF460488FBA200F69266,
				F87BDF470488FBA200F69266,
				F87BDF480488FBA200F69266,
			);
			isa = PBXGroup;
			path = mint;
			refType = 4;
		};
		F87BDF370488FBA200F69266 = {
			fileEncoding = 30;
			isa = PBXFileReference;
			path = aranym_dev.c;
			refType = 4;
		};
		F87BDF380488FBA200F69266 = {
			fileEncoding = 30;
			isa = PBXFileReference;
			path = aranym_dev.h;
			refType = 4;
		};
		F87BDF390488FBA200F69266 = {
			fileEncoding = 30;
			isa = PBXFileReference;
			path = aranym_xfs.c;
			refType = 4;
		};
		F87BDF3A0488FBA200F69266 = {
			fileEncoding = 30;
			isa = PBXFileReference;
			path = aranym_xfs.h;
			refType = 4;
		};
		F87BDF3B0488FBA200F69266 = {
			fileEncoding = 30;
			isa = PBXFileReference;
			path = aranymfsv.h;
			refType = 4;
		};
		F87BDF3C0488FBA200F69266 = {
			fileEncoding = 30;
			isa = PBXFileReference;
			path = BINFILES;
			refType = 4;
		};
		F87BDF3D0488FBA200F69266 = {
			fileEncoding = 30;
			isa = PBXFileReference;
			path = call_native.s;
			refType = 4;
		};
		F87BDF3E0488FBA200F69266 = {
			fileEncoding = 30;
			isa = PBXFileReference;
			path = com_dev.c;
			refType = 4;
		};
		F87BDF3F0488FBA200F69266 = {
			fileEncoding = 30;
			isa = PBXFileReference;
			path = com_dev.h;
			refType = 4;
		};
		F87BDF400488FBA200F69266 = {
			fileEncoding = 30;
			isa = PBXFileReference;
			path = EXTRAFILES;
			refType = 4;
		};
		F87BDF410488FBA200F69266 = {
			fileEncoding = 30;
			isa = PBXFileReference;
			path = global.h;
			refType = 4;
		};
		F87BDF420488FBA200F69266 = {
			fileEncoding = 30;
			isa = PBXFileReference;
			path = main.c;
			refType = 4;
		};
		F87BDF430488FBA200F69266 = {
			fileEncoding = 30;
			isa = PBXFileReference;
			path = Makefile;
			refType = 4;
		};
		F87BDF440488FBA200F69266 = {
			fileEncoding = 30;
			isa = PBXFileReference;
			path = MISCFILES;
			refType = 4;
		};
		F87BDF450488FBA200F69266 = {
			fileEncoding = 30;
			isa = PBXFileReference;
			path = README;
			refType = 4;
		};
		F87BDF460488FBA200F69266 = {
			fileEncoding = 30;
			isa = PBXFileReference;
			path = serial_dev.c;
			refType = 4;
		};
		F87BDF470488FBA200F69266 = {
			fileEncoding = 30;
			isa = PBXFileReference;
			path = serial_dev.h;
			refType = 4;
		};
		F87BDF480488FBA200F69266 = {
			fileEncoding = 30;
			isa = PBXFileReference;
			path = SRCFILES;
			refType = 4;
		};
		F87BDF490488FBA200F69266 = {
			fileEncoding = 30;
			isa = PBXFileReference;
			path = aranymrc.example;
			refType = 4;
		};
		F87BDF4A0488FBA200F69266 = {
			fileEncoding = 30;
			isa = PBXFileReference;
			path = CONFIGVARS;
			refType = 4;
		};
		F87BDF4B0488FBA200F69266 = {
			children = (
				F87BDF4C0488FBA200F69266,
				F87BDF640488FBA200F69266,
				F87BDF650488FBA200F69266,
				F87BDF660488FBA200F69266,
				F87BDF6E0488FBA200F69266,
			);
			isa = PBXGroup;
			path = fvdi;
			refType = 4;
		};
		F87BDF4C0488FBA200F69266 = {
			children = (
				F87BDF4D0488FBA200F69266,
				F87BDF550488FBA200F69266,
				F87BDF560488FBA200F69266,
				F87BDF5F0488FBA200F69266,
			);
			isa = PBXGroup;
			path = drivers;
			refType = 4;
		};
		F87BDF4D0488FBA200F69266 = {
			children = (
				F87BDF4E0488FBA200F69266,
				F87BDF4F0488FBA200F69266,
				F87BDF500488FBA200F69266,
				F87BDF510488FBA200F69266,
				F87BDF520488FBA200F69266,
				F87BDF530488FBA200F69266,
				F87BDF540488FBA200F69266,
			);
			isa = PBXGroup;
			path = aranym;
			refType = 4;
		};
		F87BDF4E0488FBA200F69266 = {
			fileEncoding = 30;
			isa = PBXFileReference;
			path = 32b_pal.c;
			refType = 4;
		};
		F87BDF4F0488FBA200F69266 = {
			fileEncoding = 30;
			isa = PBXFileReference;
			path = 8b_pal.c;
			refType = 4;
		};
		F87BDF500488FBA200F69266 = {
			fileEncoding = 30;
			isa = PBXFileReference;
			path = ara_lc.prj;
			refType = 4;
		};
		F87BDF510488FBA200F69266 = {
			fileEncoding = 30;
			isa = PBXFileReference;
			path = ara_pc.prj;
			refType = 4;
		};
		F87BDF520488FBA200F69266 = {
			fileEncoding = 30;
			isa = PBXFileReference;
			path = dispatch.c;
			refType = 4;
		};
		F87BDF530488FBA200F69266 = {
			fileEncoding = 30;
			isa = PBXFileReference;
			path = palette.c;
			refType = 4;
		};
		F87BDF540488FBA200F69266 = {
			fileEncoding = 30;
			isa = PBXFileReference;
			path = spec.c;
			refType = 4;
		};
		F87BDF550488FBA200F69266 = {
			isa = PBXFileReference;
			path = aranym.sys.bz2;
			refType = 4;
		};
		F87BDF560488FBA200F69266 = {
			children = (
				F87BDF570488FBA200F69266,
				F87BDF580488FBA200F69266,
				F87BDF590488FBA200F69266,
				F87BDF5A0488FBA200F69266,
				F87BDF5B0488FBA200F69266,
				F87BDF5C0488FBA200F69266,
				F87BDF5D0488FBA200F69266,
				F87BDF5E0488FBA200F69266,
			);
			isa = PBXGroup;
			path = common;
			refType = 4;
		};
		F87BDF570488FBA200F69266 = {
			fileEncoding = 30;
			isa = PBXFileReference;
			path = c_common.s;
			refType = 4;
		};
		F87BDF580488FBA200F69266 = {
			fileEncoding = 30;
			isa = PBXFileReference;
			path = clip.s;
			refType = 4;
		};
		F87BDF590488FBA200F69266 = {
			fileEncoding = 30;
			isa = PBXFileReference;
			path = colours.c;
			refType = 4;
		};
		F87BDF5A0488FBA200F69266 = {
			fileEncoding = 30;
			isa = PBXFileReference;
			path = common.s;
			refType = 4;
		};
		F87BDF5B0488FBA200F69266 = {
			fileEncoding = 30;
			isa = PBXFileReference;
			path = falc_pal.s;
			refType = 4;
		};
		F87BDF5C0488FBA200F69266 = {
			fileEncoding = 30;
			isa = PBXFileReference;
			path = init.c;
			refType = 4;
		};
		F87BDF5D0488FBA200F69266 = {
			fileEncoding = 30;
			isa = PBXFileReference;
			path = lineachk.s;
			refType = 4;
		};
		F87BDF5E0488FBA200F69266 = {
			fileEncoding = 30;
			isa = PBXFileReference;
			path = purec.s;
			refType = 4;
		};
		F87BDF5F0488FBA200F69266 = {
			children = (
				F87BDF600488FBA200F69266,
				F87BDF610488FBA200F69266,
				F87BDF620488FBA200F69266,
				F87BDF630488FBA200F69266,
			);
			isa = PBXGroup;
			path = include;
			refType = 4;
		};
		F87BDF600488FBA200F69266 = {
			fileEncoding = 30;
			isa = PBXFileReference;
			path = driver.h;
			refType = 4;
		};
		F87BDF610488FBA200F69266 = {
			fileEncoding = 30;
			isa = PBXFileReference;
			path = linea.inc;
			refType = 4;
		};
		F87BDF620488FBA200F69266 = {
			fileEncoding = 30;
			isa = PBXFileReference;
			path = pixelmac.dev;
			refType = 4;
		};
		F87BDF630488FBA200F69266 = {
			fileEncoding = 30;
			isa = PBXFileReference;
			path = pixelmac.tas;
			refType = 4;
		};
		F87BDF640488FBA200F69266 = {
			isa = PBXFileReference;
			path = fvdi.prg.bz2;
			refType = 4;
		};
		F87BDF650488FBA200F69266 = {
			fileEncoding = 30;
			isa = PBXFileReference;
			path = fvdi.sys;
			refType = 4;
		};
		F87BDF660488FBA200F69266 = {
			children = (
				F87BDF670488FBA200F69266,
				F87BDF680488FBA200F69266,
				F87BDF690488FBA200F69266,
				F87BDF6A0488FBA200F69266,
				F87BDF6B0488FBA200F69266,
				F87BDF6C0488FBA200F69266,
				F87BDF6D0488FBA200F69266,
			);
			isa = PBXGroup;
			path = include;
			refType = 4;
		};
		F87BDF670488FBA200F69266 = {
			fileEncoding = 30;
			isa = PBXFileReference;
			path = compiler.inc;
			refType = 4;
		};
		F87BDF680488FBA200F69266 = {
			fileEncoding = 30;
			isa = PBXFileReference;
			path = fvdi.h;
			refType = 4;
		};
		F87BDF690488FBA200F69266 = {
			fileEncoding = 30;
			isa = PBXFileReference;
			path = macros.dev;
			refType = 4;
		};
		F87BDF6A0488FBA200F69266 = {
			fileEncoding = 30;
			isa = PBXFileReference;
			path = macros.tas;
			refType = 4;
		};
		F87BDF6B0488FBA200F69266 = {
			fileEncoding = 30;
			isa = PBXFileReference;
			path = relocate.h;
			refType = 4;
		};
		F87BDF6C0488FBA200F69266 = {
			fileEncoding = 30;
			isa = PBXFileReference;
			path = types.inc;
			refType = 4;
		};
		F87BDF6D0488FBA200F69266 = {
			fileEncoding = 30;
			isa = PBXFileReference;
			path = vdi.inc;
			refType = 4;
		};
		F87BDF6E0488FBA200F69266 = {
			children = (
				F87BDF6F0488FBA200F69266,
				F87BDF790488FBA200F69266,
			);
			isa = PBXGroup;
			path = utility;
			refType = 4;
		};
		F87BDF6F0488FBA200F69266 = {
			children = (
				F87BDF700488FBA200F69266,
				F87BDF710488FBA200F69266,
				F87BDF720488FBA200F69266,
				F87BDF730488FBA200F69266,
				F87BDF740488FBA200F69266,
				F87BDF750488FBA200F69266,
				F87BDF760488FBA200F69266,
				F87BDF770488FBA200F69266,
				F87BDF780488FBA200F69266,
			);
			isa = PBXGroup;
			path = fvdicout;
			refType = 4;
		};
		F87BDF700488FBA200F69266 = {
			fileEncoding = 30;
			isa = PBXFileReference;
			path = .cvsignore;
			refType = 4;
		};
		F87BDF710488FBA200F69266 = {
			fileEncoding = 30;
			isa = PBXFileReference;
			path = bconstub.S;
			refType = 4;
		};
		F87BDF720488FBA200F69266 = {
			fileEncoding = 30;
			isa = PBXFileReference;
			path = BINFILES;
			refType = 4;
		};
		F87BDF730488FBA200F69266 = {
			fileEncoding = 30;
			isa = PBXFileReference;
			path = EXTRAFILES;
			refType = 4;
		};
		F87BDF740488FBA200F69266 = {
			fileEncoding = 30;
			isa = PBXFileReference;
			path = main.c;
			refType = 4;
		};
		F87BDF750488FBA200F69266 = {
			fileEncoding = 30;
			isa = PBXFileReference;
			path = Makefile;
			refType = 4;
		};
		F87BDF760488FBA200F69266 = {
			fileEncoding = 30;
			isa = PBXFileReference;
			path = MISCFILES;
			refType = 4;
		};
		F87BDF770488FBA200F69266 = {
			fileEncoding = 30;
			isa = PBXFileReference;
			path = SRCFILES;
			refType = 4;
		};
		F87BDF780488FBA200F69266 = {
			fileEncoding = 30;
			isa = PBXFileReference;
			path = window.c;
			refType = 4;
		};
		F87BDF790488FBA200F69266 = {
			isa = PBXFileReference;
			path = fvdicout.app.bz2;
			refType = 4;
		};
		F87BDF7A0488FBA200F69266 = {
			children = (
				F87BDF7B0488FBA200F69266,
				F87BDF7C0488FBA200F69266,
				F87BDF7D0488FBA200F69266,
				F87BDF800488FBA200F69266,
				F87BDF810488FBA200F69266,
				F87BDF820488FBA200F69266,
				F87BDF830488FBA200F69266,
				F87BDF840488FBA200F69266,
				F87BDF850488FBA200F69266,
				F87BDF860488FBA200F69266,
				F87BDF870488FBA200F69266,
				F87BDF880488FBA200F69266,
				F87BDF890488FBA200F69266,
				F87BDF8A0488FBA200F69266,
				F87BDF8B0488FBA200F69266,
				F87BDFA20488FBA300F69266,
				F87BDFA30488FBA300F69266,
				F87BDFA40488FBA300F69266,
			);
			isa = PBXGroup;
			path = hostfs;
			refType = 4;
		};
		F87BDF7B0488FBA200F69266 = {
			isa = PBXFileReference;
			path = .DS_Store;
			refType = 4;
		};
		F87BDF7C0488FBA200F69266 = {
			fileEncoding = 30;
			isa = PBXFileReference;
			path = bdconfig.sys;
			refType = 4;
		};
		F87BDF7D0488FBA200F69266 = {
			children = (
				F87BDF7E0488FBA200F69266,
				F87BDF7F0488FBA200F69266,
			);
			isa = PBXGroup;
			path = bin;
			refType = 4;
		};
		F87BDF7E0488FBA200F69266 = {
			isa = PBXFileReference;
			path = hostfs.dos.bz2;
			refType = 4;
		};
		F87BDF7F0488FBA200F69266 = {
			isa = PBXFileReference;
			path = hostfs.xfs.bz2;
			refType = 4;
		};
		F87BDF800488FBA200F69266 = {
			fileEncoding = 30;
			isa = PBXFileReference;
			path = BINFILES;
			refType = 4;
		};
		F87BDF810488FBA200F69266 = {
			fileEncoding = 30;
			isa = PBXFileReference;
			path = EXTRAFILES;
			refType = 4;
		};
		F87BDF820488FBA200F69266 = {
			fileEncoding = 30;
			isa = PBXFileReference;
			path = global.h;
			refType = 4;
		};
		F87BDF830488FBA200F69266 = {
			fileEncoding = 30;
			isa = PBXFileReference;
			path = hostfs_dev.c;
			refType = 4;
		};
		F87BDF840488FBA200F69266 = {
			fileEncoding = 30;
			isa = PBXFileReference;
			path = hostfs_dev.h;
			refType = 4;
		};
		F87BDF850488FBA200F69266 = {
			fileEncoding = 30;
			isa = PBXFileReference;
			path = hostfs_nfapi.h;
			refType = 4;
		};
		F87BDF860488FBA200F69266 = {
			fileEncoding = 30;
			isa = PBXFileReference;
			path = hostfs_xfs.c;
			refType = 4;
		};
		F87BDF870488FBA200F69266 = {
			fileEncoding = 30;
			isa = PBXFileReference;
			path = hostfs_xfs.h;
			refType = 4;
		};
		F87BDF880488FBA200F69266 = {
			fileEncoding = 30;
			isa = PBXFileReference;
			path = main.c;
			refType = 4;
		};
		F87BDF890488FBA200F69266 = {
			fileEncoding = 30;
			isa = PBXFileReference;
			path = make.sh;
			refType = 4;
		};
		F87BDF8A0488FBA200F69266 = {
			fileEncoding = 30;
			isa = PBXFileReference;
			path = Makefile;
			refType = 4;
		};
		F87BDF8B0488FBA200F69266 = {
			children = (
				F87BDF8C0488FBA200F69266,
				F87BDF8D0488FBA200F69266,
				F87BDF8E0488FBA200F69266,
				F87BDF8F0488FBA200F69266,
				F87BDF900488FBA200F69266,
				F87BDF910488FBA200F69266,
				F87BDF920488FBA200F69266,
				F87BDF930488FBA200F69266,
				F87BDF940488FBA300F69266,
				F87BDF950488FBA300F69266,
				F87BDF960488FBA300F69266,
				F87BDF970488FBA300F69266,
				F87BDF980488FBA300F69266,
				F87BDF990488FBA300F69266,
				F87BDF9A0488FBA300F69266,
				F87BDF9B0488FBA300F69266,
				F87BDF9C0488FBA300F69266,
				F87BDF9D0488FBA300F69266,
				F87BDF9E0488FBA300F69266,
				F87BDF9F0488FBA300F69266,
				F87BDFA00488FBA300F69266,
				F87BDFA10488FBA300F69266,
			);
			isa = PBXGroup;
			path = metados;
			refType = 4;
		};
		F87BDF8C0488FBA200F69266 = {
			fileEncoding = 30;
			isa = PBXFileReference;
			path = BINFILES;
			refType = 4;
		};
		F87BDF8D0488FBA200F69266 = {
			fileEncoding = 30;
			isa = PBXFileReference;
			path = debug.c;
			refType = 4;
		};
		F87BDF8E0488FBA200F69266 = {
			fileEncoding = 30;
			isa = PBXFileReference;
			path = debug.h;
			refType = 4;
		};
		F87BDF8F0488FBA200F69266 = {
			fileEncoding = 30;
			isa = PBXFileReference;
			path = dosdir.c;
			refType = 4;
		};
		F87BDF900488FBA200F69266 = {
			fileEncoding = 30;
			isa = PBXFileReference;
			path = dosdir.h;
			refType = 4;
		};
		F87BDF910488FBA200F69266 = {
			fileEncoding = 30;
			isa = PBXFileReference;
			path = dosfile.c;
			refType = 4;
		};
		F87BDF920488FBA200F69266 = {
			fileEncoding = 30;
			isa = PBXFileReference;
			path = dosfile.h;
			refType = 4;
		};
		F87BDF930488FBA200F69266 = {
			fileEncoding = 30;
			isa = PBXFileReference;
			path = EXTRAFILES;
			refType = 4;
		};
		F87BDF940488FBA300F69266 = {
			fileEncoding = 30;
			isa = PBXFileReference;
			path = filesys.c;
			refType = 4;
		};
		F87BDF950488FBA300F69266 = {
			fileEncoding = 30;
			isa = PBXFileReference;
			path = filesys.h;
			refType = 4;
		};
		F87BDF960488FBA300F69266 = {
			fileEncoding = 30;
			isa = PBXFileReference;
			path = k_fds.c;
			refType = 4;
		};
		F87BDF970488FBA300F69266 = {
			fileEncoding = 30;
			isa = PBXFileReference;
			path = k_fds.h;
			refType = 4;
		};
		F87BDF980488FBA300F69266 = {
			fileEncoding = 30;
			isa = PBXFileReference;
			path = kerinfo.h;
			refType = 4;
		};
		F87BDF990488FBA300F69266 = {
			fileEncoding = 30;
			isa = PBXFileReference;
			path = main.c;
			refType = 4;
		};
		F87BDF9A0488FBA300F69266 = {
			fileEncoding = 30;
			isa = PBXFileReference;
			path = Makefile;
			refType = 4;
		};
		F87BDF9B0488FBA300F69266 = {
			fileEncoding = 30;
			isa = PBXFileReference;
			path = Makefile.xfso;
			refType = 4;
		};
		F87BDF9C0488FBA300F69266 = {
			fileEncoding = 30;
			isa = PBXFileReference;
			path = mdglue.S;
			refType = 4;
		};
		F87BDF9D0488FBA300F69266 = {
			fileEncoding = 30;
			isa = PBXFileReference;
			path = mintfake.h;
			refType = 4;
		};
		F87BDF9E0488FBA300F69266 = {
			fileEncoding = 30;
			isa = PBXFileReference;
			path = mintproc.c;
			refType = 4;
		};
		F87BDF9F0488FBA300F69266 = {
			fileEncoding = 30;
			isa = PBXFileReference;
			path = mintproc.h;
			refType = 4;
		};
		F87BDFA00488FBA300F69266 = {
			fileEncoding = 30;
			isa = PBXFileReference;
			path = MISCFILES;
			refType = 4;
		};
		F87BDFA10488FBA300F69266 = {
			fileEncoding = 30;
			isa = PBXFileReference;
			path = SRCFILES;
			refType = 4;
		};
		F87BDFA20488FBA300F69266 = {
			fileEncoding = 30;
			isa = PBXFileReference;
			path = MISCFILES;
			refType = 4;
		};
		F87BDFA30488FBA300F69266 = {
			fileEncoding = 30;
			isa = PBXFileReference;
			path = README;
			refType = 4;
		};
		F87BDFA40488FBA300F69266 = {
			fileEncoding = 30;
			isa = PBXFileReference;
			path = SRCFILES;
			refType = 4;
		};
		F87BDFA50488FBA300F69266 = {
			isa = PBXFileReference;
			path = mmusetup.cnf;
			refType = 4;
		};
		F87BDFA60488FBA300F69266 = {
			children = (
				F87BDFA70488FBA300F69266,
				F87BDFA80488FBA300F69266,
				F87BDFA90488FBA300F69266,
				F87BDFAA0488FBA300F69266,
				F87BDFAB0488FBA300F69266,
				F87BDFAC0488FBA300F69266,
				F87BDFAD0488FBA300F69266,
			);
			isa = PBXGroup;
			path = natfeat;
			refType = 4;
		};
		F87BDFA70488FBA300F69266 = {
			fileEncoding = 30;
			isa = PBXFileReference;
			path = BINFILES;
			refType = 4;
		};
		F87BDFA80488FBA300F69266 = {
			fileEncoding = 30;
			isa = PBXFileReference;
			path = EXTRAFILES;
			refType = 4;
		};
		F87BDFA90488FBA300F69266 = {
			fileEncoding = 30;
			isa = PBXFileReference;
			path = Makefile;
			refType = 4;
		};
		F87BDFAA0488FBA300F69266 = {
			fileEncoding = 30;
			isa = PBXFileReference;
			path = MISCFILES;
			refType = 4;
		};
		F87BDFAB0488FBA300F69266 = {
			fileEncoding = 30;
			isa = PBXFileReference;
			path = natfeat.c;
			refType = 4;
		};
		F87BDFAC0488FBA300F69266 = {
			fileEncoding = 30;
			isa = PBXFileReference;
			path = natfeat.h;
			refType = 4;
		};
		F87BDFAD0488FBA300F69266 = {
			fileEncoding = 30;
			isa = PBXFileReference;
			path = SRCFILES;
			refType = 4;
		};
		F87BDFAE0488FBA300F69266 = {
			children = (
				F87BDFAF0488FBA300F69266,
				F87BDFB00488FBA300F69266,
			);
			isa = PBXGroup;
			path = network;
			refType = 4;
		};
		F87BDFAF0488FBA300F69266 = {
			isa = PBXFileReference;
			path = .DS_Store;
			refType = 4;
		};
		F87BDFB00488FBA300F69266 = {
			children = (
				F87BDFB10488FBA300F69266,
				F87BDFB20488FBA300F69266,
				F87BDFB40488FBA300F69266,
				F87BDFB50488FBA300F69266,
				F87BDFB60488FBA300F69266,
				F87BDFB70488FBA300F69266,
				F87BDFB80488FBA300F69266,
				F87BDFB90488FBA300F69266,
				F87BDFBA0488FBA300F69266,
				F87BDFBB0488FBA300F69266,
				F87BDFBF0488FBA300F69266,
				F87BDFC00488FBA300F69266,
			);
			isa = PBXGroup;
			path = ethernet;
			refType = 4;
		};
		F87BDFB10488FBA300F69266 = {
			fileEncoding = 30;
			isa = PBXFileReference;
			path = aratie.s;
			refType = 4;
		};
		F87BDFB20488FBA300F69266 = {
			children = (
				F87BDFB30488FBA300F69266,
			);
			isa = PBXGroup;
			path = bin;
			refType = 4;
		};
		F87BDFB30488FBA300F69266 = {
			isa = PBXFileReference;
			path = aranym.xif.bz2;
			refType = 4;
		};
		F87BDFB40488FBA300F69266 = {
			fileEncoding = 30;
			isa = PBXFileReference;
			path = BINFILES;
			refType = 4;
		};
		F87BDFB50488FBA300F69266 = {
			fileEncoding = 30;
			isa = PBXFileReference;
			path = ethernet.c;
			refType = 4;
		};
		F87BDFB60488FBA300F69266 = {
			fileEncoding = 30;
			isa = PBXFileReference;
			path = ethernet_nfapi.h;
			refType = 4;
		};
		F87BDFB70488FBA300F69266 = {
			fileEncoding = 30;
			isa = PBXFileReference;
			path = EXTRAFILES;
			refType = 4;
		};
		F87BDFB80488FBA300F69266 = {
			fileEncoding = 30;
			isa = PBXFileReference;
			path = make.sh;
			refType = 4;
		};
		F87BDFB90488FBA300F69266 = {
			fileEncoding = 30;
			isa = PBXFileReference;
			path = Makefile;
			refType = 4;
		};
		F87BDFBA0488FBA300F69266 = {
			fileEncoding = 30;
			isa = PBXFileReference;
			path = MISCFILES;
			refType = 4;
		};
		F87BDFBB0488FBA300F69266 = {
			children = (
				F87BDFBC0488FBA300F69266,
				F87BDFBD0488FBA300F69266,
				F87BDFBE0488FBA300F69266,
			);
			isa = PBXGroup;
			path = "nfeth-config";
			refType = 4;
		};
		F87BDFBC0488FBA300F69266 = {
			fileEncoding = 30;
			isa = PBXFileReference;
			path = "eth0-config.sh";
			refType = 4;
		};
		F87BDFBD0488FBA300F69266 = {
			isa = PBXFileReference;
			path = "nfeth-config.bz2";
			refType = 4;
		};
		F87BDFBE0488FBA300F69266 = {
			fileEncoding = 30;
			isa = PBXFileReference;
			path = "nfeth-config.c";
			refType = 4;
		};
		F87BDFBF0488FBA300F69266 = {
			fileEncoding = 30;
			isa = PBXFileReference;
			path = README;
			refType = 4;
		};
		F87BDFC00488FBA300F69266 = {
			fileEncoding = 30;
			isa = PBXFileReference;
			path = SRCFILES;
			refType = 4;
		};
		F87BDFC10488FBA300F69266 = {
			isa = PBXFileReference;
			path = newdesk.inf;
			refType = 4;
		};
		F87BDFC20488FBA300F69266 = {
			children = (
				F87BDFC30488FBA300F69266,
				F87BDFC40488FBA300F69266,
				F87BDFC50488FBA300F69266,
			);
			isa = PBXGroup;
			path = sound;
			refType = 4;
		};
		F87BDFC30488FBA300F69266 = {
			fileEncoding = 30;
			isa = PBXFileReference;
			path = README;
			refType = 4;
		};
		F87BDFC40488FBA300F69266 = {
			fileEncoding = 30;
			isa = PBXFileReference;
			path = zmagxsnd.l;
			refType = 4;
		};
		F87BDFC50488FBA300F69266 = {
			isa = PBXFileReference;
			path = zmagxsnd.prg.bz2;
			refType = 4;
		};
		F87BDFC60488FBA300F69266 = {
			children = (
				F87BDFC70488FBA300F69266,
				F87BDFC80488FBA300F69266,
				F87BDFC90488FBA300F69266,
				F87BDFCA0488FBA300F69266,
				F87BDFCB0488FBA300F69266,
				F87BDFCC0488FBA300F69266,
				F87BDFCD0488FBA300F69266,
			);
			isa = PBXGroup;
			path = tools;
			refType = 4;
		};
		F87BDFC70488FBA300F69266 = {
			isa = PBXFileReference;
			path = clocky.prg.bz2;
			refType = 4;
		};
		F87BDFC80488FBA300F69266 = {
			isa = PBXFileReference;
			path = fastram.prg.bz2;
			refType = 4;
		};
		F87BDFC90488FBA300F69266 = {
			fileEncoding = 30;
			isa = PBXFileReference;
			path = fastram.s;
			refType = 4;
		};
		F87BDFCA0488FBA300F69266 = {
			isa = PBXFileReference;
			path = pc101us.kbd.bz2;
			refType = 4;
		};
		F87BDFCB0488FBA300F69266 = {
			fileEncoding = 30;
			isa = PBXFileReference;
			path = pcpatch.c;
			refType = 4;
		};
		F87BDFCC0488FBA300F69266 = {
			isa = PBXFileReference;
			path = pcpatch.prg.bz2;
			refType = 4;
		};
		F87BDFCD0488FBA300F69266 = {
			fileEncoding = 30;
			isa = PBXFileReference;
			path = README;
			refType = 4;
		};
		F87BDFCE0488FBA300F69266 = {
			children = (
				F87BDFCF0488FBA300F69266,
				F87BDFD00488FBA300F69266,
				F87BDFD10488FBA300F69266,
				F87BDFD20488FBA300F69266,
			);
			isa = PBXGroup;
			name = CVS;
			path = ../../../CVS;
			refType = 2;
		};
		F87BDFCF0488FBA300F69266 = {
			isa = PBXFileReference;
			path = .DS_Store;
			refType = 4;
		};
		F87BDFD00488FBA300F69266 = {
			fileEncoding = 30;
			isa = PBXFileReference;
			path = Entries;
			refType = 4;
		};
		F87BDFD10488FBA300F69266 = {
			fileEncoding = 30;
			isa = PBXFileReference;
			path = Repository;
			refType = 4;
		};
		F87BDFD20488FBA300F69266 = {
			fileEncoding = 30;
			isa = PBXFileReference;
			path = Root;
			refType = 4;
		};
		F87BDFD40488FBA300F69266 = {
			children = (
				F87BDFD50488FBA300F69266,
				F87BDFD60488FBA300F69266,
				F87BDFD70488FBA300F69266,
			);
			isa = PBXGroup;
			name = doc;
			path = ../../../doc;
			refType = 2;
		};
		F87BDFD50488FBA300F69266 = {
			fileEncoding = 30;
			isa = PBXFileReference;
			path = aranym.1;
			refType = 4;
		};
		F87BDFD60488FBA300F69266 = {
			fileEncoding = 30;
			isa = PBXFileReference;
			path = documentation.txt;
			refType = 4;
		};
		F87BDFD70488FBA300F69266 = {
			fileEncoding = 30;
			isa = PBXFileReference;
			path = hguide.txt;
			refType = 4;
		};
		F87BDFD80488FBA300F69266 = {
			fileEncoding = 30;
			isa = PBXFileReference;
			name = AUTHORS;
			path = ../../../AUTHORS;
			refType = 2;
		};
		F87BDFD90488FBA300F69266 = {
			fileEncoding = 30;
			isa = PBXFileReference;
			name = ChangeLog;
			path = ../../../ChangeLog;
			refType = 2;
		};
		F87BDFDB0488FBA300F69266 = {
			children = (
				F87BDFDD0488FBA300F69266,
				F87BDFDE0488FBA300F69266,
				F87BDFDF0488FBA300F69266,
				F87BDFE00488FBA300F69266,
				F87BDFE10488FBA300F69266,
				F87BDFE20488FBA300F69266,
				F87BDFE30488FBA300F69266,
				F87BDFE40488FBA300F69266,
				F87BDFE50488FBA300F69266,
				F87BDFE60488FBA300F69266,
				F87BDFE70488FBA300F69266,
				F87BDFE80488FBA300F69266,
				F87BDFE90488FBA300F69266,
				F87BDFEA0488FBA300F69266,
				F87BDFEB0488FBA300F69266,
				F87BDFEC0488FBA300F69266,
				F87BDFED0488FBA300F69266,
				F87BDFEE0488FBA300F69266,
				F87BDFEF0488FBA300F69266,
				F87BDFF00488FBA300F69266,
				F87BDFF10488FBA300F69266,
				F87BDFF20488FBA300F69266,
				F87BDFF30488FBA300F69266,
				F87BDFF40488FBA300F69266,
				F87BDFF50488FBA300F69266,
				F8752DAF048A3A140026D05A,
				F87BE0260488FBA300F69266,
				F87BE0270488FBA300F69266,
				F87BE0280488FBA300F69266,
				F87BE0290488FBA300F69266,
				F87BE02A0488FBA300F69266,
				F87BE02B0488FBA300F69266,
				F87BE02C0488FBA300F69266,
				F87BE0460488FBA300F69266,
				F87BE0470488FBA300F69266,
				F87BE0480488FBA300F69266,
				F87BE0490488FBA300F69266,
				F87BE04A0488FBA300F69266,
				F87BE04B0488FBA300F69266,
				F87BE04C0488FBA300F69266,
				F87BE04D0488FBA300F69266,
				F87BE04E0488FBA300F69266,
				F87BE04F0488FBA300F69266,
				F87BE0500488FBA300F69266,
				F87BE0810488FBA300F69266,
				F87BE12A0488FBA400F69266,
				F87BE12B0488FBA400F69266,
			);
			isa = PBXGroup;
			name = src;
			path = ../..;
			refType = 2;
		};
		F87BDFDD0488FBA300F69266 = {
			fileEncoding = 30;
			isa = PBXFileReference;
			path = acia.cpp;
			refType = 4;
		};
		F87BDFDE0488FBA300F69266 = {
			fileEncoding = 30;
			isa = PBXFileReference;
			path = acsifdc.cpp;
			refType = 4;
		};
		F87BDFDF0488FBA300F69266 = {
			fileEncoding = 30;
			isa = PBXFileReference;
			path = aradata.cpp;
			refType = 4;
		};
		F87BDFE00488FBA300F69266 = {
			fileEncoding = 30;
			isa = PBXFileReference;
			path = araobjs.cpp;
			refType = 4;
		};
		F87BDFE10488FBA300F69266 = {
			fileEncoding = 30;
			isa = PBXFileReference;
			path = ata.cpp;
			refType = 4;
		};
		F87BDFE20488FBA300F69266 = {
			fileEncoding = 30;
			isa = PBXFileReference;
			path = blitter.cpp;
			refType = 4;
		};
		F87BDFE30488FBA300F69266 = {
			fileEncoding = 30;
			isa = PBXFileReference;
			path = cdrom.cpp;
			refType = 4;
		};
		F87BDFE40488FBA300F69266 = {
			fileEncoding = 30;
			isa = PBXFileReference;
			path = cfgopts.cpp;
			refType = 4;
		};
		F87BDFE50488FBA300F69266 = {
			fileEncoding = 30;
			isa = PBXFileReference;
			path = dialog.cpp;
			refType = 4;
		};
		F87BDFE60488FBA300F69266 = {
			fileEncoding = 30;
			isa = PBXFileReference;
			path = dsp.cpp;
			refType = 4;
		};
		F87BDFE70488FBA300F69266 = {
			fileEncoding = 30;
			isa = PBXFileReference;
			path = dsp_cpu.cpp;
			refType = 4;
		};
		F87BDFE80488FBA300F69266 = {
			fileEncoding = 30;
			isa = PBXFileReference;
			path = dsp_disasm.cpp;
			refType = 4;
		};
		F87BDFE90488FBA300F69266 = {
			fileEncoding = 30;
			isa = PBXFileReference;
			path = emul_op.cpp;
			refType = 4;
		};
		F87BDFEA0488FBA300F69266 = {
			fileEncoding = 30;
			isa = PBXFileReference;
			path = extfs.cpp;
			refType = 4;
		};
		F87BDFEB0488FBA300F69266 = {
			fileEncoding = 30;
			isa = PBXFileReference;
			path = fakeio.cpp;
			refType = 4;
		};
		F87BDFEC0488FBA300F69266 = {
			fileEncoding = 30;
			isa = PBXFileReference;
			path = fdc.cpp;
			refType = 4;
		};
		F87BDFED0488FBA300F69266 = {
			fileEncoding = 30;
			isa = PBXFileReference;
			path = file.cpp;
			refType = 4;
		};
		F87BDFEE0488FBA300F69266 = {
			fileEncoding = 30;
			isa = PBXFileReference;
			path = fvdidrv.cpp;
			refType = 4;
		};
		F87BDFEF0488FBA300F69266 = {
			fileEncoding = 30;
			isa = PBXFileReference;
			path = hardware.cpp;
			refType = 4;
		};
		F87BDFF00488FBA300F69266 = {
			fileEncoding = 30;
			isa = PBXFileReference;
			path = host.cpp;
			refType = 4;
		};
		F87BDFF10488FBA300F69266 = {
			fileEncoding = 30;
			isa = PBXFileReference;
			path = hostscreen.cpp;
			refType = 4;
		};
		F87BDFF20488FBA300F69266 = {
			fileEncoding = 30;
			isa = PBXFileReference;
			path = ide.cpp;
			refType = 4;
		};
		F87BDFF30488FBA300F69266 = {
			fileEncoding = 30;
			isa = PBXFileReference;
			path = identify.cpp;
			refType = 4;
		};
		F87BDFF40488FBA300F69266 = {
			fileEncoding = 30;
			isa = PBXFileReference;
			path = ikbd.cpp;
			refType = 4;
		};
		F87BDFF50488FBA300F69266 = {
			children = (
				F87BDFF60488FBA300F69266,
				F87BDFF70488FBA300F69266,
				F87BDFF80488FBA300F69266,
				F87BDFF90488FBA300F69266,
				F87BDFFA0488FBA300F69266,
				F87BDFFB0488FBA300F69266,
				F87BDFFC0488FBA300F69266,
				F87BDFFD0488FBA300F69266,
				F87BDFFE0488FBA300F69266,
				F87BDFFF0488FBA300F69266,
				F87BE0000488FBA300F69266,
				F87BE0010488FBA300F69266,
				F87BE0020488FBA300F69266,
				F87BE0030488FBA300F69266,
				F87BE0040488FBA300F69266,
				F87BE0050488FBA300F69266,
				F87BE0060488FBA300F69266,
				F87BE0070488FBA300F69266,
				F87BE0080488FBA300F69266,
				F87BE0090488FBA300F69266,
				F87BE00A0488FBA300F69266,
				F87BE00B0488FBA300F69266,
				F87BE00C0488FBA300F69266,
				F87BE00D0488FBA300F69266,
				F87BE00E0488FBA300F69266,
				F87BE00F0488FBA300F69266,
				F87BE0100488FBA300F69266,
				F87BE0110488FBA300F69266,
				F87BE0120488FBA300F69266,
				F87BE0140488FBA300F69266,
				F87BE0150488FBA300F69266,
				F87BE0160488FBA300F69266,
				F87BE0170488FBA300F69266,
				F87BE0180488FBA300F69266,
				F87BE0190488FBA300F69266,
				F87BE01A0488FBA300F69266,
				F87BE01B0488FBA300F69266,
				F87BE01C0488FBA300F69266,
				F87BE01D0488FBA300F69266,
				F87BE01E0488FBA300F69266,
				F87BE01F0488FBA300F69266,
				F87BE0200488FBA300F69266,
				F87BE0210488FBA300F69266,
				F87BE0220488FBA300F69266,
				F87BE0230488FBA300F69266,
				F87BE0240488FBA300F69266,
			);
			isa = PBXGroup;
			path = include;
			refType = 4;
		};
		F87BDFF60488FBA300F69266 = {
			fileEncoding = 30;
			isa = PBXFileReference;
			path = acia.h;
			refType = 4;
		};
		F87BDFF70488FBA300F69266 = {
			fileEncoding = 30;
			isa = PBXFileReference;
			path = acsifdc.h;
			refType = 4;
		};
		F87BDFF80488FBA300F69266 = {
			fileEncoding = 30;
			isa = PBXFileReference;
			path = aradata.h;
			refType = 4;
		};
		F87BDFF90488FBA300F69266 = {
			fileEncoding = 30;
			isa = PBXFileReference;
			path = araobjs.h;
			refType = 4;
		};
		F87BDFFA0488FBA300F69266 = {
			fileEncoding = 30;
			isa = PBXFileReference;
			path = "aspi-win32.h";
			refType = 4;
		};
		F87BDFFB0488FBA300F69266 = {
			fileEncoding = 30;
			isa = PBXFileReference;
			path = ata.h;
			refType = 4;
		};
		F87BDFFC0488FBA300F69266 = {
			fileEncoding = 30;
			isa = PBXFileReference;
			path = blitter.h;
			refType = 4;
		};
		F87BDFFD0488FBA300F69266 = {
			fileEncoding = 30;
			isa = PBXFileReference;
			path = cdrom.h;
			refType = 4;
		};
		F87BDFFE0488FBA300F69266 = {
			fileEncoding = 30;
			isa = PBXFileReference;
			path = cfgopts.h;
			refType = 4;
		};
		F87BDFFF0488FBA300F69266 = {
			fileEncoding = 30;
			isa = PBXFileReference;
			path = debug.h;
			refType = 4;
		};
		F87BE0000488FBA300F69266 = {
			fileEncoding = 30;
			isa = PBXFileReference;
			path = dialog.h;
			refType = 4;
		};
		F87BE0010488FBA300F69266 = {
			fileEncoding = 30;
			isa = PBXFileReference;
			path = dsp.h;
			refType = 4;
		};
		F87BE0020488FBA300F69266 = {
			fileEncoding = 30;
			isa = PBXFileReference;
			path = dsp_cpu.h;
			refType = 4;
		};
		F87BE0030488FBA300F69266 = {
			fileEncoding = 30;
			isa = PBXFileReference;
			path = dsp_disasm.h;
			refType = 4;
		};
		F87BE0040488FBA300F69266 = {
			fileEncoding = 30;
			isa = PBXFileReference;
			path = emu_bochs.h;
			refType = 4;
		};
		F87BE0050488FBA300F69266 = {
			fileEncoding = 30;
			isa = PBXFileReference;
			path = emul_op.h;
			refType = 4;
		};
		F87BE0060488FBA300F69266 = {
			fileEncoding = 30;
			isa = PBXFileReference;
			path = extfs.h;
			refType = 4;
		};
		F87BE0070488FBA300F69266 = {
			fileEncoding = 30;
			isa = PBXFileReference;
			path = file.h;
			refType = 4;
		};
		F87BE0080488FBA300F69266 = {
			fileEncoding = 30;
			isa = PBXFileReference;
			path = fvdidrv.h;
			refType = 4;
		};
		F87BE0090488FBA300F69266 = {
			fileEncoding = 30;
			isa = PBXFileReference;
			path = hardware.h;
			refType = 4;
		};
		F87BE00A0488FBA300F69266 = {
			fileEncoding = 30;
			isa = PBXFileReference;
			path = host.h;
			refType = 4;
		};
		F87BE00B0488FBA300F69266 = {
			fileEncoding = 30;
			isa = PBXFileReference;
			path = hostscreen.h;
			refType = 4;
		};
		F87BE00C0488FBA300F69266 = {
			fileEncoding = 30;
			isa = PBXFileReference;
			path = icio.h;
			refType = 4;
		};
		F87BE00D0488FBA300F69266 = {
			fileEncoding = 30;
			isa = PBXFileReference;
			path = ide.h;
			refType = 4;
		};
		F87BE00E0488FBA300F69266 = {
			fileEncoding = 30;
			isa = PBXFileReference;
			path = identify.h;
			refType = 4;
		};
		F87BE00F0488FBA300F69266 = {
			fileEncoding = 30;
			isa = PBXFileReference;
			path = ikbd.h;
			refType = 4;
		};
		F87BE0100488FBA300F69266 = {
			fileEncoding = 30;
			isa = PBXFileReference;
			path = input.h;
			refType = 4;
		};
		F87BE0110488FBA300F69266 = {
			fileEncoding = 30;
			isa = PBXFileReference;
			path = lilo.h;
			refType = 4;
		};
		F87BE0120488FBA300F69266 = {
			fileEncoding = 30;
			isa = PBXFileReference;
			path = main.h;
			refType = 4;
		};
		F87BE0140488FBA300F69266 = {
			fileEncoding = 30;
			isa = PBXFileReference;
			path = mfp.h;
			refType = 4;
		};
		F87BE0150488FBA300F69266 = {
			fileEncoding = 30;
			isa = PBXFileReference;
			path = midi.h;
			refType = 4;
		};
		F87BE0160488FBA300F69266 = {
			fileEncoding = 30;
			isa = PBXFileReference;
			path = mmu.h;
			refType = 4;
		};
		F87BE0170488FBA300F69266 = {
			fileEncoding = 30;
			isa = PBXFileReference;
			path = natfeats.h;
			refType = 4;
		};
		F87BE0180488FBA300F69266 = {
			fileEncoding = 30;
			isa = PBXFileReference;
			path = ncr5380.h;
			refType = 4;
		};
		F87BE0190488FBA300F69266 = {
			fileEncoding = 30;
			isa = PBXFileReference;
			path = ndebug.h;
			refType = 4;
		};
		F87BE01A0488FBA300F69266 = {
			fileEncoding = 30;
			isa = PBXFileReference;
			path = parallel.h;
			refType = 4;
		};
		F87BE01B0488FBA300F69266 = {
			fileEncoding = 30;
			isa = PBXFileReference;
			path = parameters.h;
			refType = 4;
		};
		F87BE01C0488FBA300F69266 = {
			fileEncoding = 30;
			isa = PBXFileReference;
			path = romdiff.h;
			refType = 4;
		};
		F87BE01D0488FBA300F69266 = {
			fileEncoding = 30;
			isa = PBXFileReference;
			path = rtc.h;
			refType = 4;
		};
		F87BE01E0488FBA300F69266 = {
			fileEncoding = 30;
			isa = PBXFileReference;
			path = scsidefs.h;
			refType = 4;
		};
		F87BE01F0488FBA300F69266 = {
			fileEncoding = 30;
			isa = PBXFileReference;
			path = sdlgui.h;
			refType = 4;
		};
		F87BE0200488FBA300F69266 = {
			fileEncoding = 30;
			isa = PBXFileReference;
			path = tools.h;
			refType = 4;
		};
		F87BE0210488FBA300F69266 = {
			fileEncoding = 30;
			isa = PBXFileReference;
			path = toserror.h;
			refType = 4;
		};
		F87BE0220488FBA300F69266 = {
			fileEncoding = 30;
			isa = PBXFileReference;
			path = version.h;
			refType = 4;
		};
		F87BE0230488FBA300F69266 = {
			fileEncoding = 30;
			isa = PBXFileReference;
			path = videl.h;
			refType = 4;
		};
		F87BE0240488FBA300F69266 = {
			fileEncoding = 30;
			isa = PBXFileReference;
			path = yamaha.h;
			refType = 4;
		};
		F87BE0260488FBA300F69266 = {
			fileEncoding = 30;
			isa = PBXFileReference;
			path = lilo.cpp;
			refType = 4;
		};
		F87BE0270488FBA300F69266 = {
			fileEncoding = 30;
			isa = PBXFileReference;
			path = main.cpp;
			refType = 4;
		};
		F87BE0280488FBA300F69266 = {
			fileEncoding = 30;
			isa = PBXFileReference;
			path = md5.cpp;
			refType = 4;
		};
		F87BE0290488FBA300F69266 = {
			fileEncoding = 30;
			isa = PBXFileReference;
			path = mfp.cpp;
			refType = 4;
		};
		F87BE02A0488FBA300F69266 = {
			fileEncoding = 30;
			isa = PBXFileReference;
			path = midi.cpp;
			refType = 4;
		};
		F87BE02B0488FBA300F69266 = {
			fileEncoding = 30;
			isa = PBXFileReference;
			path = mmu.cpp;
			refType = 4;
		};
		F87BE02C0488FBA300F69266 = {
			children = (
				F87BE02E0488FBA300F69266,
				F87BE02F0488FBA300F69266,
				F87BE0300488FBA300F69266,
				F87BE0310488FBA300F69266,
				F87BE0320488FBA300F69266,
				F87BE0330488FBA300F69266,
				F87BE0340488FBA300F69266,
				F87BE03A0488FBA300F69266,
				F87BE03B0488FBA300F69266,
				F87BE03C0488FBA300F69266,
				F87BE03D0488FBA300F69266,
				F87BE03E0488FBA300F69266,
				F87BE03F0488FBA300F69266,
				F87BE0400488FBA300F69266,
				F87BE0410488FBA300F69266,
				F87BE0420488FBA300F69266,
				F87BE0430488FBA300F69266,
				F87BE0440488FBA300F69266,
				F87BE0450488FBA300F69266,
			);
			isa = PBXGroup;
			path = natfeat;
			refType = 4;
		};
		F87BE02E0488FBA300F69266 = {
			fileEncoding = 30;
			isa = PBXFileReference;
			path = atari_example.c;
			refType = 4;
		};
		F87BE02F0488FBA300F69266 = {
			fileEncoding = 30;
			isa = PBXFileReference;
			path = atari_example_gfa.lst;
			refType = 4;
		};
		F87BE0300488FBA300F69266 = {
			fileEncoding = 30;
			isa = PBXFileReference;
			path = audio.cpp;
			refType = 4;
		};
		F87BE0310488FBA300F69266 = {
			fileEncoding = 30;
			isa = PBXFileReference;
			path = audio.h;
			refType = 4;
		};
		F87BE0320488FBA300F69266 = {
			fileEncoding = 30;
			isa = PBXFileReference;
			path = debugprintf.cpp;
			refType = 4;
		};
		F87BE0330488FBA300F69266 = {
			fileEncoding = 30;
			isa = PBXFileReference;
			path = debugprintf.h;
			refType = 4;
		};
		F87BE0340488FBA300F69266 = {
			children = (
				F87BE0350488FBA300F69266,
				F87BE0360488FBA300F69266,
				F87BE0370488FBA300F69266,
				F87BE0380488FBA300F69266,
				F87BE0390488FBA300F69266,
			);
			isa = PBXGroup;
			path = doc;
			refType = 4;
		};
		F87BE0350488FBA300F69266 = {
			fileEncoding = 30;
			isa = PBXFileReference;
			path = attic.txt;
			refType = 4;
		};
		F87BE0360488FBA300F69266 = {
			fileEncoding = 30;
			isa = PBXFileReference;
			path = call68k.txt;
			refType = 4;
		};
		F87BE0370488FBA300F69266 = {
			fileEncoding = 30;
			isa = PBXFileReference;
			path = native.txt;
			refType = 4;
		};
		F87BE0380488FBA300F69266 = {
			fileEncoding = 30;
			isa = PBXFileReference;
			path = nf.h;
			refType = 4;
		};
		F87BE0390488FBA300F69266 = {
			fileEncoding = 30;
			isa = PBXFileReference;
			path = sample.c;
			refType = 4;
		};
		F87BE03A0488FBA300F69266 = {
			fileEncoding = 30;
			isa = PBXFileReference;
			path = ethernet.cpp;
			refType = 4;
		};
		F87BE03B0488FBA300F69266 = {
			fileEncoding = 30;
			isa = PBXFileReference;
			path = ethernet.h;
			refType = 4;
		};
		F87BE03C0488FBA300F69266 = {
			fileEncoding = 30;
			isa = PBXFileReference;
			path = hostfs.cpp;
			refType = 4;
		};
		F87BE03D0488FBA300F69266 = {
			fileEncoding = 30;
			isa = PBXFileReference;
			path = hostfs.h;
			refType = 4;
		};
		F87BE03E0488FBA300F69266 = {
			fileEncoding = 30;
			isa = PBXFileReference;
			path = nf_base.cpp;
			refType = 4;
		};
		F87BE03F0488FBA300F69266 = {
			fileEncoding = 30;
			isa = PBXFileReference;
			path = nf_base.h;
			refType = 4;
		};
		F87BE0400488FBA300F69266 = {
			fileEncoding = 30;
			isa = PBXFileReference;
			path = nf_basicset.cpp;
			refType = 4;
		};
		F87BE0410488FBA300F69266 = {
			fileEncoding = 30;
			isa = PBXFileReference;
			path = nf_basicset.h;
			refType = 4;
		};
		F87BE0420488FBA300F69266 = {
			fileEncoding = 30;
			isa = PBXFileReference;
			path = nf_objs.cpp;
			refType = 4;
		};
		F87BE0430488FBA300F69266 = {
			fileEncoding = 30;
			isa = PBXFileReference;
			path = nf_objs.h;
			refType = 4;
		};
		F87BE0440488FBA300F69266 = {
			fileEncoding = 30;
			isa = PBXFileReference;
			path = xhdi.cpp;
			refType = 4;
		};
		F87BE0450488FBA300F69266 = {
			fileEncoding = 30;
			isa = PBXFileReference;
			path = xhdi.h;
			refType = 4;
		};
		F87BE0460488FBA300F69266 = {
			fileEncoding = 30;
			isa = PBXFileReference;
			path = natfeats.cpp;
			refType = 4;
		};
		F87BE0470488FBA300F69266 = {
			fileEncoding = 30;
			isa = PBXFileReference;
			path = ncr5380.cpp;
			refType = 4;
		};
		F87BE0480488FBA300F69266 = {
			fileEncoding = 30;
			isa = PBXFileReference;
			path = ndebug.cpp;
			refType = 4;
		};
		F87BE0490488FBA300F69266 = {
			fileEncoding = 30;
			isa = PBXFileReference;
			path = parallel.cpp;
			refType = 4;
		};
		F87BE04A0488FBA300F69266 = {
			fileEncoding = 30;
			isa = PBXFileReference;
			path = parameters.cpp;
			refType = 4;
		};
		F87BE04B0488FBA300F69266 = {
			fileEncoding = 30;
			isa = PBXFileReference;
			path = romdiff.cpp;
			refType = 4;
		};
		F87BE04C0488FBA300F69266 = {
			fileEncoding = 30;
			isa = PBXFileReference;
			path = rtc.cpp;
			refType = 4;
		};
		F87BE04D0488FBA300F69266 = {
			fileEncoding = 30;
			isa = PBXFileReference;
			path = sdlgui.cpp;
			refType = 4;
		};
		F87BE04E0488FBA300F69266 = {
			fileEncoding = 30;
			isa = PBXFileReference;
			path = template.cpp;
			refType = 4;
		};
		F87BE04F0488FBA300F69266 = {
			fileEncoding = 30;
			isa = PBXFileReference;
			path = tools.cpp;
			refType = 4;
		};
		F87BE0500488FBA300F69266 = {
			children = (
				F87BE0520488FBA300F69266,
				F87BE0530488FBA300F69266,
				F87BE0540488FBA300F69266,
				F87BE05C0488FBA300F69266,
				F87BE05D0488FBA300F69266,
				F87BE05E0488FBA300F69266,
				F87BE05F0488FBA300F69266,
				F87BE0600488FBA300F69266,
				F87BE0610488FBA300F69266,
				F87BE0750488FBA300F69266,
				F87BE0760488FBA300F69266,
				F87BE0770488FBA300F69266,
				F87BE0780488FBA300F69266,
				F87BE0790488FBA300F69266,
				F87BE07A0488FBA300F69266,
				F87BE07B0488FBA300F69266,
				F87BE07C0488FBA300F69266,
				F87BE07D0488FBA300F69266,
				F87BE07E0488FBA300F69266,
				F87BE07F0488FBA300F69266,
				F87BE0800488FBA300F69266,
			);
			isa = PBXGroup;
			path = uae_cpu;
			refType = 4;
		};
		F87BE0520488FBA300F69266 = {
			fileEncoding = 30;
			isa = PBXFileReference;
			path = aranym_glue.cpp;
			refType = 4;
		};
		F87BE0530488FBA300F69266 = {
			fileEncoding = 30;
			isa = PBXFileReference;
			path = build68k.c;
			refType = 4;
		};
		F87BE0540488FBA300F69266 = {
			children = (
				F87BE0550488FBA300F69266,
				F87BE0560488FBA300F69266,
				F87BE0570488FBA300F69266,
				F87BE0580488FBA300F69266,
				F87BE0590488FBA300F69266,
				F87BE05A0488FBA300F69266,
				F87BE05B0488FBA300F69266,
			);
			isa = PBXGroup;
			path = compiler;
			refType = 4;
		};
		F87BE0550488FBA300F69266 = {
			fileEncoding = 30;
			isa = PBXFileReference;
			path = codegen_x86.cpp;
			refType = 4;
		};
		F87BE0560488FBA300F69266 = {
			fileEncoding = 30;
			isa = PBXFileReference;
			path = codegen_x86.h;
			refType = 4;
		};
		F87BE0570488FBA300F69266 = {
			fileEncoding = 30;
			isa = PBXFileReference;
			path = compemu.h;
			refType = 4;
		};
		F87BE0580488FBA300F69266 = {
			fileEncoding = 30;
			isa = PBXFileReference;
			path = compemu_fpp.cpp;
			refType = 4;
		};
		F87BE0590488FBA300F69266 = {
			fileEncoding = 30;
			isa = PBXFileReference;
			path = compemu_support.cpp;
			refType = 4;
		};
		F87BE05A0488FBA300F69266 = {
			fileEncoding = 30;
			isa = PBXFileReference;
			path = flags_x86.h;
			refType = 4;
		};
		F87BE05B0488FBA300F69266 = {
			fileEncoding = 30;
			isa = PBXFileReference;
			path = gencomp.c;
			refType = 4;
		};
		F87BE05C0488FBA300F69266 = {
			fileEncoding = 30;
			isa = PBXFileReference;
			path = cpu_emulation.h;
			refType = 4;
		};
		F87BE05D0488FBA300F69266 = {
			fileEncoding = 30;
			isa = PBXFileReference;
			path = cpummu.cpp;
			refType = 4;
		};
		F87BE05E0488FBA300F69266 = {
			fileEncoding = 30;
			isa = PBXFileReference;
			path = cpummu.h;
			refType = 4;
		};
		F87BE05F0488FBA300F69266 = {
			fileEncoding = 30;
			isa = PBXFileReference;
			path = cpuopti.c;
			refType = 4;
		};
		F87BE0600488FBA300F69266 = {
			fileEncoding = 30;
			isa = PBXFileReference;
			path = debug.cpp;
			refType = 4;
		};
		F87BE0610488FBA300F69266 = {
			children = (
				F87BE0620488FBA300F69266,
				F87BE0630488FBA300F69266,
				F87BE0640488FBA300F69266,
				F87BE0650488FBA300F69266,
				F87BE0660488FBA300F69266,
				F87BE0670488FBA300F69266,
				F87BE0680488FBA300F69266,
				F87BE0690488FBA300F69266,
				F87BE06A0488FBA300F69266,
				F87BE06B0488FBA300F69266,
				F87BE06C0488FBA300F69266,
				F87BE06D0488FBA300F69266,
				F87BE06E0488FBA300F69266,
				F87BE06F0488FBA300F69266,
				F87BE0700488FBA300F69266,
				F87BE0710488FBA300F69266,
				F87BE0720488FBA300F69266,
				F87BE0730488FBA300F69266,
				F87BE0740488FBA300F69266,
			);
			isa = PBXGroup;
			path = fpu;
			refType = 4;
		};
		F87BE0620488FBA300F69266 = {
			fileEncoding = 30;
			isa = PBXFileReference;
			path = core.h;
			refType = 4;
		};
		F87BE0630488FBA300F69266 = {
			fileEncoding = 30;
			isa = PBXFileReference;
			path = exceptions.cpp;
			refType = 4;
		};
		F87BE0640488FBA300F69266 = {
			fileEncoding = 30;
			isa = PBXFileReference;
			path = exceptions.h;
			refType = 4;
		};
		F87BE0650488FBA300F69266 = {
			fileEncoding = 30;
			isa = PBXFileReference;
			path = flags.cpp;
			refType = 4;
		};
		F87BE0660488FBA300F69266 = {
			fileEncoding = 30;
			isa = PBXFileReference;
			path = flags.h;
			refType = 4;
		};
		F87BE0670488FBA300F69266 = {
			fileEncoding = 30;
			isa = PBXFileReference;
			path = fpu.h;
			refType = 4;
		};
		F87BE0680488FBA300F69266 = {
			fileEncoding = 30;
			isa = PBXFileReference;
			path = fpu_ieee.cpp;
			refType = 4;
		};
		F87BE0690488FBA300F69266 = {
			fileEncoding = 30;
			isa = PBXFileReference;
			path = fpu_ieee.h;
			refType = 4;
		};
		F87BE06A0488FBA300F69266 = {
			fileEncoding = 30;
			isa = PBXFileReference;
			path = fpu_uae.cpp;
			refType = 4;
		};
		F87BE06B0488FBA300F69266 = {
			fileEncoding = 30;
			isa = PBXFileReference;
			path = fpu_uae.h;
			refType = 4;
		};
		F87BE06C0488FBA300F69266 = {
			fileEncoding = 30;
			isa = PBXFileReference;
			path = fpu_x86.cpp;
			refType = 4;
		};
		F87BE06D0488FBA300F69266 = {
			fileEncoding = 30;
			isa = PBXFileReference;
			path = fpu_x86.h;
			refType = 4;
		};
		F87BE06E0488FBA300F69266 = {
			fileEncoding = 30;
			isa = PBXFileReference;
			path = fpu_x86_asm.h;
			refType = 4;
		};
		F87BE06F0488FBA300F69266 = {
			fileEncoding = 30;
			isa = PBXFileReference;
			path = impl.h;
			refType = 4;
		};
		F87BE0700488FBA300F69266 = {
			fileEncoding = 30;
			isa = PBXFileReference;
			path = mathlib.cpp;
			refType = 4;
		};
		F87BE0710488FBA300F69266 = {
			fileEncoding = 30;
			isa = PBXFileReference;
			path = mathlib.h;
			refType = 4;
		};
		F87BE0720488FBA300F69266 = {
			fileEncoding = 30;
			isa = PBXFileReference;
			path = rounding.cpp;
			refType = 4;
		};
		F87BE0730488FBA300F69266 = {
			fileEncoding = 30;
			isa = PBXFileReference;
			path = rounding.h;
			refType = 4;
		};
		F87BE0740488FBA300F69266 = {
			fileEncoding = 30;
			isa = PBXFileReference;
			path = types.h;
			refType = 4;
		};
		F87BE0750488FBA300F69266 = {
			fileEncoding = 30;
			isa = PBXFileReference;
			path = gencpu.c;
			refType = 4;
		};
		F87BE0760488FBA300F69266 = {
			fileEncoding = 30;
			isa = PBXFileReference;
			path = m68k.h;
			refType = 4;
		};
		F87BE0770488FBA300F69266 = {
			fileEncoding = 30;
			isa = PBXFileReference;
			path = memory.cpp;
			refType = 4;
		};
		F87BE0780488FBA300F69266 = {
			fileEncoding = 30;
			isa = PBXFileReference;
			path = memory.h;
			refType = 4;
		};
		F87BE0790488FBA300F69266 = {
			fileEncoding = 30;
			isa = PBXFileReference;
			path = newcpu.cpp;
			refType = 4;
		};
		F87BE07A0488FBA300F69266 = {
			fileEncoding = 30;
			isa = PBXFileReference;
			path = newcpu.h;
			refType = 4;
		};
		F87BE07B0488FBA300F69266 = {
			fileEncoding = 30;
			isa = PBXFileReference;
			path = noflags.h;
			refType = 4;
		};
		F87BE07C0488FBA300F69266 = {
			fileEncoding = 30;
			isa = PBXFileReference;
			path = readcpu.cpp;
			refType = 4;
		};
		F87BE07D0488FBA300F69266 = {
			fileEncoding = 30;
			isa = PBXFileReference;
			path = readcpu.h;
			refType = 4;
		};
		F87BE07E0488FBA300F69266 = {
			fileEncoding = 30;
			isa = PBXFileReference;
			path = registers.h;
			refType = 4;
		};
		F87BE07F0488FBA300F69266 = {
			fileEncoding = 30;
			isa = PBXFileReference;
			path = spcflags.h;
			refType = 4;
		};
		F87BE0800488FBA300F69266 = {
			fileEncoding = 30;
			isa = PBXFileReference;
			path = table68k;
			refType = 4;
		};
		F87BE0810488FBA300F69266 = {
			children = (
				F87BE0840488FBA300F69266,
				F87BE0870488FBA300F69266,
				F87BE0880488FBA300F69266,
				F87BE0890488FBA300F69266,
				F87BE08C0488FBA300F69266,
				F87BE08D0488FBA300F69266,
				F87BE08E0488FBA300F69266,
				F87BE08F0488FBA300F69266,
				F87BE0900488FBA300F69266,
				F87BE0910488FBA300F69266,
				F87BE0920488FBA300F69266,
				F87BE0930488FBA300F69266,
				F87BE0950488FBA300F69266,
				F87BE0960488FBA300F69266,
				F87BE0970488FBA300F69266,
				F87BE0980488FBA300F69266,
				F87BE0990488FBA300F69266,
				F87BE09C0488FBA300F69266,
				F87BE0C50488FBA400F69266,
				F87BE0C60488FBA400F69266,
				F87BE0C70488FBA400F69266,
				F87BE0C80488FBA400F69266,
				F87BE0C90488FBA400F69266,
				F87BE0CA0488FBA400F69266,
				F87BE0CC0488FBA400F69266,
				F87BE0CD0488FBA400F69266,
				F87BE0D00488FBA400F69266,
				F87BE0D10488FBA400F69266,
				F87BE0D30488FBA400F69266,
				F87BE0D40488FBA400F69266,
				F87BE0D50488FBA400F69266,
				F87BE1210488FBA400F69266,
				F87BE1220488FBA400F69266,
				F87BE1240488FBA400F69266,
				F87BE1250488FBA400F69266,
				F87BE1260488FBA400F69266,
				F87BE1270488FBA400F69266,
				F87BE1280488FBA400F69266,
			);
			isa = PBXGroup;
			path = Unix;
			refType = 4;
		};
		F87BE0840488FBA300F69266 = {
			fileEncoding = 30;
			isa = PBXFileReference;
			path = ansidecl.h;
			refType = 4;
		};
		F87BE0870488FBA300F69266 = {
			fileEncoding = 30;
			isa = PBXFileReference;
			path = aratapif.c;
			refType = 4;
		};
		F87BE0880488FBA300F69266 = {
			fileEncoding = 30;
			isa = PBXExecutableFileReference;
			path = autogen.sh;
			refType = 4;
		};
		F87BE0890488FBA300F69266 = {
			children = (
				F87BE08A0488FBA300F69266,
				F87BE08B0488FBA300F69266,
			);
			isa = PBXGroup;
			path = beos;
			refType = 4;
		};
		F87BE08A0488FBA300F69266 = {
			fileEncoding = 30;
			isa = PBXFileReference;
			path = cdrom_beos.cpp;
			refType = 4;
		};
		F87BE08B0488FBA300F69266 = {
			fileEncoding = 30;
			isa = PBXFileReference;
			path = cdrom_beos.h;
			refType = 4;
		};
		F87BE08C0488FBA300F69266 = {
			fileEncoding = 30;
			isa = PBXExecutableFileReference;
			path = config.guess;
			refType = 4;
		};
		F87BE08D0488FBA300F69266 = {
			fileEncoding = 30;
			isa = PBXFileReference;
			path = config.h;
			refType = 4;
		};
		F87BE08E0488FBA300F69266 = {
			isa = PBXFileReference;
			path = config.h.in;
			refType = 4;
		};
		F87BE08F0488FBA300F69266 = {
			isa = PBXFileReference;
			path = config.log;
			refType = 4;
		};
		F87BE0900488FBA300F69266 = {
			fileEncoding = 30;
			isa = PBXExecutableFileReference;
			path = config.status;
			refType = 4;
		};
		F87BE0910488FBA300F69266 = {
			isa = PBXExecutableFileReference;
			path = config.sub;
			refType = 4;
		};
		F87BE0920488FBA300F69266 = {
			fileEncoding = 30;
			isa = PBXExecutableFileReference;
			path = configure;
			refType = 4;
		};
		F87BE0930488FBA300F69266 = {
			fileEncoding = 30;
			isa = PBXFileReference;
			path = configure.ac;
			refType = 4;
		};
		F87BE0950488FBA300F69266 = {
			fileEncoding = 30;
			isa = PBXFileReference;
			path = cpudefs.cpp;
			refType = 4;
		};
		F87BE0960488FBA300F69266 = {
			fileEncoding = 30;
			isa = PBXFileReference;
			path = cpuemu.cpp;
			refType = 4;
		};
		F87BE0970488FBA300F69266 = {
			fileEncoding = 30;
			isa = PBXFileReference;
			path = cpustbl.cpp;
			refType = 4;
		};
		F87BE0980488FBA300F69266 = {
			fileEncoding = 30;
			isa = PBXFileReference;
			path = cputbl.h;
			refType = 4;
		};
		F87BE0990488FBA300F69266 = {
			children = (
				F87BE09A0488FBA300F69266,
				F87BE09B0488FBA300F69266,
			);
			isa = PBXGroup;
			path = cygwin;
			refType = 4;
		};
		F87BE09A0488FBA300F69266 = {
			fileEncoding = 30;
			isa = PBXFileReference;
			path = parameters_cygwin.cpp;
			refType = 4;
		};
		F87BE09B0488FBA300F69266 = {
			fileEncoding = 30;
			isa = PBXFileReference;
			path = tools_cygwin.cpp;
			refType = 4;
		};
		F87BE09C0488FBA300F69266 = {
			children = (
				F87BE14E0488FEAA00F69266,
				F87BE09E0488FBA300F69266,
				F82190BE0494263900E23722,
				F87BE0C10488FBA400F69266,
				F87BE0C20488FBA400F69266,
			);
			isa = PBXGroup;
			path = darwin;
			refType = 4;
		};
		F87BE09E0488FBA300F69266 = {
			isa = PBXFileReference;
			path = aranym.icns;
			refType = 4;
		};
		F87BE0C10488FBA400F69266 = {
			fileEncoding = 30;
			isa = PBXFileReference;
			path = SDLMain.h;
			refType = 4;
		};
		F87BE0C20488FBA400F69266 = {
			fileEncoding = 30;
			isa = PBXFileReference;
			path = SDLMain.M;
			refType = 4;
		};
		F87BE0C50488FBA400F69266 = {
			fileEncoding = 30;
			isa = PBXFileReference;
			path = getopt.c;
			refType = 4;
		};
		F87BE0C60488FBA400F69266 = {
			fileEncoding = 30;
			isa = PBXFileReference;
			path = getopt.h;
			refType = 4;
		};
		F87BE0C70488FBA400F69266 = {
			fileEncoding = 30;
			isa = PBXFileReference;
			path = getopt1.c;
			refType = 4;
		};
		F87BE0C80488FBA400F69266 = {
			fileEncoding = 30;
			isa = PBXFileReference;
			path = getopt_init.c;
			refType = 4;
		};
		F87BE0C90488FBA400F69266 = {
			fileEncoding = 30;
			isa = PBXExecutableFileReference;
			path = "install-sh";
			refType = 4;
		};
		F87BE0CA0488FBA400F69266 = {
			children = (
				F87BE0CB0488FBA400F69266,
			);
			isa = PBXGroup;
			path = irix;
			refType = 4;
		};
		F87BE0CB0488FBA400F69266 = {
			fileEncoding = 30;
			isa = PBXFileReference;
			path = unaligned.c;
			refType = 4;
		};
		F87BE0CC0488FBA400F69266 = {
			isa = PBXFileReference;
			path = libaranym.a;
			refType = 4;
		};
		F87BE0CD0488FBA400F69266 = {
			children = (
				F87BE0CE0488FBA400F69266,
				F87BE0CF0488FBA400F69266,
			);
			isa = PBXGroup;
			path = linux;
			refType = 4;
		};
		F87BE0CE0488FBA400F69266 = {
			fileEncoding = 30;
			isa = PBXFileReference;
			path = parameters_linux.cpp;
			refType = 4;
		};
		F87BE0CF0488FBA400F69266 = {
			fileEncoding = 30;
			isa = PBXFileReference;
			path = sigsegv_linux.cpp;
			refType = 4;
		};
		F87BE0D00488FBA400F69266 = {
			fileEncoding = 30;
			isa = PBXFileReference;
			path = main_unix.cpp;
			refType = 4;
		};
		F87BE0D10488FBA400F69266 = {
			fileEncoding = 30;
			isa = PBXFileReference;
			path = Makefile;
			refType = 4;
		};
		F87BE0D30488FBA400F69266 = {
			isa = PBXFileReference;
			path = Makefile.in;
			refType = 4;
		};
		F87BE0D40488FBA400F69266 = {
			fileEncoding = 30;
			isa = PBXFileReference;
			path = missing;
			refType = 4;
		};
		F87BE0D50488FBA400F69266 = {
			fileEncoding = 30;
			isa = PBXExecutableFileReference;
			path = mkinstalldirs;
			refType = 4;
		};
		F87BE1210488FBA400F69266 = {
			fileEncoding = 30;
			isa = PBXFileReference;
			path = parameters_unix.cpp;
			refType = 4;
		};
		F87BE1220488FBA400F69266 = {
			children = (
				F87BE1230488FBA400F69266,
			);
			isa = PBXGroup;
			path = solaris;
			refType = 4;
		};
		F87BE1230488FBA400F69266 = {
			fileEncoding = 30;
			isa = PBXExecutableFileReference;
			path = which_sparc;
			refType = 4;
		};
		F87BE1240488FBA400F69266 = {
			fileEncoding = 30;
			isa = PBXFileReference;
			path = sysdeps.h;
			refType = 4;
		};
		F87BE1250488FBA400F69266 = {
			fileEncoding = 30;
			isa = PBXFileReference;
			path = vasprintf.c;
			refType = 4;
		};
		F87BE1260488FBA400F69266 = {
			fileEncoding = 30;
			isa = PBXFileReference;
			path = vm_alloc.cpp;
			refType = 4;
		};
		F87BE1270488FBA400F69266 = {
			fileEncoding = 30;
			isa = PBXFileReference;
			path = vm_alloc.h;
			refType = 4;
		};
		F87BE1280488FBA400F69266 = {
			children = (
				F87BE1290488FBA400F69266,
			);
			isa = PBXGroup;
			path = xbsd;
			refType = 4;
		};
		F87BE1290488FBA400F69266 = {
			fileEncoding = 30;
			isa = PBXFileReference;
			path = sigsegv_xbsd.cpp;
			refType = 4;
		};
		F87BE12A0488FBA400F69266 = {
			fileEncoding = 30;
			isa = PBXFileReference;
			path = videl.cpp;
			refType = 4;
		};
		F87BE12B0488FBA400F69266 = {
			fileEncoding = 30;
			isa = PBXFileReference;
			path = yamaha.cpp;
			refType = 4;
		};
		F87BE12C0488FBA400F69266 = {
			fileEncoding = 30;
			isa = PBXFileReference;
			name = NEWS;
			path = ../../../NEWS;
			refType = 2;
		};
		F87BE12D0488FBA400F69266 = {
			fileEncoding = 30;
			isa = PBXFileReference;
			name = README;
			path = ../../../README;
			refType = 2;
		};
		F87BE12E0488FBA400F69266 = {
			fileEncoding = 30;
			isa = PBXFileReference;
			name = TODO;
			path = ../../../TODO;
			refType = 2;
		};
		F87BE1300488FBC600F69266 = {
			fileRef = F87BE0C10488FBA400F69266;
			isa = PBXBuildFile;
			settings = {
				ATTRIBUTES = (
				);
			};
		};
		F87BE1310488FBC800F69266 = {
			fileRef = F87BE0C20488FBA400F69266;
			isa = PBXBuildFile;
			settings = {
			};
		};
		F87BE1340488FC4700F69266 = {
			children = (
				F87BE1350488FC7E00F69266,
				F87BE1370488FCE000F69266,
				F87BE1380488FCE000F69266,
				F87BE1390488FCE000F69266,
				F87BE13D0488FD0D00F69266,
			);
			isa = PBXGroup;
			name = Frameworks;
			refType = 4;
		};
		F87BE1350488FC7E00F69266 = {
			isa = PBXFrameworkReference;
			name = OpenGL.framework;
			path = /System/Library/Frameworks/OpenGL.framework;
			refType = 0;
		};
		F87BE1360488FC7E00F69266 = {
			fileRef = F87BE1350488FC7E00F69266;
			isa = PBXBuildFile;
			settings = {
			};
		};
		F87BE1370488FCE000F69266 = {
			isa = PBXFrameworkReference;
			name = AppKit.framework;
			path = /System/Library/Frameworks/AppKit.framework;
			refType = 0;
		};
		F87BE1380488FCE000F69266 = {
			isa = PBXFrameworkReference;
			name = CoreFoundation.framework;
			path = /System/Library/Frameworks/CoreFoundation.framework;
			refType = 0;
		};
		F87BE1390488FCE000F69266 = {
			isa = PBXFrameworkReference;
			name = IOKit.framework;
			path = /System/Library/Frameworks/IOKit.framework;
			refType = 0;
		};
		F87BE13A0488FCE000F69266 = {
			fileRef = F87BE1370488FCE000F69266;
			isa = PBXBuildFile;
			settings = {
			};
		};
		F87BE13B0488FCE000F69266 = {
			fileRef = F87BE1380488FCE000F69266;
			isa = PBXBuildFile;
			settings = {
			};
		};
		F87BE13C0488FCE000F69266 = {
			fileRef = F87BE1390488FCE000F69266;
			isa = PBXBuildFile;
			settings = {
			};
		};
		F87BE13D0488FD0D00F69266 = {
			isa = PBXFrameworkReference;
			name = SDL.framework;
			path = /Library/Frameworks/SDL.framework;
			refType = 0;
		};
		F87BE13E0488FD0D00F69266 = {
			fileRef = F87BE13D0488FD0D00F69266;
			isa = PBXBuildFile;
			settings = {
			};
		};
		F87BE14E0488FEAA00F69266 = {
			children = (
				F87BE33104894FC800F69266,
				F87BE32D04894C5E00F69266,
			);
			isa = PBXGroup;
			name = English.lproj;
			refType = 4;
		};
		F87BE158048901B400F69266 = {
			buildArgumentsString = $ACTION;
			buildPhases = (
			);
			buildSettings = {
				OTHER_CFLAGS = "";
				OTHER_LDFLAGS = "";
				OTHER_REZFLAGS = "";
				PRODUCT_NAME = libaranym;
				SECTORDER_FLAGS = "";
				WARNING_CFLAGS = "-Wmost -Wno-four-char-constants -Wno-unknown-pragmas";
			};
			buildToolPath = /usr/bin/gnumake;
			buildWorkingDirectory = ..;
			dependencies = (
			);
			isa = PBXLegacyTarget;
			name = libaranym;
			passBuildSettingsInEnvironment = 1;
			productName = libaranym;
			settingsToExpand = 6;
			settingsToPassInEnvironment = 287;
			settingsToPassOnCommandLine = 280;
		};
		F87BE159048901F800F69266 = {
			buildPhases = (
			);
			buildSettings = {
				OTHER_CFLAGS = "";
				OTHER_LDFLAGS = "";
				OTHER_REZFLAGS = "";
				PRODUCT_NAME = ARAnyM;
				SECTORDER_FLAGS = "";
				WARNING_CFLAGS = "-Wmost -Wno-four-char-constants -Wno-unknown-pragmas";
			};
			dependencies = (
				F87BE15B0489020600F69266,
				F87BE15A0489020300F69266,
			);
			isa = PBXAggregateTarget;
			name = ARAnyM;
			productName = ARAnyM;
		};
		F87BE15A0489020300F69266 = {
			isa = PBXTargetDependency;
			target = F87BDEF60488FB6400F69266;
		};
		F87BE15B0489020600F69266 = {
			isa = PBXTargetDependency;
			target = F87BE158048901B400F69266;
		};
		F87BE32D04894C5E00F69266 = {
			children = (
				F87BE32E04894C5E00F69266,
			);
			isa = PBXVariantGroup;
			name = SDLMain.nib;
			path = "";
			refType = 4;
		};
		F87BE32E04894C5E00F69266 = {
			isa = PBXFileReference;
			name = English;
			path = English.lproj/SDLMain.nib;
			refType = 4;
		};
		F87BE32F04894C5E00F69266 = {
			fileRef = F87BE32D04894C5E00F69266;
			isa = PBXBuildFile;
			settings = {
			};
		};
		F87BE33104894FC800F69266 = {
			children = (
				F87BE33204894FC800F69266,
			);
			isa = PBXVariantGroup;
			name = InfoPlist.strings;
			path = "";
			refType = 4;
		};
		F87BE33204894FC800F69266 = {
			fileEncoding = 30;
			isa = PBXFileReference;
			name = English;
			path = English.lproj/InfoPlist.strings;
			refType = 4;
		};
		F87BE33304894FC800F69266 = {
			fileRef = F87BE33104894FC800F69266;
			isa = PBXBuildFile;
			settings = {
			};
		};
	};
	rootObject = F87BDEF00488FB4800F69266;
}
