// !$*UTF8*$!
{
	archiveVersion = 1;
	classes = {
	};
	objectVersion = 39;
	objects = {
		080E96DDFE201D6D7F000001 = {
			children = (
				F580C37C05A7166701DAC342,
				F5A47A9E01A0483001D3D55B,
			);
			isa = PBXGroup;
			name = Classes;
			refType = 4;
			sourceTree = "<group>";
		};
//080
//081
//082
//083
//084
//100
//101
//102
//103
//104
		1058C7A0FEA54F0111CA2CBB = {
			children = (
				2092AD0A067321580028FD4F,
				1058C7A1FEA54F0111CA2CBB,
				F580503605A73CE9014C3AB3,
				F5A145AF05A7EA78017C0BEF,
			);
			isa = PBXGroup;
			name = "Linked Frameworks";
			refType = 4;
			sourceTree = "<group>";
		};
		1058C7A1FEA54F0111CA2CBB = {
			fallbackIsa = PBXFileReference;
			isa = PBXFrameworkReference;
			lastKnownFileType = wrapper.framework;
			name = Cocoa.framework;
			path = /System/Library/Frameworks/Cocoa.framework;
			refType = 0;
			sourceTree = "<absolute>";
		};
		1058C7A2FEA54F0111CA2CBB = {
			children = (
				202FAC9E062BB45B002E6D3B,
				29B97325FDCFA39411CA2CEA,
				29B97324FDCFA39411CA2CEA,
				20761D910619426A00684BA9,
				F580C4E205A71FBF01DAC342,
			);
			isa = PBXGroup;
			name = "Other Frameworks";
			refType = 4;
			sourceTree = "<group>";
		};
//100
//101
//102
//103
//104
//190
//191
//192
//193
//194
		19C28FACFE9D520D11CA2CBB = {
			children = (
				2087E58B05EE9F3100F9ACA1,
				2087E59A05EE9F8500F9ACA1,
				2087E5A605EE9F8C00F9ACA1,
			);
			isa = PBXGroup;
			name = Products;
			refType = 4;
			sourceTree = "<group>";
		};
//190
//191
//192
//193
//194
//200
//201
//202
//203
//204
		2013886C0625BCD40023D98B = {
			fileRef = F580C28205A7161201DAC342;
			isa = PBXBuildFile;
			settings = {
			};
		};
		2013886D0625BCF80023D98B = {
			fileRef = F580C28105A7161201DAC342;
			isa = PBXBuildFile;
			settings = {
			};
		};
		2013886E0625BD050023D98B = {
			fileRef = F580C27A05A7161201DAC342;
			isa = PBXBuildFile;
			settings = {
			};
		};
		2013886F0625BD120023D98B = {
			fileRef = F580C27E05A7161201DAC342;
			isa = PBXBuildFile;
			settings = {
			};
		};
		201388700625BD2A0023D98B = {
			fileRef = F580C2A105A7161201DAC342;
			isa = PBXBuildFile;
			settings = {
			};
		};
		201388710625BD370023D98B = {
			fileRef = F580C29605A7161201DAC342;
			isa = PBXBuildFile;
			settings = {
			};
		};
		201388720625BD980023D98B = {
			fileRef = F580C28005A7161201DAC342;
			isa = PBXBuildFile;
			settings = {
			};
		};
		201388730625BDAF0023D98B = {
			fileRef = F580C29105A7161201DAC342;
			isa = PBXBuildFile;
			settings = {
			};
		};
		201388740625BDEE0023D98B = {
			fileRef = F580C2A005A7161201DAC342;
			isa = PBXBuildFile;
			settings = {
			};
		};
		201388750625BDFB0023D98B = {
			fileRef = F580C29705A7161201DAC342;
			isa = PBXBuildFile;
			settings = {
			};
		};
		201388760625BDFF0023D98B = {
			fileRef = F580C2A405A7161201DAC342;
			isa = PBXBuildFile;
			settings = {
			};
		};
		201388770625BE070023D98B = {
			fileRef = F580C28305A7161201DAC342;
			isa = PBXBuildFile;
			settings = {
			};
		};
		201388780625BE150023D98B = {
			fileRef = F580C29005A7161201DAC342;
			isa = PBXBuildFile;
			settings = {
			};
		};
		201388790625BE340023D98B = {
			fileRef = F580C29505A7161201DAC342;
			isa = PBXBuildFile;
			settings = {
			};
		};
		201C30AB05F758B100804E00 = {
			fileEncoding = 30;
			isa = PBXFileReference;
			lastKnownFileType = text;
			path = acinclude.m4;
			refType = 4;
			sourceTree = "<group>";
		};
		201DD8BB05F707260090F5B7 = {
			fileEncoding = 30;
			isa = PBXFileReference;
			lastKnownFileType = text.script.sh;
			path = autogen.sh;
			refType = 4;
			sourceTree = "<group>";
		};
		201DD8BC05F707500090F5B7 = {
			fileEncoding = 30;
			isa = PBXFileReference;
			lastKnownFileType = text.script.sh;
			path = config.sub;
			refType = 4;
			sourceTree = "<group>";
		};
		201DD8C005F707970090F5B7 = {
			fileEncoding = 30;
			isa = PBXFileReference;
			lastKnownFileType = text.script.sh;
			path = config.guess;
			refType = 4;
			sourceTree = "<group>";
		};
		201DD8CC05F70B7B0090F5B7 = {
			fileEncoding = 30;
			isa = PBXFileReference;
			lastKnownFileType = text;
			path = aclocal.m4;
			refType = 4;
			sourceTree = "<group>";
		};
		202FAA46062BB157002E6D3B = {
			children = (
				202FAB10062BB159002E6D3B,
				202FAB1B062BB159002E6D3B,
				202FAEE5062BC37E002E6D3B,
				202FAB24062BB159002E6D3B,
				202FAB25062BB159002E6D3B,
			);
			isa = PBXGroup;
			path = MacOSX;
			refType = 4;
			sourceTree = "<group>";
		};
		202FAB10062BB159002E6D3B = {
			children = (
				2092AD2E0673290E0028FD4F,
				202FAB1A062BB159002E6D3B,
			);
			isa = PBXGroup;
			path = "Disc image files";
			refType = 4;
			sourceTree = "<group>";
		};
		202FAB1A062BB159002E6D3B = {
			isa = PBXFileReference;
			lastKnownFileType = text.rtf;
			path = "Install and setup.rtf";
			refType = 4;
			sourceTree = "<group>";
		};
		202FAB1B062BB159002E6D3B = {
			children = (
				202FAB1C062BB159002E6D3B,
			);
			isa = PBXVariantGroup;
			name = InfoPlist.strings;
			path = "";
			refType = 4;
			sourceTree = "<group>";
		};
		202FAB1C062BB159002E6D3B = {
			fileEncoding = 30;
			isa = PBXFileReference;
			lastKnownFileType = text.plist.strings;
			name = English;
			path = English.lproj/InfoPlist.strings;
			refType = 4;
			sourceTree = "<group>";
		};
		202FAB24062BB159002E6D3B = {
			fileEncoding = 30;
			isa = PBXFileReference;
			lastKnownFileType = sourcecode.cpp.cpp;
			path = main_OSX.cpp;
			refType = 4;
			sourceTree = "<group>";
		};
		202FAB25062BB159002E6D3B = {
			isa = PBXFileReference;
			lastKnownFileType = text.rtf;
			path = README.rtf;
			refType = 4;
			sourceTree = "<group>";
		};
		202FAC9E062BB45B002E6D3B = {
			isa = PBXFileReference;
			lastKnownFileType = wrapper.framework;
			name = Carbon.framework;
			path = /System/Library/Frameworks/Carbon.framework;
			refType = 0;
			sourceTree = "<absolute>";
		};
		202FAC9F062BB45B002E6D3B = {
			fileRef = 202FAC9E062BB45B002E6D3B;
			isa = PBXBuildFile;
			settings = {
			};
		};
		202FAED6062BC004002E6D3B = {
			buildActionMask = 2147483647;
			files = (
				202FAEF3062BC66B002E6D3B,
				202FAEDA062BC031002E6D3B,
				202FAED8062BC023002E6D3B,
				202FAED7062BC01D002E6D3B,
			);
			isa = PBXResourcesBuildPhase;
			runOnlyForDeploymentPostprocessing = 0;
		};
		202FAED7062BC01D002E6D3B = {
			fileRef = F580C37A05A7166701DAC342;
			isa = PBXBuildFile;
			settings = {
			};
		};
		202FAED8062BC023002E6D3B = {
			fileRef = 2087E58A05EE9F3100F9ACA1;
			isa = PBXBuildFile;
			settings = {
			};
		};
		202FAEDA062BC031002E6D3B = {
			fileRef = F580C35605A7166701DAC342;
			isa = PBXBuildFile;
			settings = {
			};
		};
		202FAEE5062BC37E002E6D3B = {
			fileEncoding = 30;
			isa = PBXFileReference;
			lastKnownFileType = sourcecode.cpp.cpp;
			path = parameters_MACOSX.cpp;
			refType = 4;
			sourceTree = "<group>";
		};
		202FAEF3062BC66B002E6D3B = {
			fileRef = 20335B2506163D850050859A;
			isa = PBXBuildFile;
			settings = {
			};
		};
		202FAF1D062BCAAB002E6D3B = {
			fileRef = 202FAEE5062BC37E002E6D3B;
			isa = PBXBuildFile;
			settings = {
			};
		};
		2030D3730618750100ECF64D = {
			isa = PBXFileReference;
			lastKnownFileType = file;
			name = TOS404.img;
			path = data/TOS404.img;
			refType = 4;
			sourceTree = "<group>";
		};
		20310A110648CC4E005C8BC1 = {
			fileRef = F580C2F205A7163D01DAC342;
			isa = PBXBuildFile;
			settings = {
			};
		};
		203122C90649109100ED24E4 = {
			fileEncoding = 30;
			isa = PBXFileReference;
			lastKnownFileType = text.script.sh;
			path = configure;
			refType = 4;
			sourceTree = "<group>";
		};
		2031C3B60635383100F1108C = {
			fileRef = 202FAB24062BB159002E6D3B;
			isa = PBXBuildFile;
			settings = {
			};
		};
		203249170634E0A2006D9FE9 = {
			fileRef = F580C28605A7161201DAC342;
			isa = PBXBuildFile;
			settings = {
			};
		};
		203249180634E0C2006D9FE9 = {
			fileRef = F580C28D05A7161201DAC342;
			isa = PBXBuildFile;
			settings = {
			};
		};
		203249190634E0F4006D9FE9 = {
			fileRef = F580C2A505A7161201DAC342;
			isa = PBXBuildFile;
			settings = {
			};
		};
		2032491A0634E113006D9FE9 = {
			fileRef = F580C28805A7161201DAC342;
			isa = PBXBuildFile;
			settings = {
			};
		};
		2032491B0634E120006D9FE9 = {
			fileRef = F580C28905A7161201DAC342;
			isa = PBXBuildFile;
			settings = {
			};
		};
		2032491C0634E135006D9FE9 = {
			fileRef = F580C29D05A7161201DAC342;
			isa = PBXBuildFile;
			settings = {
			};
		};
		2032491D0634E14C006D9FE9 = {
			fileRef = F580C2A205A7161201DAC342;
			isa = PBXBuildFile;
			settings = {
			};
		};
		2032491E0634E17E006D9FE9 = {
			fileRef = F580C24005A7151301DAC342;
			isa = PBXBuildFile;
			settings = {
			};
		};
		2032491F0634E19A006D9FE9 = {
			fileRef = F580C22505A7151301DAC342;
			isa = PBXBuildFile;
			settings = {
			};
		};
		203249200634E1A9006D9FE9 = {
			fileRef = F580C23405A7151301DAC342;
			isa = PBXBuildFile;
			settings = {
			};
		};
		203249210634E1B1006D9FE9 = {
			fileRef = F580C23605A7151301DAC342;
			isa = PBXBuildFile;
			settings = {
			};
		};
		203249220634E1C2006D9FE9 = {
			fileRef = F580C23805A7151301DAC342;
			isa = PBXBuildFile;
			settings = {
			};
		};
		203249230634E1DC006D9FE9 = {
			fileRef = F580C23A05A7151301DAC342;
			isa = PBXBuildFile;
			settings = {
			};
		};
		203249260634E235006D9FE9 = {
			fileRef = F580C34C05A7166701DAC342;
			isa = PBXBuildFile;
			settings = {
			};
		};
		203249270634E246006D9FE9 = {
			fileRef = F580C2FD05A7163D01DAC342;
			isa = PBXBuildFile;
			settings = {
			};
		};
		203249280634E25F006D9FE9 = {
			fileRef = F580C2E405A7163D01DAC342;
			isa = PBXBuildFile;
			settings = {
			};
		};
		203249290634E36F006D9FE9 = {
			fileRef = F580C30405A7163D01DAC342;
			isa = PBXBuildFile;
			settings = {
			};
		};
		2032492A0634E37B006D9FE9 = {
			fileRef = F580C30505A7163D01DAC342;
			isa = PBXBuildFile;
			settings = {
			};
		};
		2032492B0634E384006D9FE9 = {
			fileRef = F580C30605A7163D01DAC342;
			isa = PBXBuildFile;
			settings = {
			};
		};
		2032492C0634E3A6006D9FE9 = {
			fileRef = F580C2E905A7163D01DAC342;
			isa = PBXBuildFile;
			settings = {
			};
		};
		2032492D0634E3BA006D9FE9 = {
			fileRef = F580C2EE05A7163D01DAC342;
			isa = PBXBuildFile;
			settings = {
			};
		};
		203249300634E423006D9FE9 = {
			fileRef = F580C3E005A7166801DAC342;
			isa = PBXBuildFile;
			settings = {
			};
		};
		203249310634E436006D9FE9 = {
			fileRef = F580C3DD05A7166801DAC342;
			isa = PBXBuildFile;
			settings = {
			};
		};
		20335B2506163D850050859A = {
			isa = PBXFileReference;
			lastKnownFileType = file;
			name = etos512k.img;
			path = data/etos512k.img;
			refType = 4;
			sourceTree = "<group>";
		};
		20373994064D9A37001AD2DF = {
			fileRef = F580C2F105A7163D01DAC342;
			isa = PBXBuildFile;
			settings = {
			};
		};
		2048E4BC06A1CDEF00F6432F = {
			fileEncoding = 30;
			isa = PBXFileReference;
			lastKnownFileType = text;
			path = README;
			refType = 4;
			sourceTree = "<group>";
		};
		2048E4C106A1CE3600F6432F = {
			fileEncoding = 30;
			isa = PBXFileReference;
			lastKnownFileType = text;
			path = TODO;
			refType = 4;
			sourceTree = "<group>";
		};
		2048E4C406A1CE9E00F6432F = {
			fileEncoding = 30;
			isa = PBXFileReference;
			lastKnownFileType = text;
			path = NEWS;
			refType = 4;
			sourceTree = "<group>";
		};
		2048E4C706A1CEE500F6432F = {
			fileEncoding = 30;
			isa = PBXFileReference;
			lastKnownFileType = text;
			path = FAQ;
			refType = 4;
			sourceTree = "<group>";
		};
		2048E4CA06A1CF6700F6432F = {
			fileEncoding = 30;
			isa = PBXFileReference;
			lastKnownFileType = text;
			path = BUGS;
			refType = 4;
			sourceTree = "<group>";
		};
		2048E4CD06A1D03900F6432F = {
			fileEncoding = 30;
			isa = PBXFileReference;
			lastKnownFileType = text;
			path = AUTHORS;
			refType = 4;
			sourceTree = "<group>";
		};
		2048E4D006A1D05E00F6432F = {
			fileEncoding = 30;
			isa = PBXFileReference;
			lastKnownFileType = text;
			path = INSTALL;
			refType = 4;
			sourceTree = "<group>";
		};
		2049CFB70678EABA00316592 = {
			buildActionMask = 2147483647;
			files = (
			);
			inputPaths = (
			);
			isa = PBXShellScriptBuildPhase;
			outputPaths = (
			);
			runOnlyForDeploymentPostprocessing = 0;
			shellPath = /bin/sh;
			shellScript = "BUILDROOT=AranymOSX\nDMG=./Aranym-MACOSX-${CURRENT_PROJECT_VERSION}.dmg\ncd $PWD\n\n# remove any leftovers from previous image creation.\necho \"-- Removing leftovers from previous runs\"\nrm -rf ${BUILDROOT} ${BUILDROOT}.dmg ${DMG}\n\n# make new buildroot directory\necho \"-- Making ${BUILDROOT} directory\"\nmkdir ${BUILDROOT}\nif test $? != 0; then \n  echo ERROR: mkdir ${BUILDROOT} or mkdir ${INSTALL_PREFIX} failed\n  exit 30\nfi\n#copying files in aratemp\necho -- copying needed files\ncp -v 'Disc image files/Install and setup.rtf' ${BUILDROOT}\ncp -R -v 'Disc image files/Aranym' ${BUILDROOT}\ncp -R -v 'build/MacAranym.app' ${BUILDROOT}/Aranym\n\n# create new disk image\necho \"-- Making a disk image with root at ${BUILDROOT}, using diskimage.pl\"\n./diskimage.pl ${BUILDROOT}\nif test $? != 0; then\n  echo ERROR: diskimage.pl script failed\n  exit 60\nfi\n\nif test ! -f ${BUILDROOT}.dmg; then\n  echo ERROR: diskimage.pl succeeded but I cannot find the image ${BUILDROOT}.dmg.\n  exit 70\nfi\n\n# rename to the right thing\necho \"-- Renaming the output disk image to ${DMG}\"\nmv ${BUILDROOT}.dmg ${DMG}\nif test $? != 0; then\n  echo ERROR: rename failed\n  exit 80\nfi\n\necho \"-- Done!  The final disk image is \"\nls -l ${DMG}\n\necho \"-- Cleaning up the temporary files in ${BUILDROOT}\"\nrm -rf ${BUILDROOT}\n\nexit 0\n";
		};
		2049CFB80678EABA00316592 = {
			buildPhases = (
				2049CFB70678EABA00316592,
			);
			buildSettings = {
				OTHER_CFLAGS = "";
				OTHER_LDFLAGS = "";
				OTHER_REZFLAGS = "";
				PRODUCT_NAME = "Make DMG";
				SECTORDER_FLAGS = "";
				WARNING_CFLAGS = "-Wmost -Wno-four-char-constants -Wno-unknown-pragmas";
			};
			dependencies = (
			);
			isa = PBXAggregateTarget;
			name = "Make DMG";
			productName = "Make DMG";
		};
		20761D910619426A00684BA9 = {
			isa = PBXFileReference;
			lastKnownFileType = wrapper.framework;
			name = CoreServices.framework;
			path = /System/Library/Frameworks/CoreServices.framework;
			refType = 0;
			sourceTree = "<absolute>";
		};
		20761D920619426A00684BA9 = {
			fileRef = 20761D910619426A00684BA9;
			isa = PBXBuildFile;
			settings = {
			};
		};
		20761E940619462F00684BA9 = {
			fileRef = F580C29305A7161201DAC342;
			isa = PBXBuildFile;
			settings = {
			};
		};
		2087E52505EE9F3100F9ACA1 = {
			buildPhases = (
				2087E52605EE9F3100F9ACA1,
				202FAED6062BC004002E6D3B,
				2092AC3C06731C560028FD4F,
				2087E53E05EE9F3100F9ACA1,
				2087E58205EE9F3100F9ACA1,
			);
			buildRules = (
			);
			buildSettings = {
				CURRENT_PROJECT_VERSION = 0.8.9;
				DYLIB_CURRENT_VERSION = 0.8.9;
				FRAMEWORK_SEARCH_PATHS = "$(HOME)/Library/Frameworks";
				GCC_ALTIVEC_EXTENSIONS = NO;
				GCC_DEBUGGING_SYMBOLS = default;
				GCC_ENABLE_TRIGRAPHS = YES;
				GCC_GENERATE_DEBUGGING_SYMBOLS = YES;
				GCC_MODEL_CPU = "";
				GCC_MODEL_PPC64 = NO;
				GCC_OPTIMIZATION_LEVEL = 3;
				GCC_PREPROCESSOR_DEFINITIONS = "ARANYM_DATADIR=\\\"data\\\" MACOSX_support HAVE_CONFIG_H OS_darwin CPU_powerpc _GNU_SOURCE DIRECT_ADDRESSING FPU_UAE ARANYMHOME=\\\"Documents/Aranym_files\\\" DIRSEPARATOR=\\\"/\\\" ENABLE_EXCLUSIVE_SPCFLAGS _REENTRANT _THREAD_SAFE";
				GCC_WARN_FOUR_CHARACTER_CONSTANTS = NO;
				GCC_WARN_UNKNOWN_PRAGMAS = NO;
				GENERATE_PKGINFO = YES;
				HEADER_SEARCH_PATHS = "../gui-sdl ../Unix ../uae_cpu ../natfeat ../include $(HOME)/Library/Frameworks/SDL.framework/Headers";
				INFOPLIST_FILE = Info.plist;
				LIBRARY_SEARCH_PATHS = "../Unix /Users/carlobaiocco/Documents/aranym/src/MacOSX/build/MacAranym.build/MacAranym.build/Objects-normal/ppc /Users/carlobaiocco/Documents/aranym/src/MacOSX/build/MacAranym.build/MakeCpu.build/Objects-normal/ppc";
				LIBRARY_STYLE = BUNDLE;
				OTHER_CFLAGS = "-no-cpp-precomp -flat_namespace -ggdb3";
				OTHER_LDFLAGS = "-lm -framework SDL";
				PRODUCT_NAME = MacAranym;
				SECTORDER_FLAGS = "";
				WARNING_CFLAGS = "-Wall -W -Wmost";
				WRAPPER_EXTENSION = app;
			};
			dependencies = (
			);
			isa = PBXNativeTarget;
			name = MacAranym;
			productName = macaranym;
			productReference = 2087E58B05EE9F3100F9ACA1;
			productType = "com.apple.product-type.application";
		};
		2087E52605EE9F3100F9ACA1 = {
			buildActionMask = 2147483647;
			files = (
				20761E940619462F00684BA9,
				201388700625BD2A0023D98B,
				201388780625BE150023D98B,
				2032491F0634E19A006D9FE9,
				201388740625BDEE0023D98B,
				2087E52905EE9F3100F9ACA1,
				2087E52A05EE9F3100F9ACA1,
				203249280634E25F006D9FE9,
				203249260634E235006D9FE9,
				203249170634E0A2006D9FE9,
				2032492C0634E3A6006D9FE9,
				2087E52C05EE9F3100F9ACA1,
				2087E53205EE9F3100F9ACA1,
				2087E52D05EE9F3100F9ACA1,
				2087E53405EE9F3100F9ACA1,
				2087E52E05EE9F3100F9ACA1,
				201388730625BDAF0023D98B,
				20310A110648CC4E005C8BC1,
				2032492D0634E3BA006D9FE9,
				201388720625BD980023D98B,
				203249180634E0C2006D9FE9,
				2087E53505EE9F3100F9ACA1,
				201388710625BD370023D98B,
				2087E52F05EE9F3100F9ACA1,
				201388750625BDFB0023D98B,
				203249190634E0F4006D9FE9,
				2087E53705EE9F3100F9ACA1,
				201388790625BE340023D98B,
				20F289F506A14613007603B4,
				2087E53805EE9F3100F9ACA1,
				203249270634E246006D9FE9,
				201388770625BE070023D98B,
				201388760625BDFF0023D98B,
				2032491A0634E113006D9FE9,
				2032491B0634E120006D9FE9,
				20F289F606A14627007603B4,
				2087E52B05EE9F3100F9ACA1,
				2032491C0634E135006D9FE9,
				2032491D0634E14C006D9FE9,
				2087E53305EE9F3100F9ACA1,
				203249200634E1A9006D9FE9,
				203249210634E1B1006D9FE9,
				203249230634E1DC006D9FE9,
				203249220634E1C2006D9FE9,
				20F2894606A1239A007603B4,
				2087E53105EE9F3100F9ACA1,
				2087E53005EE9F3100F9ACA1,
				2087E52805EE9F3100F9ACA1,
				203249290634E36F006D9FE9,
				2032492A0634E37B006D9FE9,
				20F289F806A1467A007603B4,
				2013886F0625BD120023D98B,
				2087E52705EE9F3100F9ACA1,
				2032492B0634E384006D9FE9,
				203249310634E436006D9FE9,
				2013886E0625BD050023D98B,
				2013886C0625BCD40023D98B,
				203249300634E423006D9FE9,
				2087E53605EE9F3100F9ACA1,
				20F289F706A1463C007603B4,
				2032491E0634E17E006D9FE9,
				2013886D0625BCF80023D98B,
			);
			isa = PBXHeadersBuildPhase;
			runOnlyForDeploymentPostprocessing = 0;
		};
		2087E52705EE9F3100F9ACA1 = {
			fileRef = F580C37C05A7166701DAC342;
			isa = PBXBuildFile;
			settings = {
			};
		};
		2087E52805EE9F3100F9ACA1 = {
			fileRef = F580C28B05A7161201DAC342;
			isa = PBXBuildFile;
			settings = {
			};
		};
		2087E52905EE9F3100F9ACA1 = {
			fileRef = F580C34205A7166701DAC342;
			isa = PBXBuildFile;
			settings = {
				ATTRIBUTES = (
				);
			};
		};
		2087E52A05EE9F3100F9ACA1 = {
			fileRef = F580C2E205A7163D01DAC342;
			isa = PBXBuildFile;
			settings = {
				ATTRIBUTES = (
				);
			};
		};
		2087E52B05EE9F3100F9ACA1 = {
			fileRef = F580C2FF05A7163D01DAC342;
			isa = PBXBuildFile;
			settings = {
			};
		};
		2087E52C05EE9F3100F9ACA1 = {
			fileRef = F580C28705A7161201DAC342;
			isa = PBXBuildFile;
			settings = {
			};
		};
		2087E52D05EE9F3100F9ACA1 = {
			fileRef = F580C29E05A7161201DAC342;
			isa = PBXBuildFile;
			settings = {
			};
		};
		2087E52E05EE9F3100F9ACA1 = {
			fileRef = F580C28E05A7161201DAC342;
			isa = PBXBuildFile;
			settings = {
			};
		};
		2087E52F05EE9F3100F9ACA1 = {
			fileRef = F580C29C05A7161201DAC342;
			isa = PBXBuildFile;
			settings = {
			};
		};
		2087E53005EE9F3100F9ACA1 = {
			fileRef = F580C28405A7161201DAC342;
			isa = PBXBuildFile;
			settings = {
			};
		};
		2087E53105EE9F3100F9ACA1 = {
			fileRef = F580C28505A7161201DAC342;
			isa = PBXBuildFile;
			settings = {
			};
		};
		2087E53205EE9F3100F9ACA1 = {
			fileRef = F580C2A605A7161201DAC342;
			isa = PBXBuildFile;
			settings = {
			};
		};
		2087E53305EE9F3100F9ACA1 = {
			fileRef = F580C30105A7163D01DAC342;
			isa = PBXBuildFile;
			settings = {
			};
		};
		2087E53405EE9F3100F9ACA1 = {
			fileRef = F580C22705A7151301DAC342;
			isa = PBXBuildFile;
			settings = {
			};
		};
		2087E53505EE9F3100F9ACA1 = {
			fileRef = F580C23205A7151301DAC342;
			isa = PBXBuildFile;
			settings = {
			};
		};
		2087E53605EE9F3100F9ACA1 = {
			fileRef = F580C27B05A7161201DAC342;
			isa = PBXBuildFile;
			settings = {
			};
		};
		2087E53705EE9F3100F9ACA1 = {
			fileRef = F580C29905A7161201DAC342;
			isa = PBXBuildFile;
			settings = {
			};
		};
		2087E53805EE9F3100F9ACA1 = {
			fileRef = F580C29A05A7161201DAC342;
			isa = PBXBuildFile;
			settings = {
			};
		};
		2087E53E05EE9F3100F9ACA1 = {
			buildActionMask = 2147483647;
			files = (
				2087E54205EE9F3100F9ACA1,
				2087E54305EE9F3100F9ACA1,
				2087E56505EE9F3100F9ACA1,
				2087E54405EE9F3100F9ACA1,
				2087E56C05EE9F3100F9ACA1,
				2087E54505EE9F3100F9ACA1,
				2087E54605EE9F3100F9ACA1,
				2087E57105EE9F3100F9ACA1,
				2087E57005EE9F3100F9ACA1,
				2087E56B05EE9F3100F9ACA1,
				2087E54705EE9F3100F9ACA1,
				2087E54805EE9F3100F9ACA1,
				2087E57E05EE9F3100F9ACA1,
				2087E57B05EE9F3100F9ACA1,
				2087E56705EE9F3100F9ACA1,
				2087E54905EE9F3100F9ACA1,
				2087E56A05EE9F3100F9ACA1,
				2087E57205EE9F3100F9ACA1,
				2087E57905EE9F3100F9ACA1,
				20F2894206A12314007603B4,
				2087E57A05EE9F3100F9ACA1,
				2087E58105EE9F3100F9ACA1,
				2087E57C05EE9F3100F9ACA1,
				2087E54A05EE9F3100F9ACA1,
				2087E54C05EE9F3100F9ACA1,
				2087E57D05EE9F3100F9ACA1,
				20373994064D9A37001AD2DF,
				2087E54D05EE9F3100F9ACA1,
				2087E57405EE9F3100F9ACA1,
				2087E57505EE9F3100F9ACA1,
				2087E57605EE9F3100F9ACA1,
				2087E54E05EE9F3100F9ACA1,
				2087E54F05EE9F3100F9ACA1,
				2087E55005EE9F3100F9ACA1,
				2087E57705EE9F3100F9ACA1,
				2087E55105EE9F3100F9ACA1,
				2087E55205EE9F3100F9ACA1,
				2087E55405EE9F3100F9ACA1,
				2087E55305EE9F3100F9ACA1,
				2087E53F05EE9F3100F9ACA1,
				2031C3B60635383100F1108C,
				2087E55505EE9F3100F9ACA1,
				2087E56D05EE9F3100F9ACA1,
				2087E55605EE9F3100F9ACA1,
				2087E55705EE9F3100F9ACA1,
				2087E55805EE9F3100F9ACA1,
				2087E54B05EE9F3100F9ACA1,
				2087E55A05EE9F3100F9ACA1,
				2087E55905EE9F3100F9ACA1,
				2087E56E05EE9F3100F9ACA1,
				2087E56905EE9F3100F9ACA1,
				2087E56205EE9F3100F9ACA1,
				2087E56605EE9F3100F9ACA1,
				2087E56805EE9F3100F9ACA1,
				2087E56305EE9F3100F9ACA1,
				20F2894406A12389007603B4,
				2087E55B05EE9F3100F9ACA1,
				2087E55C05EE9F3100F9ACA1,
				202FAF1D062BCAAB002E6D3B,
				2087E58005EE9F3100F9ACA1,
				2087E55D05EE9F3100F9ACA1,
				2087E55E05EE9F3100F9ACA1,
				2087E57F05EE9F3100F9ACA1,
				2087E57805EE9F3100F9ACA1,
				2087E55F05EE9F3100F9ACA1,
				2087E56005EE9F3100F9ACA1,
				2087E54005EE9F3100F9ACA1,
				2087E56405EE9F3100F9ACA1,
				2087E56105EE9F3100F9ACA1,
			);
			isa = PBXSourcesBuildPhase;
			runOnlyForDeploymentPostprocessing = 0;
		};
		2087E53F05EE9F3100F9ACA1 = {
			fileRef = F580C21705A7150401DAC342;
			isa = PBXBuildFile;
			settings = {
			};
		};
		2087E54005EE9F3100F9ACA1 = {
			fileRef = F580C3DF05A7166801DAC342;
			isa = PBXBuildFile;
			settings = {
			};
		};
		2087E54205EE9F3100F9ACA1 = {
			fileRef = F580C1E905A7148B01DAC342;
			isa = PBXBuildFile;
			settings = {
			};
		};
		2087E54305EE9F3100F9ACA1 = {
			fileRef = F580C1F405A7148B01DAC342;
			isa = PBXBuildFile;
			settings = {
			};
		};
		2087E54405EE9F3100F9ACA1 = {
			fileRef = F580C1F305A7148B01DAC342;
			isa = PBXBuildFile;
			settings = {
			};
		};
		2087E54505EE9F3100F9ACA1 = {
			fileRef = F580C1EC05A7148B01DAC342;
			isa = PBXBuildFile;
			settings = {
			};
		};
		2087E54605EE9F3100F9ACA1 = {
			fileRef = F580C1EB05A7148B01DAC342;
			isa = PBXBuildFile;
			settings = {
			};
		};
		2087E54705EE9F3100F9ACA1 = {
			fileRef = F580C1EE05A7148B01DAC342;
			isa = PBXBuildFile;
			settings = {
			};
		};
		2087E54805EE9F3100F9ACA1 = {
			fileRef = F580C1ED05A7148B01DAC342;
			isa = PBXBuildFile;
			settings = {
			};
		};
		2087E54905EE9F3100F9ACA1 = {
			fileRef = F580C1E705A7148B01DAC342;
			isa = PBXBuildFile;
			settings = {
			};
		};
		2087E54A05EE9F3100F9ACA1 = {
			fileRef = F580C1E805A7148B01DAC342;
			isa = PBXBuildFile;
			settings = {
			};
		};
		2087E54B05EE9F3100F9ACA1 = {
			fileRef = F580C26405A7155201DAC342;
			isa = PBXBuildFile;
			settings = {
			};
		};
		2087E54C05EE9F3100F9ACA1 = {
			fileRef = F580C1E605A7148B01DAC342;
			isa = PBXBuildFile;
			settings = {
			};
		};
		2087E54D05EE9F3100F9ACA1 = {
			fileRef = F580C20505A714AF01DAC342;
			isa = PBXBuildFile;
			settings = {
			};
		};
		2087E54E05EE9F3100F9ACA1 = {
			fileRef = F580C20405A714AF01DAC342;
			isa = PBXBuildFile;
			settings = {
			};
		};
		2087E54F05EE9F3100F9ACA1 = {
			fileRef = F580C20705A714AF01DAC342;
			isa = PBXBuildFile;
			settings = {
			};
		};
		2087E55005EE9F3100F9ACA1 = {
			fileRef = F580C20605A714AF01DAC342;
			isa = PBXBuildFile;
			settings = {
			};
		};
		2087E55105EE9F3100F9ACA1 = {
			fileRef = F580C20905A714AF01DAC342;
			isa = PBXBuildFile;
			settings = {
			};
		};
		2087E55205EE9F3100F9ACA1 = {
			fileRef = F580C20805A714AF01DAC342;
			isa = PBXBuildFile;
			settings = {
			};
		};
		2087E55305EE9F3100F9ACA1 = {
			fileRef = F580C20A05A714AF01DAC342;
			isa = PBXBuildFile;
			settings = {
			};
		};
		2087E55405EE9F3100F9ACA1 = {
			fileRef = F580C21505A7150401DAC342;
			isa = PBXBuildFile;
			settings = {
			};
		};
		2087E55505EE9F3100F9ACA1 = {
			fileRef = F580C21605A7150401DAC342;
			isa = PBXBuildFile;
			settings = {
			};
		};
		2087E55605EE9F3100F9ACA1 = {
			fileRef = F580C21305A7150401DAC342;
			isa = PBXBuildFile;
			settings = {
			};
		};
		2087E55705EE9F3100F9ACA1 = {
			fileRef = F580C21205A7150401DAC342;
			isa = PBXBuildFile;
			settings = {
			};
		};
		2087E55805EE9F3100F9ACA1 = {
			fileRef = F580C21805A7150401DAC342;
			isa = PBXBuildFile;
			settings = {
			};
		};
		2087E55905EE9F3100F9ACA1 = {
			fileRef = F580C26205A7155201DAC342;
			isa = PBXBuildFile;
			settings = {
			};
		};
		2087E55A05EE9F3100F9ACA1 = {
			fileRef = F580C26305A7155201DAC342;
			isa = PBXBuildFile;
			settings = {
			};
		};
		2087E55B05EE9F3100F9ACA1 = {
			fileRef = F580C26105A7155201DAC342;
			isa = PBXBuildFile;
			settings = {
			};
		};
		2087E55C05EE9F3100F9ACA1 = {
			fileRef = F580C26605A7155201DAC342;
			isa = PBXBuildFile;
			settings = {
			};
		};
		2087E55D05EE9F3100F9ACA1 = {
			fileRef = F580C26505A7155201DAC342;
			isa = PBXBuildFile;
			settings = {
			};
		};
		2087E55E05EE9F3100F9ACA1 = {
			fileRef = F580C26005A7155201DAC342;
			isa = PBXBuildFile;
			settings = {
			};
		};
		2087E55F05EE9F3100F9ACA1 = {
			fileRef = F580C26F05A7156A01DAC342;
			isa = PBXBuildFile;
			settings = {
			};
		};
		2087E56005EE9F3100F9ACA1 = {
			fileRef = F580C27505A7157901DAC342;
			isa = PBXBuildFile;
			settings = {
			};
		};
		2087E56105EE9F3100F9ACA1 = {
			fileRef = F580C27405A7157901DAC342;
			isa = PBXBuildFile;
			settings = {
			};
		};
		2087E56205EE9F3100F9ACA1 = {
			fileRef = F580C23305A7151301DAC342;
			isa = PBXBuildFile;
			settings = {
			};
		};
		2087E56305EE9F3100F9ACA1 = {
			fileRef = F580C23705A7151301DAC342;
			isa = PBXBuildFile;
			settings = {
			};
		};
		2087E56405EE9F3100F9ACA1 = {
			fileRef = F580C23F05A7151301DAC342;
			isa = PBXBuildFile;
			settings = {
			};
		};
		2087E56505EE9F3100F9ACA1 = {
			fileRef = F580C22405A7151301DAC342;
			isa = PBXBuildFile;
			settings = {
			};
		};
		2087E56605EE9F3100F9ACA1 = {
			fileRef = F580C23505A7151301DAC342;
			isa = PBXBuildFile;
			settings = {
			};
		};
		2087E56705EE9F3100F9ACA1 = {
			fileRef = F580C22605A7151301DAC342;
			isa = PBXBuildFile;
			settings = {
			};
		};
		2087E56805EE9F3100F9ACA1 = {
			fileRef = F580C23905A7151301DAC342;
			isa = PBXBuildFile;
			settings = {
			};
		};
		2087E56905EE9F3100F9ACA1 = {
			fileRef = F580C23D05A7151301DAC342;
			isa = PBXBuildFile;
			settings = {
			};
		};
		2087E56A05EE9F3100F9ACA1 = {
			fileRef = F580C1EA05A7148B01DAC342;
			isa = PBXBuildFile;
			settings = {
			};
		};
		2087E56B05EE9F3100F9ACA1 = {
			fileRef = F580C34A05A7166701DAC342;
			isa = PBXBuildFile;
			settings = {
				COMPILER_FLAGS = "-Wno-unused-variable -Wno-unused-parameter -Wno-unused-label";
			};
		};
		2087E56C05EE9F3100F9ACA1 = {
			fileRef = F580C2D705A7163D01DAC342;
			isa = PBXBuildFile;
			settings = {
			};
		};
		2087E56D05EE9F3100F9ACA1 = {
			fileRef = F580C2FE05A7163D01DAC342;
			isa = PBXBuildFile;
			settings = {
			};
		};
		2087E56E05EE9F3100F9ACA1 = {
			fileRef = F580C30005A7163D01DAC342;
			isa = PBXBuildFile;
			settings = {
			};
		};
		2087E57005EE9F3100F9ACA1 = {
			fileRef = F580C34905A7166701DAC342;
			isa = PBXBuildFile;
			settings = {
			};
		};
		2087E57105EE9F3100F9ACA1 = {
			fileRef = F580C34B05A7166701DAC342;
			isa = PBXBuildFile;
			settings = {
			};
		};
		2087E57205EE9F3100F9ACA1 = {
			fileRef = F580C2E605A7163D01DAC342;
			isa = PBXBuildFile;
			settings = {
			};
		};
		2087E57405EE9F3100F9ACA1 = {
			fileRef = F580C38305A7166701DAC342;
			isa = PBXBuildFile;
			settings = {
			};
		};
		2087E57505EE9F3100F9ACA1 = {
			fileRef = F580C38205A7166701DAC342;
			isa = PBXBuildFile;
			settings = {
			};
		};
		2087E57605EE9F3100F9ACA1 = {
			fileRef = F580C38005A7166701DAC342;
			isa = PBXBuildFile;
			settings = {
			};
		};
		2087E57705EE9F3100F9ACA1 = {
			fileRef = F580C23105A7151301DAC342;
			isa = PBXBuildFile;
			settings = {
			};
		};
		2087E57805EE9F3100F9ACA1 = {
			fileRef = F5A47A9E01A0483001D3D55B;
			isa = PBXBuildFile;
			settings = {
			};
		};
		2087E57905EE9F3100F9ACA1 = {
			fileRef = F588044205A9FBA9013D8677;
			isa = PBXBuildFile;
			settings = {
			};
		};
		2087E57A05EE9F3100F9ACA1 = {
			fileRef = F588044305A9FBA9013D8677;
			isa = PBXBuildFile;
			settings = {
			};
		};
		2087E57B05EE9F3100F9ACA1 = {
			fileRef = F588044405A9FBA9013D8677;
			isa = PBXBuildFile;
			settings = {
			};
		};
		2087E57C05EE9F3100F9ACA1 = {
			fileRef = F588044605A9FBA9013D8677;
			isa = PBXBuildFile;
			settings = {
			};
		};
		2087E57D05EE9F3100F9ACA1 = {
			fileRef = F588044705A9FBA9013D8677;
			isa = PBXBuildFile;
			settings = {
			};
		};
		2087E57E05EE9F3100F9ACA1 = {
			fileRef = F588044505A9FBA9013D8677;
			isa = PBXBuildFile;
			settings = {
			};
		};
		2087E57F05EE9F3100F9ACA1 = {
			fileRef = F588044A05A9FBA9013D8677;
			isa = PBXBuildFile;
			settings = {
			};
		};
		2087E58005EE9F3100F9ACA1 = {
			fileRef = F580C30305A7163D01DAC342;
			isa = PBXBuildFile;
			settings = {
			};
		};
		2087E58105EE9F3100F9ACA1 = {
			fileRef = F583CC8605DAA79B01C71CA6;
			isa = PBXBuildFile;
			settings = {
			};
		};
		2087E58205EE9F3100F9ACA1 = {
			buildActionMask = 2147483647;
			files = (
				2087E58305EE9F3100F9ACA1,
				2087E58405EE9F3100F9ACA1,
				2087E58505EE9F3100F9ACA1,
				2087E58705EE9F3100F9ACA1,
				2087E58805EE9F3100F9ACA1,
				20761D920619426A00684BA9,
				202FAC9F062BB45B002E6D3B,
				2092AD0B067321580028FD4F,
			);
			isa = PBXFrameworksBuildPhase;
			runOnlyForDeploymentPostprocessing = 0;
		};
		2087E58305EE9F3100F9ACA1 = {
			fileRef = 1058C7A1FEA54F0111CA2CBB;
			isa = PBXBuildFile;
			settings = {
			};
		};
		2087E58405EE9F3100F9ACA1 = {
			fileRef = 29B97325FDCFA39411CA2CEA;
			isa = PBXBuildFile;
			settings = {
			};
		};
		2087E58505EE9F3100F9ACA1 = {
			fileRef = 29B97324FDCFA39411CA2CEA;
			isa = PBXBuildFile;
			settings = {
			};
		};
		2087E58705EE9F3100F9ACA1 = {
			fileRef = F580C4E205A71FBF01DAC342;
			isa = PBXBuildFile;
			settings = {
			};
		};
		2087E58805EE9F3100F9ACA1 = {
			fileRef = F580503605A73CE9014C3AB3;
			isa = PBXBuildFile;
			settings = {
			};
		};
		2087E58A05EE9F3100F9ACA1 = {
			isa = PBXFileReference;
			lastKnownFileType = text.plist.xml;
			path = Info.plist;
			refType = 4;
			sourceTree = "<group>";
		};
		2087E58B05EE9F3100F9ACA1 = {
			explicitFileType = wrapper.application;
			includeInIndex = 0;
			isa = PBXFileReference;
			path = MacAranym.app;
			refType = 3;
			sourceTree = BUILT_PRODUCTS_DIR;
		};
		2087E58F05EE9F8500F9ACA1 = {
			buildPhases = (
				2087E59105EE9F8500F9ACA1,
				2087E59305EE9F8500F9ACA1,
				2087E59705EE9F8500F9ACA1,
				2087E59805EE9F8500F9ACA1,
			);
			buildRules = (
			);
			buildSettings = {
				GCC_OPTIMIZATION_LEVEL = 3;
				GCC_PREPROCESSOR_DEFINITIONS = "HAVE_CONFIG_H OS_darwin CPU_powerpc _GNU_SOURCE DIRECT_ADDRESSING FPU_IEEE ENABLE_EXCLUSIVE_SPCFLAGS _REENTRANT _THREAD_SAFE";
				GCC_WARN_FOUR_CHARACTER_CONSTANTS = NO;
				GCC_WARN_UNKNOWN_PRAGMAS = NO;
				HEADER_SEARCH_PATHS = ../../uae_cpu;
				OTHER_CFLAGS = "";
				OTHER_LDFLAGS = "";
				OTHER_REZFLAGS = "";
				PRODUCT_NAME = gencpu;
				REZ_EXECUTABLE = YES;
				SECTORDER_FLAGS = "";
				WARNING_CFLAGS = "-Wmost";
			};
			dependencies = (
				20EB70FA05EEBB65008CCEA1,
			);
			isa = PBXNativeTarget;
			name = MakeCpu;
			productName = MakeCpu;
			productReference = 2087E59A05EE9F8500F9ACA1;
			productType = "com.apple.product-type.tool";
		};
		2087E59105EE9F8500F9ACA1 = {
			buildActionMask = 2147483647;
			files = (
				2087E59205EE9F8500F9ACA1,
			);
			isa = PBXHeadersBuildPhase;
			runOnlyForDeploymentPostprocessing = 0;
		};
		2087E59205EE9F8500F9ACA1 = {
			fileRef = F580C28B05A7161201DAC342;
			isa = PBXBuildFile;
			settings = {
			};
		};
		2087E59305EE9F8500F9ACA1 = {
			buildActionMask = 2147483647;
			files = (
				2087E59405EE9F8500F9ACA1,
				2087E59505EE9F8500F9ACA1,
				2087E59605EE9F8500F9ACA1,
			);
			isa = PBXSourcesBuildPhase;
			runOnlyForDeploymentPostprocessing = 0;
		};
		2087E59405EE9F8500F9ACA1 = {
			fileRef = F580C30305A7163D01DAC342;
			isa = PBXBuildFile;
			settings = {
			};
		};
		2087E59505EE9F8500F9ACA1 = {
			fileRef = F580C2FC05A7163D01DAC342;
			isa = PBXBuildFile;
			settings = {
			};
		};
		2087E59605EE9F8500F9ACA1 = {
			fileRef = F580C34905A7166701DAC342;
			isa = PBXBuildFile;
			settings = {
			};
		};
		2087E59705EE9F8500F9ACA1 = {
			buildActionMask = 2147483647;
			files = (
			);
			isa = PBXFrameworksBuildPhase;
			runOnlyForDeploymentPostprocessing = 0;
		};
		2087E59805EE9F8500F9ACA1 = {
			buildActionMask = 2147483647;
			files = (
			);
			isa = PBXShellScriptBuildPhase;
			runOnlyForDeploymentPostprocessing = 0;
			shellPath = /bin/sh;
			shellScript = "cd $PWD/build\n./gencpu";
		};
		2087E59A05EE9F8500F9ACA1 = {
			explicitFileType = "compiled.mach-o.executable";
			includeInIndex = 0;
			isa = PBXFileReference;
			path = gencpu;
			refType = 3;
			sourceTree = BUILT_PRODUCTS_DIR;
		};
		2087E59E05EE9F8C00F9ACA1 = {
			buildPhases = (
				2087E59F05EE9F8C00F9ACA1,
				2087E5A005EE9F8C00F9ACA1,
				2087E5A105EE9F8C00F9ACA1,
				2087E5A305EE9F8C00F9ACA1,
				2087E5A405EE9F8C00F9ACA1,
			);
			buildRules = (
			);
			buildSettings = {
				GCC_OPTIMIZATION_LEVEL = 3;
				GCC_WARN_FOUR_CHARACTER_CONSTANTS = NO;
				GCC_WARN_UNKNOWN_PRAGMAS = NO;
				HEADER_SEARCH_PATHS = ../../uae_cpu;
				MACOSX_DEPLOYMENT_TARGET = 10.3;
				OTHER_LDFLAGS = "";
				OTHER_REZFLAGS = "";
				PRODUCT_NAME = Build68k;
				REZ_EXECUTABLE = YES;
				SECTORDER_FLAGS = "";
				WARNING_CFLAGS = "-Wmost";
			};
			dependencies = (
			);
			isa = PBXNativeTarget;
			name = Build68k;
			productName = Build68k;
			productReference = 2087E5A605EE9F8C00F9ACA1;
			productType = "com.apple.product-type.tool";
		};
		2087E59F05EE9F8C00F9ACA1 = {
			buildActionMask = 12;
			files = (
			);
			isa = PBXShellScriptBuildPhase;
			runOnlyForDeploymentPostprocessing = 0;
			shellPath = /bin/sh;
			shellScript = "cd $PWD\nexport ACLOCAL_FLAGS=\"-I $PWD\"\ncd ../Unix\nexport MACOSX_DEPLOYMENT_TARGET=10.3\nif test -f autogen.sh\nthen\n./autogen.sh --prefix=$HOME --enable-fpe=uae --enable-fullhistory\nelse\n./configure --prefix=$HOME --enable-fpe=uae\nfi";
		};
		2087E5A005EE9F8C00F9ACA1 = {
			buildActionMask = 2147483647;
			files = (
			);
			isa = PBXHeadersBuildPhase;
			runOnlyForDeploymentPostprocessing = 0;
		};
		2087E5A105EE9F8C00F9ACA1 = {
			buildActionMask = 2147483647;
			files = (
				2087E5A205EE9F8C00F9ACA1,
			);
			isa = PBXSourcesBuildPhase;
			runOnlyForDeploymentPostprocessing = 0;
		};
		2087E5A205EE9F8C00F9ACA1 = {
			fileRef = F580C2D805A7163D01DAC342;
			isa = PBXBuildFile;
			settings = {
			};
		};
		2087E5A305EE9F8C00F9ACA1 = {
			buildActionMask = 2147483647;
			files = (
			);
			isa = PBXFrameworksBuildPhase;
			runOnlyForDeploymentPostprocessing = 0;
		};
		2087E5A405EE9F8C00F9ACA1 = {
			buildActionMask = 2147483647;
			files = (
			);
			isa = PBXShellScriptBuildPhase;
			runOnlyForDeploymentPostprocessing = 0;
			shellPath = /bin/sh;
			shellScript = "cd $PWD/build\n./Build68K <../../uae_cpu/table68k >cpudefs.cpp";
		};
		2087E5A605EE9F8C00F9ACA1 = {
			explicitFileType = "compiled.mach-o.executable";
			includeInIndex = 0;
			isa = PBXFileReference;
			path = Build68k;
			refType = 3;
			sourceTree = BUILT_PRODUCTS_DIR;
		};
		2092AC3C06731C560028FD4F = {
			buildActionMask = 2147483647;
			dstPath = "";
			dstSubfolderSpec = 10;
			files = (
				2092AD2B067321680028FD4F,
			);
			isa = PBXCopyFilesBuildPhase;
			runOnlyForDeploymentPostprocessing = 0;
		};
		2092AD0A067321580028FD4F = {
			isa = PBXFileReference;
			lastKnownFileType = wrapper.framework;
			name = SDL.framework;
			path = /Users/carlobaiocco/Library/Frameworks/SDL.framework;
			refType = 0;
			sourceTree = "<absolute>";
		};
		2092AD0B067321580028FD4F = {
			fileRef = 2092AD0A067321580028FD4F;
			isa = PBXBuildFile;
			settings = {
			};
		};
		2092AD2B067321680028FD4F = {
			fileRef = 2092AD0A067321580028FD4F;
			isa = PBXBuildFile;
			settings = {
			};
		};
		2092AD2E0673290E0028FD4F = {
			isa = PBXFileReference;
			lastKnownFileType = folder;
			path = Aranym;
			refType = 4;
			sourceTree = "<group>";
		};
		20AE9BE40686255700BAE7C5 = {
			fileEncoding = 30;
			isa = PBXFileReference;
			lastKnownFileType = sourcecode.cpp.cpp;
			path = codegen_PPC.cpp;
			refType = 4;
			sourceTree = "<group>";
		};
		20AE9BE50686256900BAE7C5 = {
			fileEncoding = 30;
			isa = PBXFileReference;
			lastKnownFileType = sourcecode.c.h;
			path = flags_PPC.h;
			refType = 4;
			sourceTree = "<group>";
		};
		20AE9BE60686258300BAE7C5 = {
			fileEncoding = 30;
			isa = PBXFileReference;
			lastKnownFileType = sourcecode.c.h;
			path = codegen_PPC.h;
			refType = 4;
			sourceTree = "<group>";
		};
		20E92B6506ACF5B6004734A7 = {
			fileEncoding = 30;
			isa = PBXFileReference;
			lastKnownFileType = sourcecode.cpp.cpp;
			path = main_unix.cpp;
			refType = 4;
			sourceTree = "<group>";
		};
		20EB70F905EEBB65008CCEA1 = {
			containerPortal = 29B97313FDCFA39411CA2CEA;
			isa = PBXContainerItemProxy;
			proxyType = 1;
			remoteGlobalIDString = 2087E59E05EE9F8C00F9ACA1;
			remoteInfo = "Build68k (Upgraded)";
		};
		20EB70FA05EEBB65008CCEA1 = {
			isa = PBXTargetDependency;
			target = 2087E59E05EE9F8C00F9ACA1;
			targetProxy = 20EB70F905EEBB65008CCEA1;
		};
		20F2894106A12314007603B4 = {
			fileEncoding = 30;
			isa = PBXFileReference;
			lastKnownFileType = sourcecode.cpp.cpp;
			path = dlgAlert.cpp;
			refType = 4;
			sourceTree = "<group>";
		};
		20F2894206A12314007603B4 = {
			fileRef = 20F2894106A12314007603B4;
			isa = PBXBuildFile;
			settings = {
			};
		};
		20F2894306A12389007603B4 = {
			fileEncoding = 30;
			isa = PBXFileReference;
			lastKnownFileType = sourcecode.cpp.cpp;
			path = nfpci.cpp;
			refType = 4;
			sourceTree = "<group>";
		};
		20F2894406A12389007603B4 = {
			fileRef = 20F2894306A12389007603B4;
			isa = PBXBuildFile;
			settings = {
			};
		};
		20F2894506A1239A007603B4 = {
			fileEncoding = 30;
			isa = PBXFileReference;
			lastKnownFileType = sourcecode.c.h;
			path = nfpci.h;
			refType = 4;
			sourceTree = "<group>";
		};
		20F2894606A1239A007603B4 = {
			fileRef = 20F2894506A1239A007603B4;
			isa = PBXBuildFile;
			settings = {
			};
		};
		20F289F506A14613007603B4 = {
			fileRef = F580C2F605A7163D01DAC342;
			isa = PBXBuildFile;
			settings = {
			};
		};
		20F289F606A14627007603B4 = {
			fileRef = F580C2F805A7163D01DAC342;
			isa = PBXBuildFile;
			settings = {
			};
		};
		20F289F706A1463C007603B4 = {
			fileRef = F580C2FB05A7163D01DAC342;
			isa = PBXBuildFile;
			settings = {
			};
		};
		20F289F806A1467A007603B4 = {
			fileRef = F580C2FA05A7163D01DAC342;
			isa = PBXBuildFile;
			settings = {
			};
		};
		20F28A1B06A15823007603B4 = {
			children = (
				20F28A1C06A15823007603B4,
				20F28A2806A15823007603B4,
			);
			isa = PBXGroup;
			path = "Disc image files";
			refType = 4;
			sourceTree = "<group>";
		};
		20F28A1C06A15823007603B4 = {
			children = (
				20F28A1D06A15823007603B4,
				20F28A1E06A15823007603B4,
				20F28A2706A15823007603B4,
			);
			isa = PBXGroup;
			path = Aranym;
			refType = 4;
			sourceTree = "<group>";
		};
		20F28A1D06A15823007603B4 = {
			fileEncoding = 30;
			isa = PBXFileReference;
			lastKnownFileType = text;
			path = COPYING.TXT;
			refType = 4;
			sourceTree = "<group>";
		};
		20F28A1E06A15823007603B4 = {
			children = (
				2048E4CD06A1D03900F6432F,
				2048E4CA06A1CF6700F6432F,
				20F28A2106A15823007603B4,
				2048E4C706A1CEE500F6432F,
				2048E4D006A1D05E00F6432F,
				2048E4C406A1CE9E00F6432F,
				2048E4BC06A1CDEF00F6432F,
				2048E4C106A1CE3600F6432F,
			);
			isa = PBXGroup;
			path = doc;
			refType = 4;
			sourceTree = "<group>";
		};
		20F28A2106A15823007603B4 = {
			fileEncoding = 30;
			isa = PBXFileReference;
			lastKnownFileType = text;
			path = documentation.txt;
			refType = 4;
			sourceTree = "<group>";
		};
		20F28A2706A15823007603B4 = {
			fileEncoding = 30;
			isa = PBXFileReference;
			lastKnownFileType = text;
			path = README.TXT;
			refType = 4;
			sourceTree = "<group>";
		};
		20F28A2806A15823007603B4 = {
			isa = PBXFileReference;
			lastKnownFileType = text.rtf;
			path = "Install and setup.rtf";
			refType = 4;
			sourceTree = "<group>";
		};
//200
//201
//202
//203
//204
//290
//291
//292
//293
//294
		29B97313FDCFA39411CA2CEA = {
			buildSettings = {
			};
			buildStyles = (
				4A9504CCFFE6A4B311CA0CBA,
				4A9504CDFFE6A4B311CA0CBA,
			);
			hasScannedForEncodings = 1;
			isa = PBXProject;
			mainGroup = 29B97314FDCFA39411CA2CEA;
			projectDirPath = "";
			targets = (
				2087E52505EE9F3100F9ACA1,
				2087E58F05EE9F8500F9ACA1,
				2087E59E05EE9F8C00F9ACA1,
				2049CFB80678EABA00316592,
			);
		};
		29B97314FDCFA39411CA2CEA = {
			children = (
				080E96DDFE201D6D7F000001,
				29B97315FDCFA39411CA2CEA,
				29B97323FDCFA39411CA2CEA,
				F580C27805A715C901DAC342,
				20F28A1B06A15823007603B4,
				29B97317FDCFA39411CA2CEA,
				19C28FACFE9D520D11CA2CBB,
			);
			isa = PBXGroup;
			name = Aranym;
			path = "";
			refType = 4;
			sourceTree = "<group>";
		};
		29B97315FDCFA39411CA2CEA = {
			children = (
				202FAA46062BB157002E6D3B,
				F580C33805A7166701DAC342,
				F580C2D505A7163D01DAC342,
				F588044105A9FBA9013D8677,
				F580C22005A7151301DAC342,
				F580C1E905A7148B01DAC342,
				F580C1F405A7148B01DAC342,
				F580C1F305A7148B01DAC342,
				F580C1EC05A7148B01DAC342,
				F580C1EB05A7148B01DAC342,
				F580C1EE05A7148B01DAC342,
				F580C1ED05A7148B01DAC342,
				F580C1E705A7148B01DAC342,
				F580C1EA05A7148B01DAC342,
				F580C1EF05A7148B01DAC342,
				F580C1E805A7148B01DAC342,
				F580C1E605A7148B01DAC342,
				F580C20505A714AF01DAC342,
				F580C20605A714AF01DAC342,
				F580C20405A714AF01DAC342,
				F580C20705A714AF01DAC342,
				F580C20905A714AF01DAC342,
				F580C20805A714AF01DAC342,
				F580C20A05A714AF01DAC342,
				F580C21505A7150401DAC342,
				F580C21405A7150401DAC342,
				F580C21705A7150401DAC342,
				F580C21305A7150401DAC342,
				F580C21205A7150401DAC342,
				F580C21605A7150401DAC342,
				F580C21805A7150401DAC342,
				F580C26405A7155201DAC342,
				F580C26305A7155201DAC342,
				F580C26205A7155201DAC342,
				F580C26105A7155201DAC342,
				F580C26605A7155201DAC342,
				F580C26505A7155201DAC342,
				F580C26005A7155201DAC342,
				F580C27005A7156A01DAC342,
				F580C26F05A7156A01DAC342,
				F580C27505A7157901DAC342,
				F580C27405A7157901DAC342,
			);
			isa = PBXGroup;
			name = "Other sources";
			path = ..;
			refType = 2;
			sourceTree = SOURCE_ROOT;
		};
		29B97317FDCFA39411CA2CEA = {
			children = (
				2087E58A05EE9F3100F9ACA1,
				20335B2506163D850050859A,
				2030D3730618750100ECF64D,
				F59621C605DF84C00187A6B8,
				F580C35605A7166701DAC342,
				F580C37A05A7166701DAC342,
			);
			isa = PBXGroup;
			name = Resources;
			path = "";
			refType = 4;
			sourceTree = "<group>";
		};
		29B97323FDCFA39411CA2CEA = {
			children = (
				1058C7A0FEA54F0111CA2CBB,
				1058C7A2FEA54F0111CA2CBB,
			);
			isa = PBXGroup;
			name = Frameworks;
			path = "";
			refType = 4;
			sourceTree = "<group>";
		};
		29B97324FDCFA39411CA2CEA = {
			fallbackIsa = PBXFileReference;
			isa = PBXFrameworkReference;
			lastKnownFileType = wrapper.framework;
			name = AppKit.framework;
			path = /System/Library/Frameworks/AppKit.framework;
			refType = 0;
			sourceTree = "<absolute>";
		};
		29B97325FDCFA39411CA2CEA = {
			fallbackIsa = PBXFileReference;
			isa = PBXFrameworkReference;
			lastKnownFileType = wrapper.framework;
			name = Foundation.framework;
			path = /System/Library/Frameworks/Foundation.framework;
			refType = 0;
			sourceTree = "<absolute>";
		};
//290
//291
//292
//293
//294
//4A0
//4A1
//4A2
//4A3
//4A4
		4A9504CCFFE6A4B311CA0CBA = {
			buildRules = (
			);
			buildSettings = {
				COPY_PHASE_STRIP = NO;
				CURRENT_PROJECT_VERSION = 0.8.9;
				DYLIB_CURRENT_VERSION = 0.8.9;
				GCC_DYNAMIC_NO_PIC = NO;
				GCC_ENABLE_FIX_AND_CONTINUE = YES;
				GCC_GENERATE_DEBUGGING_SYMBOLS = YES;
				GCC_OPTIMIZATION_LEVEL = 0;
				INSTALL_PATH = "";
				ZERO_LINK = YES;
			};
			isa = PBXBuildStyle;
			name = Development;
		};
		4A9504CDFFE6A4B311CA0CBA = {
			buildRules = (
			);
			buildSettings = {
				COPY_PHASE_STRIP = YES;
				CURRENT_PROJECT_VERSION = 0.8.9;
				DEPLOYMENT_LOCATION = NO;
				DYLIB_CURRENT_VERSION = 0.8.9;
				GCC_ALTIVEC_EXTENSIONS = NO;
				GCC_ENABLE_FIX_AND_CONTINUE = NO;
				GCC_GENERATE_DEBUGGING_SYMBOLS = NO;
				GCC_OPTIMIZATION_LEVEL = 3;
				INSTALL_PATH = "";
				OTHER_CPLUSPLUSFLAGS = "-fast -mcpu=7450";
				SKIP_INSTALL = NO;
				ZERO_LINK = NO;
			};
			isa = PBXBuildStyle;
			name = Deployment;
		};
//4A0
//4A1
//4A2
//4A3
//4A4
//F50
//F51
//F52
//F53
//F54
		F580503605A73CE9014C3AB3 = {
			fallbackIsa = PBXFileReference;
			isa = PBXFrameworkReference;
			lastKnownFileType = wrapper.framework;
			name = CoreFoundation.framework;
			path = /System/Library/Frameworks/CoreFoundation.framework;
			refType = 0;
			sourceTree = "<absolute>";
		};
		F580C1E605A7148B01DAC342 = {
			fileEncoding = 30;
			isa = PBXFileReference;
			lastKnownFileType = sourcecode.cpp.cpp;
			path = fakeio.cpp;
			refType = 4;
			sourceTree = "<group>";
		};
		F580C1E705A7148B01DAC342 = {
			fileEncoding = 30;
			isa = PBXFileReference;
			lastKnownFileType = sourcecode.cpp.cpp;
			path = dsp.cpp;
			refType = 4;
			sourceTree = "<group>";
		};
		F580C1E805A7148B01DAC342 = {
			fileEncoding = 30;
			isa = PBXFileReference;
			lastKnownFileType = sourcecode.cpp.cpp;
			path = emul_op.cpp;
			refType = 4;
			sourceTree = "<group>";
		};
		F580C1E905A7148B01DAC342 = {
			fileEncoding = 30;
			isa = PBXFileReference;
			lastKnownFileType = sourcecode.cpp.cpp;
			path = acia.cpp;
			refType = 4;
			sourceTree = "<group>";
		};
		F580C1EA05A7148B01DAC342 = {
			fileEncoding = 30;
			isa = PBXFileReference;
			lastKnownFileType = sourcecode.cpp.cpp;
			path = dsp_cpu.cpp;
			refType = 4;
			sourceTree = "<group>";
		};
		F580C1EB05A7148B01DAC342 = {
			fileEncoding = 30;
			isa = PBXFileReference;
			lastKnownFileType = sourcecode.cpp.cpp;
			path = blitter.cpp;
			refType = 4;
			sourceTree = "<group>";
		};
		F580C1EC05A7148B01DAC342 = {
			fileEncoding = 30;
			isa = PBXFileReference;
			lastKnownFileType = sourcecode.cpp.cpp;
			path = ata.cpp;
			refType = 4;
			sourceTree = "<group>";
		};
		F580C1ED05A7148B01DAC342 = {
			fileEncoding = 30;
			isa = PBXFileReference;
			lastKnownFileType = sourcecode.cpp.cpp;
			path = cfgopts.cpp;
			refType = 4;
			sourceTree = "<group>";
		};
		F580C1EE05A7148B01DAC342 = {
			fileEncoding = 30;
			isa = PBXFileReference;
			lastKnownFileType = sourcecode.cpp.cpp;
			path = cdrom.cpp;
			refType = 4;
			sourceTree = "<group>";
		};
		F580C1EF05A7148B01DAC342 = {
			fileEncoding = 30;
			isa = PBXFileReference;
			lastKnownFileType = sourcecode.cpp.cpp;
			path = dsp_disasm.cpp;
			refType = 4;
			sourceTree = "<group>";
		};
		F580C1F305A7148B01DAC342 = {
			fileEncoding = 30;
			isa = PBXFileReference;
			lastKnownFileType = sourcecode.cpp.cpp;
			path = aradata.cpp;
			refType = 4;
			sourceTree = "<group>";
		};
		F580C1F405A7148B01DAC342 = {
			fileEncoding = 30;
			isa = PBXFileReference;
			lastKnownFileType = sourcecode.cpp.cpp;
			path = acsifdc.cpp;
			refType = 4;
			sourceTree = "<group>";
		};
		F580C20405A714AF01DAC342 = {
			fileEncoding = 30;
			isa = PBXFileReference;
			lastKnownFileType = sourcecode.cpp.cpp;
			path = hardware.cpp;
			refType = 4;
			sourceTree = "<group>";
		};
		F580C20505A714AF01DAC342 = {
			fileEncoding = 30;
			isa = PBXFileReference;
			lastKnownFileType = sourcecode.cpp.cpp;
			path = fvdidrv.cpp;
			refType = 4;
			sourceTree = "<group>";
		};
		F580C20605A714AF01DAC342 = {
			fileEncoding = 30;
			isa = PBXFileReference;
			lastKnownFileType = sourcecode.cpp.cpp;
			path = hostscreen.cpp;
			refType = 4;
			sourceTree = "<group>";
		};
		F580C20705A714AF01DAC342 = {
			fileEncoding = 30;
			isa = PBXFileReference;
			lastKnownFileType = sourcecode.cpp.cpp;
			path = host.cpp;
			refType = 4;
			sourceTree = "<group>";
		};
		F580C20805A714AF01DAC342 = {
			fileEncoding = 30;
			isa = PBXFileReference;
			lastKnownFileType = sourcecode.cpp.cpp;
			path = identify.cpp;
			refType = 4;
			sourceTree = "<group>";
		};
		F580C20905A714AF01DAC342 = {
			fileEncoding = 30;
			isa = PBXFileReference;
			lastKnownFileType = sourcecode.cpp.cpp;
			path = ide.cpp;
			refType = 4;
			sourceTree = "<group>";
		};
		F580C20A05A714AF01DAC342 = {
			fileEncoding = 30;
			isa = PBXFileReference;
			lastKnownFileType = sourcecode.cpp.cpp;
			path = ikbd.cpp;
			refType = 4;
			sourceTree = "<group>";
		};
		F580C21205A7150401DAC342 = {
			fileEncoding = 30;
			isa = PBXFileReference;
			lastKnownFileType = sourcecode.cpp.cpp;
			path = midi.cpp;
			refType = 4;
			sourceTree = "<group>";
		};
		F580C21305A7150401DAC342 = {
			fileEncoding = 30;
			isa = PBXFileReference;
			lastKnownFileType = sourcecode.cpp.cpp;
			path = mfp.cpp;
			refType = 4;
			sourceTree = "<group>";
		};
		F580C21405A7150401DAC342 = {
			fileEncoding = 30;
			isa = PBXFileReference;
			lastKnownFileType = sourcecode.cpp.cpp;
			path = lilo.cpp;
			refType = 4;
			sourceTree = "<group>";
		};
		F580C21505A7150401DAC342 = {
			fileEncoding = 30;
			isa = PBXFileReference;
			lastKnownFileType = sourcecode.cpp.cpp;
			path = input.cpp;
			refType = 4;
			sourceTree = "<group>";
		};
		F580C21605A7150401DAC342 = {
			fileEncoding = 30;
			isa = PBXFileReference;
			lastKnownFileType = sourcecode.cpp.cpp;
			path = md5.cpp;
			refType = 4;
			sourceTree = "<group>";
		};
		F580C21705A7150401DAC342 = {
			fileEncoding = 30;
			isa = PBXFileReference;
			lastKnownFileType = sourcecode.cpp.cpp;
			path = main.cpp;
			refType = 4;
			sourceTree = "<group>";
		};
		F580C21805A7150401DAC342 = {
			fileEncoding = 30;
			isa = PBXFileReference;
			lastKnownFileType = sourcecode.cpp.cpp;
			path = mmu.cpp;
			refType = 4;
			sourceTree = "<group>";
		};
		F580C22005A7151301DAC342 = {
			children = (
				F580C22205A7151301DAC342,
				F580C22405A7151301DAC342,
				F580C22605A7151301DAC342,
				F580C22F05A7151301DAC342,
				F580C23105A7151301DAC342,
				F580C23305A7151301DAC342,
				F580C23505A7151301DAC342,
				F580C23705A7151301DAC342,
				F580C23905A7151301DAC342,
				F580C23B05A7151301DAC342,
				F580C23D05A7151301DAC342,
				20F2894306A12389007603B4,
				F580C23F05A7151301DAC342,
				F580C22305A7151301DAC342,
				F580C22505A7151301DAC342,
				F580C22705A7151301DAC342,
				F580C23005A7151301DAC342,
				F580C23205A7151301DAC342,
				F580C23405A7151301DAC342,
				F580C23605A7151301DAC342,
				F580C23805A7151301DAC342,
				F580C23A05A7151301DAC342,
				F580C23C05A7151301DAC342,
				F580C23E05A7151301DAC342,
				20F2894506A1239A007603B4,
				F580C24005A7151301DAC342,
				F580C22805A7151301DAC342,
			);
			isa = PBXGroup;
			path = natfeat;
			refType = 4;
			sourceTree = "<group>";
		};
		F580C22205A7151301DAC342 = {
			fileEncoding = 30;
			isa = PBXFileReference;
			lastKnownFileType = sourcecode.c.c;
			path = atari_example.c;
			refType = 4;
			sourceTree = "<group>";
		};
		F580C22305A7151301DAC342 = {
			fileEncoding = 30;
			isa = PBXFileReference;
			lastKnownFileType = text;
			path = atari_example_gfa.lst;
			refType = 4;
			sourceTree = "<group>";
		};
		F580C22405A7151301DAC342 = {
			fileEncoding = 30;
			isa = PBXFileReference;
			lastKnownFileType = sourcecode.cpp.cpp;
			path = audio.cpp;
			refType = 4;
			sourceTree = "<group>";
		};
		F580C22505A7151301DAC342 = {
			fileEncoding = 30;
			isa = PBXFileReference;
			lastKnownFileType = sourcecode.c.h;
			path = audio.h;
			refType = 4;
			sourceTree = "<group>";
		};
		F580C22605A7151301DAC342 = {
			fileEncoding = 30;
			isa = PBXFileReference;
			lastKnownFileType = sourcecode.cpp.cpp;
			path = debugprintf.cpp;
			refType = 4;
			sourceTree = "<group>";
		};
		F580C22705A7151301DAC342 = {
			fileEncoding = 30;
			isa = PBXFileReference;
			lastKnownFileType = sourcecode.c.h;
			path = debugprintf.h;
			refType = 4;
			sourceTree = "<group>";
		};
		F580C22805A7151301DAC342 = {
			children = (
				F580C22A05A7151301DAC342,
				F580C22B05A7151301DAC342,
				F580C22C05A7151301DAC342,
				F580C22D05A7151301DAC342,
				F580C22E05A7151301DAC342,
			);
			isa = PBXGroup;
			path = doc;
			refType = 4;
			sourceTree = "<group>";
		};
		F580C22A05A7151301DAC342 = {
			fileEncoding = 30;
			isa = PBXFileReference;
			lastKnownFileType = text;
			path = attic.txt;
			refType = 4;
			sourceTree = "<group>";
		};
		F580C22B05A7151301DAC342 = {
			fileEncoding = 30;
			isa = PBXFileReference;
			lastKnownFileType = text;
			path = call68k.txt;
			refType = 4;
			sourceTree = "<group>";
		};
		F580C22C05A7151301DAC342 = {
			fileEncoding = 30;
			isa = PBXFileReference;
			lastKnownFileType = text;
			path = native.txt;
			refType = 4;
			sourceTree = "<group>";
		};
		F580C22D05A7151301DAC342 = {
			fileEncoding = 30;
			isa = PBXFileReference;
			lastKnownFileType = sourcecode.c.h;
			path = nf.h;
			refType = 4;
			sourceTree = "<group>";
		};
		F580C22E05A7151301DAC342 = {
			fileEncoding = 30;
			isa = PBXFileReference;
			lastKnownFileType = sourcecode.c.c;
			path = sample.c;
			refType = 4;
			sourceTree = "<group>";
		};
		F580C22F05A7151301DAC342 = {
			fileEncoding = 30;
			isa = PBXFileReference;
			lastKnownFileType = sourcecode.cpp.cpp;
			path = ethernet.cpp;
			refType = 4;
			sourceTree = "<group>";
		};
		F580C23005A7151301DAC342 = {
			fileEncoding = 30;
			isa = PBXFileReference;
			lastKnownFileType = sourcecode.c.h;
			path = ethernet.h;
			refType = 4;
			sourceTree = "<group>";
		};
		F580C23105A7151301DAC342 = {
			fileEncoding = 30;
			isa = PBXFileReference;
			lastKnownFileType = sourcecode.cpp.cpp;
			path = hostfs.cpp;
			refType = 4;
			sourceTree = "<group>";
		};
		F580C23205A7151301DAC342 = {
			fileEncoding = 30;
			isa = PBXFileReference;
			lastKnownFileType = sourcecode.c.h;
			path = hostfs.h;
			refType = 4;
			sourceTree = "<group>";
		};
		F580C23305A7151301DAC342 = {
			fileEncoding = 30;
			isa = PBXFileReference;
			lastKnownFileType = sourcecode.cpp.cpp;
			path = nf_base.cpp;
			refType = 4;
			sourceTree = "<group>";
		};
		F580C23405A7151301DAC342 = {
			fileEncoding = 30;
			isa = PBXFileReference;
			lastKnownFileType = sourcecode.c.h;
			path = nf_base.h;
			refType = 4;
			sourceTree = "<group>";
		};
		F580C23505A7151301DAC342 = {
			fileEncoding = 30;
			isa = PBXFileReference;
			lastKnownFileType = sourcecode.cpp.cpp;
			path = nf_basicset.cpp;
			refType = 4;
			sourceTree = "<group>";
		};
		F580C23605A7151301DAC342 = {
			fileEncoding = 30;
			isa = PBXFileReference;
			lastKnownFileType = sourcecode.c.h;
			path = nf_basicset.h;
			refType = 4;
			sourceTree = "<group>";
		};
		F580C23705A7151301DAC342 = {
			fileEncoding = 30;
			isa = PBXFileReference;
			lastKnownFileType = sourcecode.cpp.cpp;
			path = nf_objs.cpp;
			refType = 4;
			sourceTree = "<group>";
		};
		F580C23805A7151301DAC342 = {
			fileEncoding = 30;
			isa = PBXFileReference;
			lastKnownFileType = sourcecode.c.h;
			path = nf_objs.h;
			refType = 4;
			sourceTree = "<group>";
		};
		F580C23905A7151301DAC342 = {
			fileEncoding = 30;
			isa = PBXFileReference;
			lastKnownFileType = sourcecode.cpp.cpp;
			path = nfcdrom.cpp;
			refType = 4;
			sourceTree = "<group>";
		};
		F580C23A05A7151301DAC342 = {
			fileEncoding = 30;
			isa = PBXFileReference;
			lastKnownFileType = sourcecode.c.h;
			path = nfcdrom.h;
			refType = 4;
			sourceTree = "<group>";
		};
		F580C23B05A7151301DAC342 = {
			fileEncoding = 30;
			isa = PBXFileReference;
			lastKnownFileType = sourcecode.cpp.cpp;
			path = nfcdrom_linux.cpp;
			refType = 4;
			sourceTree = "<group>";
		};
		F580C23C05A7151301DAC342 = {
			fileEncoding = 30;
			isa = PBXFileReference;
			lastKnownFileType = sourcecode.c.h;
			path = nfcdrom_linux.h;
			refType = 4;
			sourceTree = "<group>";
		};
		F580C23D05A7151301DAC342 = {
			fileEncoding = 30;
			isa = PBXFileReference;
			lastKnownFileType = sourcecode.cpp.cpp;
			path = nfcdrom_sdl.cpp;
			refType = 4;
			sourceTree = "<group>";
		};
		F580C23E05A7151301DAC342 = {
			fileEncoding = 30;
			isa = PBXFileReference;
			lastKnownFileType = sourcecode.c.h;
			path = nfcdrom_sdl.h;
			refType = 4;
			sourceTree = "<group>";
		};
		F580C23F05A7151301DAC342 = {
			fileEncoding = 30;
			isa = PBXFileReference;
			lastKnownFileType = sourcecode.cpp.cpp;
			path = xhdi.cpp;
			refType = 4;
			sourceTree = "<group>";
		};
		F580C24005A7151301DAC342 = {
			fileEncoding = 30;
			isa = PBXFileReference;
			lastKnownFileType = sourcecode.c.h;
			path = xhdi.h;
			refType = 4;
			sourceTree = "<group>";
		};
		F580C26005A7155201DAC342 = {
			fileEncoding = 30;
			isa = PBXFileReference;
			lastKnownFileType = sourcecode.cpp.cpp;
			path = rtc.cpp;
			refType = 4;
			sourceTree = "<group>";
		};
		F580C26105A7155201DAC342 = {
			fileEncoding = 30;
			isa = PBXFileReference;
			lastKnownFileType = sourcecode.cpp.cpp;
			path = parallel.cpp;
			refType = 4;
			sourceTree = "<group>";
		};
		F580C26205A7155201DAC342 = {
			fileEncoding = 30;
			isa = PBXFileReference;
			lastKnownFileType = sourcecode.cpp.cpp;
			path = ndebug.cpp;
			refType = 4;
			sourceTree = "<group>";
		};
		F580C26305A7155201DAC342 = {
			fileEncoding = 30;
			isa = PBXFileReference;
			lastKnownFileType = sourcecode.cpp.cpp;
			path = ncr5380.cpp;
			refType = 4;
			sourceTree = "<group>";
		};
		F580C26405A7155201DAC342 = {
			fileEncoding = 30;
			isa = PBXFileReference;
			lastKnownFileType = sourcecode.cpp.cpp;
			path = natfeats.cpp;
			refType = 4;
			sourceTree = "<group>";
		};
		F580C26505A7155201DAC342 = {
			fileEncoding = 30;
			isa = PBXFileReference;
			lastKnownFileType = sourcecode.cpp.cpp;
			path = romdiff.cpp;
			refType = 4;
			sourceTree = "<group>";
		};
		F580C26605A7155201DAC342 = {
			fileEncoding = 30;
			isa = PBXFileReference;
			lastKnownFileType = sourcecode.cpp.cpp;
			path = parameters.cpp;
			refType = 4;
			sourceTree = "<group>";
		};
		F580C26F05A7156A01DAC342 = {
			fileEncoding = 30;
			isa = PBXFileReference;
			lastKnownFileType = sourcecode.cpp.cpp;
			path = tools.cpp;
			refType = 4;
			sourceTree = "<group>";
		};
		F580C27005A7156A01DAC342 = {
			fileEncoding = 30;
			isa = PBXFileReference;
			lastKnownFileType = sourcecode.cpp.cpp;
			path = template.cpp;
			refType = 4;
			sourceTree = "<group>";
		};
		F580C27405A7157901DAC342 = {
			fileEncoding = 30;
			isa = PBXFileReference;
			lastKnownFileType = sourcecode.cpp.cpp;
			path = yamaha.cpp;
			refType = 4;
			sourceTree = "<group>";
		};
		F580C27505A7157901DAC342 = {
			fileEncoding = 30;
			isa = PBXFileReference;
			lastKnownFileType = sourcecode.cpp.cpp;
			path = videl.cpp;
			refType = 4;
			sourceTree = "<group>";
		};
		F580C27805A715C901DAC342 = {
			children = (
				F580C29305A7161201DAC342,
				F580C2A105A7161201DAC342,
				F580C29205A7161201DAC342,
				F580C27F05A7161201DAC342,
				F580C29005A7161201DAC342,
				F580C28C05A7161201DAC342,
				F580C2A005A7161201DAC342,
				F580C29805A7161201DAC342,
				F580C28605A7161201DAC342,
				F580C2A605A7161201DAC342,
				F580C28705A7161201DAC342,
				F580C29E05A7161201DAC342,
				F580C2A305A7161201DAC342,
				F580C28E05A7161201DAC342,
				F580C29105A7161201DAC342,
				F580C28D05A7161201DAC342,
				F580C29C05A7161201DAC342,
				F580C28005A7161201DAC342,
				F580C29605A7161201DAC342,
				F580C29705A7161201DAC342,
				F580C2A505A7161201DAC342,
				F580C29905A7161201DAC342,
				F580C29505A7161201DAC342,
				F580C29A05A7161201DAC342,
				F580C29405A7161201DAC342,
				F580C28305A7161201DAC342,
				F580C2A405A7161201DAC342,
				F580C28805A7161201DAC342,
				F580C28905A7161201DAC342,
				F580C29D05A7161201DAC342,
				F580C2A205A7161201DAC342,
				F580C28505A7161201DAC342,
				F580C28405A7161201DAC342,
				F580C28B05A7161201DAC342,
				F580C28A05A7161201DAC342,
				F580C27E05A7161201DAC342,
				F580C27D05A7161201DAC342,
				F580C27A05A7161201DAC342,
				F580C27B05A7161201DAC342,
				F580C27905A7161201DAC342,
				F580C28205A7161201DAC342,
				F580C28105A7161201DAC342,
			);
			isa = PBXGroup;
			name = include;
			path = ../include;
			refType = 2;
			sourceTree = SOURCE_ROOT;
		};
		F580C27905A7161201DAC342 = {
			fileEncoding = 30;
			isa = PBXFileReference;
			lastKnownFileType = sourcecode.c.h;
			path = version.h;
			refType = 4;
			sourceTree = "<group>";
		};
		F580C27A05A7161201DAC342 = {
			fileEncoding = 30;
			isa = PBXFileReference;
			lastKnownFileType = sourcecode.c.h;
			path = toserror.h;
			refType = 4;
			sourceTree = "<group>";
		};
		F580C27B05A7161201DAC342 = {
			fileEncoding = 30;
			isa = PBXFileReference;
			lastKnownFileType = sourcecode.c.h;
			path = tools.h;
			refType = 4;
			sourceTree = "<group>";
		};
		F580C27D05A7161201DAC342 = {
			fileEncoding = 30;
			isa = PBXFileReference;
			lastKnownFileType = sourcecode.c.h;
			path = scsidefs.h;
			refType = 4;
			sourceTree = "<group>";
		};
		F580C27E05A7161201DAC342 = {
			fileEncoding = 30;
			isa = PBXFileReference;
			lastKnownFileType = sourcecode.c.h;
			path = rtc.h;
			refType = 4;
			sourceTree = "<group>";
		};
		F580C27F05A7161201DAC342 = {
			fileEncoding = 30;
			isa = PBXFileReference;
			lastKnownFileType = sourcecode.c.h;
			path = aramd5.h;
			refType = 4;
			sourceTree = "<group>";
		};
		F580C28005A7161201DAC342 = {
			fileEncoding = 30;
			isa = PBXFileReference;
			lastKnownFileType = sourcecode.c.h;
			path = host.h;
			refType = 4;
			sourceTree = "<group>";
		};
		F580C28105A7161201DAC342 = {
			fileEncoding = 30;
			isa = PBXFileReference;
			lastKnownFileType = sourcecode.c.h;
			path = yamaha.h;
			refType = 4;
			sourceTree = "<group>";
		};
		F580C28205A7161201DAC342 = {
			fileEncoding = 30;
			isa = PBXFileReference;
			lastKnownFileType = sourcecode.c.h;
			path = videl.h;
			refType = 4;
			sourceTree = "<group>";
		};
		F580C28305A7161201DAC342 = {
			fileEncoding = 30;
			isa = PBXFileReference;
			lastKnownFileType = sourcecode.c.h;
			path = main.h;
			refType = 4;
			sourceTree = "<group>";
		};
		F580C28405A7161201DAC342 = {
			fileEncoding = 30;
			isa = PBXFileReference;
			lastKnownFileType = sourcecode.c.h;
			path = parallel.h;
			refType = 4;
			sourceTree = "<group>";
		};
		F580C28505A7161201DAC342 = {
			fileEncoding = 30;
			isa = PBXFileReference;
			lastKnownFileType = sourcecode.c.h;
			path = ndebug.h;
			refType = 4;
			sourceTree = "<group>";
		};
		F580C28605A7161201DAC342 = {
			fileEncoding = 30;
			isa = PBXFileReference;
			lastKnownFileType = sourcecode.c.h;
			path = cdrom.h;
			refType = 4;
			sourceTree = "<group>";
		};
		F580C28705A7161201DAC342 = {
			fileEncoding = 30;
			isa = PBXFileReference;
			lastKnownFileType = sourcecode.c.h;
			path = dsp.h;
			refType = 4;
			sourceTree = "<group>";
		};
		F580C28805A7161201DAC342 = {
			fileEncoding = 30;
			isa = PBXFileReference;
			lastKnownFileType = sourcecode.c.h;
			path = midi.h;
			refType = 4;
			sourceTree = "<group>";
		};
		F580C28905A7161201DAC342 = {
			fileEncoding = 30;
			isa = PBXFileReference;
			lastKnownFileType = sourcecode.c.h;
			path = mmu.h;
			refType = 4;
			sourceTree = "<group>";
		};
		F580C28A05A7161201DAC342 = {
			fileEncoding = 30;
			isa = PBXFileReference;
			lastKnownFileType = sourcecode.c.h;
			path = romdiff.h;
			refType = 4;
			sourceTree = "<group>";
		};
		F580C28B05A7161201DAC342 = {
			fileEncoding = 30;
			isa = PBXFileReference;
			lastKnownFileType = sourcecode.c.h;
			path = parameters.h;
			refType = 4;
			sourceTree = "<group>";
		};
		F580C28C05A7161201DAC342 = {
			fileEncoding = 30;
			isa = PBXFileReference;
			lastKnownFileType = sourcecode.c.h;
			path = "aspi-win32.h";
			refType = 4;
			sourceTree = "<group>";
		};
		F580C28D05A7161201DAC342 = {
			fileEncoding = 30;
			isa = PBXFileReference;
			lastKnownFileType = sourcecode.c.h;
			path = fvdidrv.h;
			refType = 4;
			sourceTree = "<group>";
		};
		F580C28E05A7161201DAC342 = {
			fileEncoding = 30;
			isa = PBXFileReference;
			lastKnownFileType = sourcecode.c.h;
			path = emu_bochs.h;
			refType = 4;
			sourceTree = "<group>";
		};
		F580C29005A7161201DAC342 = {
			fileEncoding = 30;
			isa = PBXFileReference;
			lastKnownFileType = sourcecode.c.h;
			path = ata.h;
			refType = 4;
			sourceTree = "<group>";
		};
		F580C29105A7161201DAC342 = {
			fileEncoding = 30;
			isa = PBXFileReference;
			lastKnownFileType = sourcecode.c.h;
			path = emul_op.h;
			refType = 4;
			sourceTree = "<group>";
		};
		F580C29205A7161201DAC342 = {
			fileEncoding = 30;
			isa = PBXFileReference;
			lastKnownFileType = sourcecode.c.h;
			path = aradata.h;
			refType = 4;
			sourceTree = "<group>";
		};
		F580C29305A7161201DAC342 = {
			fileEncoding = 30;
			isa = PBXFileReference;
			lastKnownFileType = sourcecode.c.h;
			path = acia.h;
			refType = 4;
			sourceTree = "<group>";
		};
		F580C29405A7161201DAC342 = {
			fileEncoding = 30;
			isa = PBXFileReference;
			lastKnownFileType = sourcecode.c.h;
			path = lilo.h;
			refType = 4;
			sourceTree = "<group>";
		};
		F580C29505A7161201DAC342 = {
			fileEncoding = 30;
			isa = PBXFileReference;
			lastKnownFileType = sourcecode.c.h;
			path = ikbd.h;
			refType = 4;
			sourceTree = "<group>";
		};
		F580C29605A7161201DAC342 = {
			fileEncoding = 30;
			isa = PBXFileReference;
			lastKnownFileType = sourcecode.c.h;
			path = hostscreen.h;
			refType = 4;
			sourceTree = "<group>";
		};
		F580C29705A7161201DAC342 = {
			fileEncoding = 30;
			isa = PBXFileReference;
			lastKnownFileType = sourcecode.c.h;
			path = icio.h;
			refType = 4;
			sourceTree = "<group>";
		};
		F580C29805A7161201DAC342 = {
			fileEncoding = 30;
			isa = PBXFileReference;
			lastKnownFileType = sourcecode.c.h;
			path = cfgopts.h;
			refType = 4;
			sourceTree = "<group>";
		};
		F580C29905A7161201DAC342 = {
			fileEncoding = 30;
			isa = PBXFileReference;
			lastKnownFileType = sourcecode.c.h;
			path = identify.h;
			refType = 4;
			sourceTree = "<group>";
		};
		F580C29A05A7161201DAC342 = {
			fileEncoding = 30;
			isa = PBXFileReference;
			lastKnownFileType = sourcecode.c.h;
			path = input.h;
			refType = 4;
			sourceTree = "<group>";
		};
		F580C29C05A7161201DAC342 = {
			fileEncoding = 30;
			isa = PBXFileReference;
			lastKnownFileType = sourcecode.c.h;
			path = hardware.h;
			refType = 4;
			sourceTree = "<group>";
		};
		F580C29D05A7161201DAC342 = {
			fileEncoding = 30;
			isa = PBXFileReference;
			lastKnownFileType = sourcecode.c.h;
			path = natfeats.h;
			refType = 4;
			sourceTree = "<group>";
		};
		F580C29E05A7161201DAC342 = {
			fileEncoding = 30;
			isa = PBXFileReference;
			lastKnownFileType = sourcecode.c.h;
			path = dsp_cpu.h;
			refType = 4;
			sourceTree = "<group>";
		};
		F580C2A005A7161201DAC342 = {
			fileEncoding = 30;
			isa = PBXFileReference;
			lastKnownFileType = sourcecode.c.h;
			path = blitter.h;
			refType = 4;
			sourceTree = "<group>";
		};
		F580C2A105A7161201DAC342 = {
			fileEncoding = 30;
			isa = PBXFileReference;
			lastKnownFileType = sourcecode.c.h;
			path = acsifdc.h;
			refType = 4;
			sourceTree = "<group>";
		};
		F580C2A205A7161201DAC342 = {
			fileEncoding = 30;
			isa = PBXFileReference;
			lastKnownFileType = sourcecode.c.h;
			path = ncr5380.h;
			refType = 4;
			sourceTree = "<group>";
		};
		F580C2A305A7161201DAC342 = {
			fileEncoding = 30;
			isa = PBXFileReference;
			lastKnownFileType = sourcecode.c.h;
			path = dsp_disasm.h;
			refType = 4;
			sourceTree = "<group>";
		};
		F580C2A405A7161201DAC342 = {
			fileEncoding = 30;
			isa = PBXFileReference;
			lastKnownFileType = sourcecode.c.h;
			path = mfp.h;
			refType = 4;
			sourceTree = "<group>";
		};
		F580C2A505A7161201DAC342 = {
			fileEncoding = 30;
			isa = PBXFileReference;
			lastKnownFileType = sourcecode.c.h;
			path = ide.h;
			refType = 4;
			sourceTree = "<group>";
		};
		F580C2A605A7161201DAC342 = {
			fileEncoding = 30;
			isa = PBXFileReference;
			lastKnownFileType = sourcecode.c.h;
			path = debug.h;
			refType = 4;
			sourceTree = "<group>";
		};
		F580C2D505A7163D01DAC342 = {
			children = (
				F580C2D705A7163D01DAC342,
				F580C2D805A7163D01DAC342,
				F580C34905A7166701DAC342,
				F580C34A05A7166701DAC342,
				F580C2E305A7163D01DAC342,
				F580C2E505A7163D01DAC342,
				F580C34B05A7166701DAC342,
				F580C2E605A7163D01DAC342,
				F580C2FC05A7163D01DAC342,
				F580C2FE05A7163D01DAC342,
				F580C30005A7163D01DAC342,
				F580C30305A7163D01DAC342,
				F580C2D905A7163D01DAC342,
				F580C2E705A7163D01DAC342,
				F580C34C05A7166701DAC342,
				F580C2E205A7163D01DAC342,
				F580C2E405A7163D01DAC342,
				F580C2FD05A7163D01DAC342,
				F580C2FF05A7163D01DAC342,
				F580C30105A7163D01DAC342,
				F580C30205A7163D01DAC342,
				F580C30405A7163D01DAC342,
				F580C30505A7163D01DAC342,
				F580C30605A7163D01DAC342,
				F580C30705A7163D01DAC342,
			);
			isa = PBXGroup;
			path = uae_cpu;
			refType = 4;
			sourceTree = "<group>";
		};
		F580C2D705A7163D01DAC342 = {
			fileEncoding = 30;
			isa = PBXFileReference;
			lastKnownFileType = sourcecode.cpp.cpp;
			path = aranym_glue.cpp;
			refType = 4;
			sourceTree = "<group>";
		};
		F580C2D805A7163D01DAC342 = {
			fileEncoding = 30;
			isa = PBXFileReference;
			lastKnownFileType = sourcecode.c.c;
			path = build68k.c;
			refType = 4;
			sourceTree = "<group>";
		};
		F580C2D905A7163D01DAC342 = {
			children = (
				20AE9BE40686255700BAE7C5,
				F580C2DB05A7163D01DAC342,
				F580C2DE05A7163D01DAC342,
				F580C2DF05A7163D01DAC342,
				F580C2E105A7163D01DAC342,
				20AE9BE60686258300BAE7C5,
				F580C2DC05A7163D01DAC342,
				F580C2DD05A7163D01DAC342,
				20AE9BE50686256900BAE7C5,
				F580C2E005A7163D01DAC342,
			);
			isa = PBXGroup;
			path = compiler;
			refType = 4;
			sourceTree = "<group>";
		};
		F580C2DB05A7163D01DAC342 = {
			fileEncoding = 30;
			isa = PBXFileReference;
			lastKnownFileType = sourcecode.cpp.cpp;
			path = codegen_x86.cpp;
			refType = 4;
			sourceTree = "<group>";
		};
		F580C2DC05A7163D01DAC342 = {
			fileEncoding = 30;
			isa = PBXFileReference;
			lastKnownFileType = sourcecode.c.h;
			path = codegen_x86.h;
			refType = 4;
			sourceTree = "<group>";
		};
		F580C2DD05A7163D01DAC342 = {
			fileEncoding = 30;
			isa = PBXFileReference;
			lastKnownFileType = sourcecode.c.h;
			path = compemu.h;
			refType = 4;
			sourceTree = "<group>";
		};
		F580C2DE05A7163D01DAC342 = {
			fileEncoding = 30;
			isa = PBXFileReference;
			lastKnownFileType = sourcecode.cpp.cpp;
			path = compemu_fpp.cpp;
			refType = 4;
			sourceTree = "<group>";
		};
		F580C2DF05A7163D01DAC342 = {
			fileEncoding = 30;
			isa = PBXFileReference;
			lastKnownFileType = sourcecode.cpp.cpp;
			path = compemu_support.cpp;
			refType = 4;
			sourceTree = "<group>";
		};
		F580C2E005A7163D01DAC342 = {
			fileEncoding = 30;
			isa = PBXFileReference;
			lastKnownFileType = sourcecode.c.h;
			path = flags_x86.h;
			refType = 4;
			sourceTree = "<group>";
		};
		F580C2E105A7163D01DAC342 = {
			fileEncoding = 30;
			isa = PBXFileReference;
			lastKnownFileType = sourcecode.c.c;
			path = gencomp.c;
			refType = 4;
			sourceTree = "<group>";
		};
		F580C2E205A7163D01DAC342 = {
			fileEncoding = 30;
			isa = PBXFileReference;
			lastKnownFileType = sourcecode.c.h;
			path = cpu_emulation.h;
			refType = 4;
			sourceTree = "<group>";
		};
		F580C2E305A7163D01DAC342 = {
			fileEncoding = 30;
			isa = PBXFileReference;
			lastKnownFileType = sourcecode.cpp.cpp;
			path = cpummu.cpp;
			refType = 4;
			sourceTree = "<group>";
		};
		F580C2E405A7163D01DAC342 = {
			fileEncoding = 30;
			isa = PBXFileReference;
			lastKnownFileType = sourcecode.c.h;
			path = cpummu.h;
			refType = 4;
			sourceTree = "<group>";
		};
		F580C2E505A7163D01DAC342 = {
			fileEncoding = 30;
			isa = PBXFileReference;
			lastKnownFileType = sourcecode.c.c;
			path = cpuopti.c;
			refType = 4;
			sourceTree = "<group>";
		};
		F580C2E605A7163D01DAC342 = {
			fileEncoding = 30;
			isa = PBXFileReference;
			lastKnownFileType = sourcecode.cpp.cpp;
			path = debug.cpp;
			refType = 4;
			sourceTree = "<group>";
		};
		F580C2E705A7163D01DAC342 = {
			children = (
				F580C2EA05A7163D01DAC342,
				F580C2EC05A7163D01DAC342,
				F580C2EF05A7163D01DAC342,
				F580C2F105A7163D01DAC342,
				F580C2F305A7163D01DAC342,
				F580C2F705A7163D01DAC342,
				F580C2F905A7163D01DAC342,
				F580C2E905A7163D01DAC342,
				F580C2EB05A7163D01DAC342,
				F580C2ED05A7163D01DAC342,
				F580C2EE05A7163D01DAC342,
				F580C2F005A7163D01DAC342,
				F580C2F205A7163D01DAC342,
				F580C2F405A7163D01DAC342,
				F580C2F505A7163D01DAC342,
				F580C2F605A7163D01DAC342,
				F580C2F805A7163D01DAC342,
				F580C2FA05A7163D01DAC342,
				F580C2FB05A7163D01DAC342,
			);
			isa = PBXGroup;
			path = fpu;
			refType = 4;
			sourceTree = "<group>";
		};
		F580C2E905A7163D01DAC342 = {
			fileEncoding = 30;
			isa = PBXFileReference;
			lastKnownFileType = sourcecode.c.h;
			path = core.h;
			refType = 4;
			sourceTree = "<group>";
		};
		F580C2EA05A7163D01DAC342 = {
			fileEncoding = 30;
			isa = PBXFileReference;
			lastKnownFileType = sourcecode.cpp.cpp;
			path = exceptions.cpp;
			refType = 4;
			sourceTree = "<group>";
		};
		F580C2EB05A7163D01DAC342 = {
			fileEncoding = 30;
			isa = PBXFileReference;
			lastKnownFileType = sourcecode.c.h;
			path = exceptions.h;
			refType = 4;
			sourceTree = "<group>";
		};
		F580C2EC05A7163D01DAC342 = {
			fileEncoding = 30;
			isa = PBXFileReference;
			lastKnownFileType = sourcecode.cpp.cpp;
			path = flags.cpp;
			refType = 4;
			sourceTree = "<group>";
		};
		F580C2ED05A7163D01DAC342 = {
			fileEncoding = 30;
			isa = PBXFileReference;
			lastKnownFileType = sourcecode.c.h;
			path = flags.h;
			refType = 4;
			sourceTree = "<group>";
		};
		F580C2EE05A7163D01DAC342 = {
			fileEncoding = 30;
			isa = PBXFileReference;
			lastKnownFileType = sourcecode.c.h;
			path = fpu.h;
			refType = 4;
			sourceTree = "<group>";
		};
		F580C2EF05A7163D01DAC342 = {
			fileEncoding = 30;
			isa = PBXFileReference;
			lastKnownFileType = sourcecode.cpp.cpp;
			path = fpu_ieee.cpp;
			refType = 4;
			sourceTree = "<group>";
		};
		F580C2F005A7163D01DAC342 = {
			fileEncoding = 30;
			isa = PBXFileReference;
			lastKnownFileType = sourcecode.c.h;
			path = fpu_ieee.h;
			refType = 4;
			sourceTree = "<group>";
		};
		F580C2F105A7163D01DAC342 = {
			fileEncoding = 30;
			isa = PBXFileReference;
			lastKnownFileType = sourcecode.cpp.cpp;
			path = fpu_uae.cpp;
			refType = 4;
			sourceTree = "<group>";
		};
		F580C2F205A7163D01DAC342 = {
			fileEncoding = 30;
			isa = PBXFileReference;
			lastKnownFileType = sourcecode.c.h;
			path = fpu_uae.h;
			refType = 4;
			sourceTree = "<group>";
		};
		F580C2F305A7163D01DAC342 = {
			fileEncoding = 30;
			isa = PBXFileReference;
			lastKnownFileType = sourcecode.cpp.cpp;
			path = fpu_x86.cpp;
			refType = 4;
			sourceTree = "<group>";
		};
		F580C2F405A7163D01DAC342 = {
			fileEncoding = 30;
			isa = PBXFileReference;
			lastKnownFileType = sourcecode.c.h;
			path = fpu_x86.h;
			refType = 4;
			sourceTree = "<group>";
		};
		F580C2F505A7163D01DAC342 = {
			fileEncoding = 30;
			isa = PBXFileReference;
			lastKnownFileType = sourcecode.c.h;
			path = fpu_x86_asm.h;
			refType = 4;
			sourceTree = "<group>";
		};
		F580C2F605A7163D01DAC342 = {
			fileEncoding = 30;
			isa = PBXFileReference;
			lastKnownFileType = sourcecode.c.h;
			path = impl.h;
			refType = 4;
			sourceTree = "<group>";
		};
		F580C2F705A7163D01DAC342 = {
			fileEncoding = 30;
			isa = PBXFileReference;
			lastKnownFileType = sourcecode.cpp.cpp;
			path = mathlib.cpp;
			refType = 4;
			sourceTree = "<group>";
		};
		F580C2F805A7163D01DAC342 = {
			fileEncoding = 30;
			isa = PBXFileReference;
			lastKnownFileType = sourcecode.c.h;
			path = mathlib.h;
			refType = 4;
			sourceTree = "<group>";
		};
		F580C2F905A7163D01DAC342 = {
			fileEncoding = 30;
			isa = PBXFileReference;
			lastKnownFileType = sourcecode.cpp.cpp;
			path = rounding.cpp;
			refType = 4;
			sourceTree = "<group>";
		};
		F580C2FA05A7163D01DAC342 = {
			fileEncoding = 30;
			isa = PBXFileReference;
			lastKnownFileType = sourcecode.c.h;
			path = rounding.h;
			refType = 4;
			sourceTree = "<group>";
		};
		F580C2FB05A7163D01DAC342 = {
			fileEncoding = 30;
			isa = PBXFileReference;
			lastKnownFileType = sourcecode.c.h;
			path = types.h;
			refType = 4;
			sourceTree = "<group>";
		};
		F580C2FC05A7163D01DAC342 = {
			fileEncoding = 30;
			isa = PBXFileReference;
			lastKnownFileType = sourcecode.c.c;
			path = gencpu.c;
			refType = 4;
			sourceTree = "<group>";
		};
		F580C2FD05A7163D01DAC342 = {
			fileEncoding = 30;
			isa = PBXFileReference;
			lastKnownFileType = sourcecode.c.h;
			path = m68k.h;
			refType = 4;
			sourceTree = "<group>";
		};
		F580C2FE05A7163D01DAC342 = {
			fileEncoding = 30;
			isa = PBXFileReference;
			lastKnownFileType = sourcecode.cpp.cpp;
			path = memory.cpp;
			refType = 4;
			sourceTree = "<group>";
		};
		F580C2FF05A7163D01DAC342 = {
			fileEncoding = 30;
			isa = PBXFileReference;
			lastKnownFileType = sourcecode.c.h;
			path = memory.h;
			refType = 4;
			sourceTree = "<group>";
		};
		F580C30005A7163D01DAC342 = {
			fileEncoding = 30;
			isa = PBXFileReference;
			lastKnownFileType = sourcecode.cpp.cpp;
			path = newcpu.cpp;
			refType = 4;
			sourceTree = "<group>";
		};
		F580C30105A7163D01DAC342 = {
			fileEncoding = 30;
			isa = PBXFileReference;
			lastKnownFileType = sourcecode.c.h;
			path = newcpu.h;
			refType = 4;
			sourceTree = "<group>";
		};
		F580C30205A7163D01DAC342 = {
			fileEncoding = 30;
			isa = PBXFileReference;
			lastKnownFileType = sourcecode.c.h;
			path = noflags.h;
			refType = 4;
			sourceTree = "<group>";
		};
		F580C30305A7163D01DAC342 = {
			fileEncoding = 30;
			isa = PBXFileReference;
			lastKnownFileType = sourcecode.cpp.cpp;
			path = readcpu.cpp;
			refType = 4;
			sourceTree = "<group>";
		};
		F580C30405A7163D01DAC342 = {
			fileEncoding = 30;
			isa = PBXFileReference;
			lastKnownFileType = sourcecode.c.h;
			path = readcpu.h;
			refType = 4;
			sourceTree = "<group>";
		};
		F580C30505A7163D01DAC342 = {
			fileEncoding = 30;
			isa = PBXFileReference;
			lastKnownFileType = sourcecode.c.h;
			path = registers.h;
			refType = 4;
			sourceTree = "<group>";
		};
		F580C30605A7163D01DAC342 = {
			fileEncoding = 30;
			isa = PBXFileReference;
			lastKnownFileType = sourcecode.c.h;
			path = spcflags.h;
			refType = 4;
			sourceTree = "<group>";
		};
		F580C30705A7163D01DAC342 = {
			fileEncoding = 30;
			isa = PBXFileReference;
			lastKnownFileType = text;
			path = table68k;
			refType = 4;
			sourceTree = "<group>";
		};
		F580C33805A7166701DAC342 = {
			children = (
				201C30AB05F758B100804E00,
				201DD8CC05F70B7B0090F5B7,
				201DD8BB05F707260090F5B7,
				F5B5AED505E6B89301436688,
				203122C90649109100ED24E4,
				201DD8C005F707970090F5B7,
				F580C34305A7166701DAC342,
				F580C34405A7166701DAC342,
				201DD8BC05F707500090F5B7,
				F580C38C05A7166701DAC342,
				F580C38D05A7166701DAC342,
				F580C33C05A7166701DAC342,
				F580C38005A7166701DAC342,
				F580C38205A7166701DAC342,
				F580C38305A7166701DAC342,
				20E92B6506ACF5B6004734A7,
				F580C3DE05A7166801DAC342,
				F580C3DF05A7166801DAC342,
				F580C33B05A7166701DAC342,
				F580C34205A7166701DAC342,
				F580C38105A7166701DAC342,
				F580C3DD05A7166801DAC342,
				F580C3E005A7166801DAC342,
				F580C38705A7166701DAC342,
				F580C3E105A7166801DAC342,
			);
			isa = PBXGroup;
			path = Unix;
			refType = 4;
			sourceTree = "<group>";
		};
		F580C33B05A7166701DAC342 = {
			fileEncoding = 30;
			isa = PBXFileReference;
			lastKnownFileType = sourcecode.c.h;
			path = ansidecl.h;
			refType = 4;
			sourceTree = "<group>";
		};
		F580C33C05A7166701DAC342 = {
			fileEncoding = 30;
			isa = PBXFileReference;
			lastKnownFileType = sourcecode.c.c;
			path = aratapif.c;
			refType = 4;
			sourceTree = "<group>";
		};
		F580C34205A7166701DAC342 = {
			fileEncoding = 30;
			isa = PBXFileReference;
			lastKnownFileType = sourcecode.c.h;
			path = config.h;
			refType = 4;
			sourceTree = "<group>";
		};
		F580C34305A7166701DAC342 = {
			fileEncoding = 30;
			isa = PBXFileReference;
			lastKnownFileType = text;
			path = config.h.in;
			refType = 4;
			sourceTree = "<group>";
		};
		F580C34405A7166701DAC342 = {
			fileEncoding = 30;
			isa = PBXFileReference;
			lastKnownFileType = text;
			path = config.log;
			refType = 4;
			sourceTree = "<group>";
		};
		F580C34905A7166701DAC342 = {
			fileEncoding = 30;
			isa = PBXFileReference;
			lastKnownFileType = sourcecode.cpp.cpp;
			name = cpudefs.cpp;
			path = build/cpudefs.cpp;
			refType = 2;
			sourceTree = SOURCE_ROOT;
		};
		F580C34A05A7166701DAC342 = {
			fileEncoding = 30;
			isa = PBXFileReference;
			lastKnownFileType = sourcecode.cpp.cpp;
			name = cpuemu.cpp;
			path = build/cpuemu.cpp;
			refType = 2;
			sourceTree = SOURCE_ROOT;
		};
		F580C34B05A7166701DAC342 = {
			fileEncoding = 30;
			isa = PBXFileReference;
			lastKnownFileType = sourcecode.cpp.cpp;
			name = cpustbl.cpp;
			path = build/cpustbl.cpp;
			refType = 2;
			sourceTree = SOURCE_ROOT;
		};
		F580C34C05A7166701DAC342 = {
			fileEncoding = 30;
			isa = PBXFileReference;
			lastKnownFileType = sourcecode.c.h;
			name = cputbl.h;
			path = build/cputbl.h;
			refType = 2;
			sourceTree = SOURCE_ROOT;
		};
		F580C35605A7166701DAC342 = {
			isa = PBXFileReference;
			lastKnownFileType = image.icns;
			path = aranym2.icns;
			refType = 4;
			sourceTree = "<group>";
		};
		F580C37A05A7166701DAC342 = {
			children = (
				F580C37B05A7166701DAC342,
			);
			isa = PBXVariantGroup;
			path = English.lproj;
			refType = 4;
			sourceTree = "<group>";
		};
		F580C37B05A7166701DAC342 = {
			isa = PBXFileReference;
			lastKnownFileType = wrapper.nib;
			path = SDLMain.nib;
			refType = 4;
			sourceTree = "<group>";
		};
		F580C37C05A7166701DAC342 = {
			fileEncoding = 30;
			isa = PBXFileReference;
			lastKnownFileType = sourcecode.c.h;
			path = SDLMain.h;
			refType = 4;
			sourceTree = "<group>";
		};
		F580C38005A7166701DAC342 = {
			fileEncoding = 30;
			isa = PBXFileReference;
			lastKnownFileType = sourcecode.c.c;
			path = getopt.c;
			refType = 4;
			sourceTree = "<group>";
		};
		F580C38105A7166701DAC342 = {
			fileEncoding = 30;
			isa = PBXFileReference;
			lastKnownFileType = sourcecode.c.h;
			path = getopt.h;
			refType = 4;
			sourceTree = "<group>";
		};
		F580C38205A7166701DAC342 = {
			fileEncoding = 30;
			isa = PBXFileReference;
			lastKnownFileType = sourcecode.c.c;
			path = getopt1.c;
			refType = 4;
			sourceTree = "<group>";
		};
		F580C38305A7166701DAC342 = {
			fileEncoding = 30;
			isa = PBXFileReference;
			lastKnownFileType = sourcecode.c.c;
			path = getopt_init.c;
			refType = 4;
			sourceTree = "<group>";
		};
		F580C38705A7166701DAC342 = {
			isa = PBXFileReference;
			lastKnownFileType = archive.ar;
			path = libaranym.a;
			refType = 4;
			sourceTree = "<group>";
		};
		F580C38C05A7166701DAC342 = {
			fileEncoding = 30;
			isa = PBXFileReference;
			lastKnownFileType = sourcecode.make;
			path = Makefile;
			refType = 4;
			sourceTree = "<group>";
		};
		F580C38D05A7166701DAC342 = {
			fileEncoding = 30;
			isa = PBXFileReference;
			lastKnownFileType = text;
			path = Makefile.in;
			refType = 4;
			sourceTree = "<group>";
		};
		F580C3DD05A7166801DAC342 = {
			fileEncoding = 30;
			isa = PBXFileReference;
			lastKnownFileType = sourcecode.c.h;
			path = sysdeps.h;
			refType = 4;
			sourceTree = "<group>";
		};
		F580C3DE05A7166801DAC342 = {
			fileEncoding = 30;
			isa = PBXFileReference;
			lastKnownFileType = sourcecode.c.c;
			path = vasprintf.c;
			refType = 4;
			sourceTree = "<group>";
		};
		F580C3DF05A7166801DAC342 = {
			fileEncoding = 30;
			isa = PBXFileReference;
			lastKnownFileType = sourcecode.cpp.cpp;
			path = vm_alloc.cpp;
			refType = 4;
			sourceTree = "<group>";
		};
		F580C3E005A7166801DAC342 = {
			fileEncoding = 30;
			isa = PBXFileReference;
			lastKnownFileType = sourcecode.c.h;
			path = vm_alloc.h;
			refType = 4;
			sourceTree = "<group>";
		};
		F580C3E105A7166801DAC342 = {
			children = (
				F580C3E205A7166801DAC342,
			);
			isa = PBXGroup;
			path = xbsd;
			refType = 4;
			sourceTree = "<group>";
		};
		F580C3E205A7166801DAC342 = {
			fileEncoding = 30;
			isa = PBXFileReference;
			lastKnownFileType = sourcecode.cpp.cpp;
			path = sigsegv_xbsd.cpp;
			refType = 4;
			sourceTree = "<group>";
		};
		F580C4E205A71FBF01DAC342 = {
			fallbackIsa = PBXFileReference;
			isa = PBXFrameworkReference;
			lastKnownFileType = wrapper.framework;
			name = IOKit.framework;
			path = /System/Library/Frameworks/IOKit.framework;
			refType = 0;
			sourceTree = "<absolute>";
		};
		F583CC8605DAA79B01C71CA6 = {
			fileEncoding = 30;
			isa = PBXFileReference;
			lastKnownFileType = sourcecode.cpp.cpp;
			path = dlgHelp.cpp;
			refType = 4;
			sourceTree = "<group>";
		};
		F588044105A9FBA9013D8677 = {
			children = (
				F588044205A9FBA9013D8677,
				20F2894106A12314007603B4,
				F588044305A9FBA9013D8677,
				F588044405A9FBA9013D8677,
				F583CC8605DAA79B01C71CA6,
				F588044505A9FBA9013D8677,
				F588044605A9FBA9013D8677,
				F588044705A9FBA9013D8677,
				F588044A05A9FBA9013D8677,
				F588044805A9FBA9013D8677,
				F588044905A9FBA9013D8677,
				F588044B05A9FBA9013D8677,
			);
			isa = PBXGroup;
			path = "gui-sdl";
			refType = 4;
			sourceTree = "<group>";
		};
		F588044205A9FBA9013D8677 = {
			fileEncoding = 30;
			isa = PBXFileReference;
			lastKnownFileType = sourcecode.cpp.cpp;
			path = dlgAbout.cpp;
			refType = 4;
			sourceTree = "<group>";
		};
		F588044305A9FBA9013D8677 = {
			fileEncoding = 30;
			isa = PBXFileReference;
			lastKnownFileType = sourcecode.cpp.cpp;
			path = dlgDisk.cpp;
			refType = 4;
			sourceTree = "<group>";
		};
		F588044405A9FBA9013D8677 = {
			fileEncoding = 30;
			isa = PBXFileReference;
			lastKnownFileType = sourcecode.cpp.cpp;
			path = dlgFileSelect.cpp;
			refType = 4;
			sourceTree = "<group>";
		};
		F588044505A9FBA9013D8677 = {
			fileEncoding = 30;
			isa = PBXFileReference;
			lastKnownFileType = sourcecode.cpp.cpp;
			path = dlgKeyboard.cpp;
			refType = 4;
			sourceTree = "<group>";
		};
		F588044605A9FBA9013D8677 = {
			fileEncoding = 30;
			isa = PBXFileReference;
			lastKnownFileType = sourcecode.cpp.cpp;
			path = dlgMain.cpp;
			refType = 4;
			sourceTree = "<group>";
		};
		F588044705A9FBA9013D8677 = {
			fileEncoding = 30;
			isa = PBXFileReference;
			lastKnownFileType = sourcecode.cpp.cpp;
			path = file.cpp;
			refType = 4;
			sourceTree = "<group>";
		};
		F588044805A9FBA9013D8677 = {
			fileEncoding = 30;
			isa = PBXFileReference;
			lastKnownFileType = sourcecode.c.h;
			path = file.h;
			refType = 4;
			sourceTree = "<group>";
		};
		F588044905A9FBA9013D8677 = {
			fileEncoding = 30;
			isa = PBXFileReference;
			lastKnownFileType = sourcecode.c.h;
			path = font8.h;
			refType = 4;
			sourceTree = "<group>";
		};
		F588044A05A9FBA9013D8677 = {
			fileEncoding = 30;
			isa = PBXFileReference;
			lastKnownFileType = sourcecode.cpp.cpp;
			path = sdlgui.cpp;
			refType = 4;
			sourceTree = "<group>";
		};
		F588044B05A9FBA9013D8677 = {
			fileEncoding = 30;
			isa = PBXFileReference;
			lastKnownFileType = sourcecode.c.h;
			path = sdlgui.h;
			refType = 4;
			sourceTree = "<group>";
		};
		F59621C605DF84C00187A6B8 = {
			isa = PBXFileReference;
			lastKnownFileType = image.icns;
			path = aranym.icns;
			refType = 4;
			sourceTree = "<group>";
		};
		F5A145AF05A7EA78017C0BEF = {
			fallbackIsa = PBXFileReference;
			isa = PBXFrameworkReference;
			lastKnownFileType = wrapper.framework;
			name = OpenGL.framework;
			path = /System/Library/Frameworks/OpenGL.framework;
			refType = 0;
			sourceTree = "<absolute>";
		};
		F5A47A9E01A0483001D3D55B = {
			fileEncoding = 30;
			isa = PBXFileReference;
			lastKnownFileType = sourcecode.c.objc;
			path = SDLMain.m;
			refType = 4;
			sourceTree = "<group>";
		};
		F5B5AED505E6B89301436688 = {
			fileEncoding = 30;
			isa = PBXFileReference;
			lastKnownFileType = text;
			path = configure.ac;
			refType = 4;
			sourceTree = "<group>";
		};
	};
	rootObject = 29B97313FDCFA39411CA2CEA;
}
