// !$*UTF8*$!
{
	archiveVersion = 1;
	classes = {
	};
	objectVersion = 38;
	objects = {
		080E96DDFE201D6D7F000001 = {
			children = (
				F580C37C05A7166701DAC342,
				F5A47A9E01A0483001D3D55B,
			);
			isa = PBXGroup;
			name = Classes;
			refType = 4;
		};
//080
//081
//082
//083
//084
//100
//101
//102
//103
//104
		1058C7A0FEA54F0111CA2CBB = {
			children = (
				F580C4DF05A71D4201DAC342,
				1058C7A1FEA54F0111CA2CBB,
				F5A145AF05A7EA78017C0BEF,
			);
			isa = PBXGroup;
			name = "Linked Frameworks";
			refType = 4;
		};
		1058C7A1FEA54F0111CA2CBB = {
			isa = PBXFrameworkReference;
			name = Cocoa.framework;
			path = /System/Library/Frameworks/Cocoa.framework;
			refType = 0;
		};
		1058C7A2FEA54F0111CA2CBB = {
			children = (
				29B97325FDCFA39411CA2CEA,
				29B97324FDCFA39411CA2CEA,
				F580C4E205A71FBF01DAC342,
				F580503605A73CE9014C3AB3,
			);
			isa = PBXGroup;
			name = "Other Frameworks";
			refType = 4;
		};
		1058C7A3FEA54F0111CA2CBB = {
			fileRef = 1058C7A1FEA54F0111CA2CBB;
			isa = PBXBuildFile;
			settings = {
			};
		};
//100
//101
//102
//103
//104
//170
//171
//172
//173
//174
		17587328FF379C6511CA2CBB = {
			isa = PBXApplicationReference;
			path = MacAranym.app;
			refType = 3;
		};
//170
//171
//172
//173
//174
//190
//191
//192
//193
//194
		19C28FACFE9D520D11CA2CBB = {
			children = (
				17587328FF379C6511CA2CBB,
				F58C108205B7B8120154426E,
				F587863705B7C555011F64EC,
				F58CD58F05B8049B01EE9378,
			);
			isa = PBXGroup;
			name = Products;
			refType = 4;
		};
//190
//191
//192
//193
//194
//290
//291
//292
//293
//294
		29B97313FDCFA39411CA2CEA = {
			buildStyles = (
				4A9504CCFFE6A4B311CA0CBA,
				4A9504CDFFE6A4B311CA0CBA,
			);
			isa = PBXProject;
			mainGroup = 29B97314FDCFA39411CA2CEA;
			projectDirPath = "";
			targets = (
				29B97326FDCFA39411CA2CEA,
				F58C108105B7B8120154426E,
				F587863605B7C555011F64EC,
				F58CD58E05B8049B01EE9378,
			);
		};
		29B97314FDCFA39411CA2CEA = {
			children = (
				080E96DDFE201D6D7F000001,
				29B97315FDCFA39411CA2CEA,
				F580C27805A715C901DAC342,
				29B97317FDCFA39411CA2CEA,
				29B97323FDCFA39411CA2CEA,
				19C28FACFE9D520D11CA2CBB,
			);
			isa = PBXGroup;
			name = macaranym;
			path = "";
			refType = 4;
		};
		29B97315FDCFA39411CA2CEA = {
			children = (
				F58CD59105B804E301EE9378,
				F580C33805A7166701DAC342,
				F580C2D505A7163D01DAC342,
				F588044105A9FBA9013D8677,
				F580C22005A7151301DAC342,
				F580C1E905A7148B01DAC342,
				F580C1F405A7148B01DAC342,
				F580C1F305A7148B01DAC342,
				F580C1EC05A7148B01DAC342,
				F580C1EB05A7148B01DAC342,
				F580C1EE05A7148B01DAC342,
				F580C1ED05A7148B01DAC342,
				F580C1E705A7148B01DAC342,
				F580C1EA05A7148B01DAC342,
				F580C1EF05A7148B01DAC342,
				F580C1E805A7148B01DAC342,
				F580C1E605A7148B01DAC342,
				F580C20505A714AF01DAC342,
				F580C20605A714AF01DAC342,
				F580C20405A714AF01DAC342,
				F580C20705A714AF01DAC342,
				F580C20905A714AF01DAC342,
				F580C20805A714AF01DAC342,
				F580C20A05A714AF01DAC342,
				F580C21505A7150401DAC342,
				F580C21405A7150401DAC342,
				F580C21705A7150401DAC342,
				F580C21305A7150401DAC342,
				F580C21205A7150401DAC342,
				F580C21605A7150401DAC342,
				F580C21805A7150401DAC342,
				F580C26405A7155201DAC342,
				F580C26305A7155201DAC342,
				F580C26205A7155201DAC342,
				F580C26105A7155201DAC342,
				F580C26605A7155201DAC342,
				F580C26505A7155201DAC342,
				F580C26005A7155201DAC342,
				F580C27005A7156A01DAC342,
				F580C26F05A7156A01DAC342,
				F580C27505A7157901DAC342,
				F580C27405A7157901DAC342,
			);
			isa = PBXGroup;
			name = "Other sources";
			path = ..;
			refType = 2;
		};
		29B97317FDCFA39411CA2CEA = {
			children = (
				F580C35605A7166701DAC342,
				F580C37805A7166701DAC342,
				F580C37A05A7166701DAC342,
			);
			isa = PBXGroup;
			name = Resources;
			path = "";
			refType = 4;
		};
		29B97323FDCFA39411CA2CEA = {
			children = (
				1058C7A0FEA54F0111CA2CBB,
				1058C7A2FEA54F0111CA2CBB,
			);
			isa = PBXGroup;
			name = Frameworks;
			path = "";
			refType = 4;
		};
		29B97324FDCFA39411CA2CEA = {
			isa = PBXFrameworkReference;
			name = AppKit.framework;
			path = /System/Library/Frameworks/AppKit.framework;
			refType = 0;
		};
		29B97325FDCFA39411CA2CEA = {
			isa = PBXFrameworkReference;
			name = Foundation.framework;
			path = /System/Library/Frameworks/Foundation.framework;
			refType = 0;
		};
		29B97326FDCFA39411CA2CEA = {
			buildPhases = (
				29B97327FDCFA39411CA2CEA,
				29B97328FDCFA39411CA2CEA,
				29B9732BFDCFA39411CA2CEA,
				29B9732DFDCFA39411CA2CEA,
			);
			buildSettings = {
				FRAMEWORK_SEARCH_PATHS = "\"$(HOME)/Library/Frameworks\"";
				HEADER_SEARCH_PATHS = "../gui-sdl ../Unix ../uae_cpu ../natfeat ../include \"$(HOME)/Library/Frameworks/SDL.framework/Headers\"";
				LIBRARY_SEARCH_PATHS = ../Unix;
				OPTIMIZATION_CFLAGS = "-O3";
				OTHER_CFLAGS = "-no-cpp-precomp -flat_namespace -DHAVE_CONFIG_H  -DOS_darwin -DCPU_powerpc -D_GNU_SOURCE -DDIRECT_ADDRESSING -DFPU_IEEE -DDIRSEPARATOR=\\\"/\\\" -DENABLE_EXCLUSIVE_SPCFLAGS -D_REENTRANT -D_THREAD_SAFE -Wall -W -c\n";
				OTHER_LDFLAGS = "-lm -framework SDL";
				PRODUCT_NAME = MacAranym;
				SECTORDER_FLAGS = "";
				WARNING_CFLAGS = "-Wmost -Wno-four-char-constants -Wno-unknown-pragmas";
				WRAPPER_EXTENSION = app;
			};
			dependencies = (
			);
			isa = PBXApplicationTarget;
			name = MacAranym;
			productName = macaranym;
			productReference = 17587328FF379C6511CA2CBB;
			productSettingsXML = "<?xml version=\"1.0\" encoding=\"UTF-8\"?>
<!DOCTYPE plist PUBLIC \"-//Apple Computer//DTD PLIST 1.0//EN\" \"http://www.apple.com/DTDs/PropertyList-1.0.dtd\">
<plist version=\"1.0\">
<dict>
	<key>CFBundleDevelopmentRegion</key>
	<string>English</string>
	<key>CFBundleExecutable</key>
	<string>MacAranym</string>
	<key>CFBundleIconFile</key>
	<string>aranym2.icns</string>
	<key>CFBundleInfoDictionaryVersion</key>
	<string>6.0</string>
	<key>CFBundleName</key>
	<string>MacAranym</string>
	<key>CFBundlePackageType</key>
	<string>APPL</string>
	<key>CFBundleShortVersionString</key>
	<string>macaranym beta</string>
	<key>CFBundleSignature</key>
	<string>????</string>
	<key>CFBundleVersion</key>
	<string>0.8.5 beta</string>
	<key>NSMainNibFile</key>
	<string>SDLMain.nib</string>
	<key>NSPrincipalClass</key>
	<string>SDLApplication</string>
	<key>macaranym</key>
	<string>SDL Cocoa App</string>
</dict>
</plist>
";
			shouldUseHeadermap = 0;
		};
		29B97327FDCFA39411CA2CEA = {
			buildActionMask = 2147483647;
			files = (
				F580C42705A7166801DAC342,
				F5A4EB1005AD4A9B013BD142,
				F5826A4505D124440197DD2A,
				F5826A4605D124B90197DD2A,
				F5826A4705D124BB0197DD2A,
				F58019DB05D1868F014E74AC,
				F58022EB05D1A4A3014E74AC,
				F58022EC05D1A4B7014E74AC,
				F58022ED05D1A4C9014E74AC,
				F58022EE05D1A4CE014E74AC,
				F58022EF05D1A4CE014E74AC,
				F58022F005D1A4DE014E74AC,
				F58022F105D1A504014E74AC,
				F58022F205D1A52F014E74AC,
				F58022F305D1A532014E74AC,
			);
			isa = PBXHeadersBuildPhase;
			runOnlyForDeploymentPostprocessing = 0;
		};
		29B97328FDCFA39411CA2CEA = {
			buildActionMask = 2147483647;
			files = (
				F580C40B05A7166801DAC342,
				F580C42505A7166801DAC342,
				F580C42605A7166801DAC342,
			);
			isa = PBXResourcesBuildPhase;
			runOnlyForDeploymentPostprocessing = 0;
		};
		29B9732BFDCFA39411CA2CEA = {
			buildActionMask = 2147483647;
			files = (
				F580532605A7D0E0014C3AB3,
				F580532705A7D0EA014C3AB3,
				F580532805A7D0EB014C3AB3,
				F580532905A7D0F1014C3AB3,
				F580532A05A7D0F3014C3AB3,
				F580532B05A7D0F6014C3AB3,
				F580532C05A7D0F8014C3AB3,
				F580532D05A7D0FA014C3AB3,
				F580532E05A7D0FC014C3AB3,
				F580532F05A7D12F014C3AB3,
				F580533005A7D133014C3AB3,
				F580533105A7D136014C3AB3,
				F580533205A7D13F014C3AB3,
				F580533305A7D144014C3AB3,
				F580533505A7D14A014C3AB3,
				F580533605A7D14E014C3AB3,
				F580533705A7D152014C3AB3,
				F580533805A7D156014C3AB3,
				F580533905A7D159014C3AB3,
				F580533A05A7D15C014C3AB3,
				F580533B05A7D15F014C3AB3,
				F580533C05A7D160014C3AB3,
				F580533D05A7D165014C3AB3,
				F580533E05A7D168014C3AB3,
				F580533F05A7D169014C3AB3,
				F580534005A7D16B014C3AB3,
				F580534105A7D16E014C3AB3,
				F580534205A7D171014C3AB3,
				F580534305A7D173014C3AB3,
				F580534405A7D176014C3AB3,
				F580534505A7D178014C3AB3,
				F580534605A7D17A014C3AB3,
				F580534705A7D193014C3AB3,
				F580534805A7D196014C3AB3,
				F580534905A7D197014C3AB3,
				F580534A05A7D1A8014C3AB3,
				F580534B05A7D1A9014C3AB3,
				F580534C05A7D1AC014C3AB3,
				F580534D05A7D1AF014C3AB3,
				F580534E05A7D1B8014C3AB3,
				F580534F05A7D1BF014C3AB3,
				F580535005A7D1D0014C3AB3,
				F580535105A7D1D1014C3AB3,
				F580535205A7D1E1014C3AB3,
				F580535305A7D1F2014C3AB3,
				F580535405A7D203014C3AB3,
				F580535505A7D209014C3AB3,
				F580535605A7D20F014C3AB3,
				F580535805A7D222014C3AB3,
				F580535905A7D243014C3AB3,
				F580535A05A7D248014C3AB3,
				F580535B05A7D254014C3AB3,
				F580535D05A7D265014C3AB3,
				F580535E05A7D269014C3AB3,
				F580535F05A7D26D014C3AB3,
				F580536005A7D26E014C3AB3,
				F580536105A7D27C014C3AB3,
				F58013AD05A87DA70142E13B,
				F588044C05A9FBB1013D8677,
				F588044D05A9FBB2013D8677,
				F588044E05A9FBB2013D8677,
				F588044F05A9FBB3013D8677,
				F588045005A9FBB4013D8677,
				F588045105A9FBB5013D8677,
				F588045205A9FBBA013D8677,
				F539E4E805B961B301C87F7F,
			);
			isa = PBXSourcesBuildPhase;
			runOnlyForDeploymentPostprocessing = 0;
		};
		29B9732DFDCFA39411CA2CEA = {
			buildActionMask = 2147483647;
			files = (
				1058C7A3FEA54F0111CA2CBB,
				F580C48D05A71C7F01DAC342,
				F580C48E05A71C8101DAC342,
				F580C4E105A71D4201DAC342,
				F580C78105A71FC001DAC342,
				F580532005A73CEA014C3AB3,
			);
			isa = PBXFrameworksBuildPhase;
			runOnlyForDeploymentPostprocessing = 0;
		};
//290
//291
//292
//293
//294
//4A0
//4A1
//4A2
//4A3
//4A4
		4A9504CCFFE6A4B311CA0CBA = {
			buildRules = (
			);
			buildSettings = {
				COPY_PHASE_STRIP = NO;
				OPTIMIZATION_CFLAGS = "-O0";
			};
			isa = PBXBuildStyle;
			name = Development;
		};
		4A9504CDFFE6A4B311CA0CBA = {
			buildRules = (
			);
			buildSettings = {
				COPY_PHASE_STRIP = YES;
			};
			isa = PBXBuildStyle;
			name = Deployment;
		};
//4A0
//4A1
//4A2
//4A3
//4A4
//F50
//F51
//F52
//F53
//F54
		F539E4E805B961B301C87F7F = {
			fileRef = F580C30305A7163D01DAC342;
			isa = PBXBuildFile;
			settings = {
			};
		};
		F55FE00505BB250F01209CD2 = {
			buildActionMask = 2147483647;
			files = (
			);
			generatedFileNames = (
			);
			isa = PBXShellScriptBuildPhase;
			neededFileNames = (
			);
			runOnlyForDeploymentPostprocessing = 0;
			shellPath = /bin/sh;
			shellScript = "cd $PWD/build\n./Build68K <../../uae_cpu/table68k >cpudefs.cpp";
		};
		F58013AD05A87DA70142E13B = {
			fileRef = F5A47A9E01A0483001D3D55B;
			isa = PBXBuildFile;
			settings = {
			};
		};
		F58019DB05D1868F014E74AC = {
			fileRef = F580C28705A7161201DAC342;
			isa = PBXBuildFile;
			settings = {
			};
		};
		F58022EB05D1A4A3014E74AC = {
			fileRef = F580C29E05A7161201DAC342;
			isa = PBXBuildFile;
			settings = {
			};
		};
		F58022EC05D1A4B7014E74AC = {
			fileRef = F580C28E05A7161201DAC342;
			isa = PBXBuildFile;
			settings = {
			};
		};
		F58022ED05D1A4C9014E74AC = {
			fileRef = F580C29C05A7161201DAC342;
			isa = PBXBuildFile;
			settings = {
			};
		};
		F58022EE05D1A4CE014E74AC = {
			fileRef = F580C28405A7161201DAC342;
			isa = PBXBuildFile;
			settings = {
			};
		};
		F58022EF05D1A4CE014E74AC = {
			fileRef = F580C28505A7161201DAC342;
			isa = PBXBuildFile;
			settings = {
			};
		};
		F58022F005D1A4DE014E74AC = {
			fileRef = F580C2A605A7161201DAC342;
			isa = PBXBuildFile;
			settings = {
			};
		};
		F58022F105D1A504014E74AC = {
			fileRef = F580C30105A7163D01DAC342;
			isa = PBXBuildFile;
			settings = {
			};
		};
		F58022F205D1A52F014E74AC = {
			fileRef = F580C22705A7151301DAC342;
			isa = PBXBuildFile;
			settings = {
			};
		};
		F58022F305D1A532014E74AC = {
			fileRef = F580C23205A7151301DAC342;
			isa = PBXBuildFile;
			settings = {
			};
		};
		F580503605A73CE9014C3AB3 = {
			isa = PBXFrameworkReference;
			name = CoreFoundation.framework;
			path = /System/Library/Frameworks/CoreFoundation.framework;
			refType = 0;
		};
		F580532005A73CEA014C3AB3 = {
			fileRef = F580503605A73CE9014C3AB3;
			isa = PBXBuildFile;
			settings = {
			};
		};
		F580532605A7D0E0014C3AB3 = {
			fileRef = F580C21705A7150401DAC342;
			isa = PBXBuildFile;
			settings = {
			};
		};
		F580532705A7D0EA014C3AB3 = {
			fileRef = F580C3DF05A7166801DAC342;
			isa = PBXBuildFile;
			settings = {
			};
		};
		F580532805A7D0EB014C3AB3 = {
			fileRef = F580C38B05A7166701DAC342;
			isa = PBXBuildFile;
			settings = {
			};
		};
		F580532905A7D0F1014C3AB3 = {
			fileRef = F580C1E905A7148B01DAC342;
			isa = PBXBuildFile;
			settings = {
			};
		};
		F580532A05A7D0F3014C3AB3 = {
			fileRef = F580C1F405A7148B01DAC342;
			isa = PBXBuildFile;
			settings = {
			};
		};
		F580532B05A7D0F6014C3AB3 = {
			fileRef = F580C1F305A7148B01DAC342;
			isa = PBXBuildFile;
			settings = {
			};
		};
		F580532C05A7D0F8014C3AB3 = {
			fileRef = F580C1EC05A7148B01DAC342;
			isa = PBXBuildFile;
			settings = {
			};
		};
		F580532D05A7D0FA014C3AB3 = {
			fileRef = F580C1EB05A7148B01DAC342;
			isa = PBXBuildFile;
			settings = {
			};
		};
		F580532E05A7D0FC014C3AB3 = {
			fileRef = F580C1EE05A7148B01DAC342;
			isa = PBXBuildFile;
			settings = {
			};
		};
		F580532F05A7D12F014C3AB3 = {
			fileRef = F580C1ED05A7148B01DAC342;
			isa = PBXBuildFile;
			settings = {
			};
		};
		F580533005A7D133014C3AB3 = {
			fileRef = F580C1E705A7148B01DAC342;
			isa = PBXBuildFile;
			settings = {
			};
		};
		F580533105A7D136014C3AB3 = {
			fileRef = F580C1E805A7148B01DAC342;
			isa = PBXBuildFile;
			settings = {
			};
		};
		F580533205A7D13F014C3AB3 = {
			fileRef = F580C26405A7155201DAC342;
			isa = PBXBuildFile;
			settings = {
			};
		};
		F580533305A7D144014C3AB3 = {
			fileRef = F580C1E605A7148B01DAC342;
			isa = PBXBuildFile;
			settings = {
			};
		};
		F580533505A7D14A014C3AB3 = {
			fileRef = F580C20505A714AF01DAC342;
			isa = PBXBuildFile;
			settings = {
			};
		};
		F580533605A7D14E014C3AB3 = {
			fileRef = F580C20405A714AF01DAC342;
			isa = PBXBuildFile;
			settings = {
			};
		};
		F580533705A7D152014C3AB3 = {
			fileRef = F580C20705A714AF01DAC342;
			isa = PBXBuildFile;
			settings = {
			};
		};
		F580533805A7D156014C3AB3 = {
			fileRef = F580C20605A714AF01DAC342;
			isa = PBXBuildFile;
			settings = {
			};
		};
		F580533905A7D159014C3AB3 = {
			fileRef = F580C20905A714AF01DAC342;
			isa = PBXBuildFile;
			settings = {
			};
		};
		F580533A05A7D15C014C3AB3 = {
			fileRef = F580C20805A714AF01DAC342;
			isa = PBXBuildFile;
			settings = {
			};
		};
		F580533B05A7D15F014C3AB3 = {
			fileRef = F580C20A05A714AF01DAC342;
			isa = PBXBuildFile;
			settings = {
			};
		};
		F580533C05A7D160014C3AB3 = {
			fileRef = F580C21505A7150401DAC342;
			isa = PBXBuildFile;
			settings = {
			};
		};
		F580533D05A7D165014C3AB3 = {
			fileRef = F580C21605A7150401DAC342;
			isa = PBXBuildFile;
			settings = {
			};
		};
		F580533E05A7D168014C3AB3 = {
			fileRef = F580C21305A7150401DAC342;
			isa = PBXBuildFile;
			settings = {
			};
		};
		F580533F05A7D169014C3AB3 = {
			fileRef = F580C21205A7150401DAC342;
			isa = PBXBuildFile;
			settings = {
			};
		};
		F580534005A7D16B014C3AB3 = {
			fileRef = F580C21805A7150401DAC342;
			isa = PBXBuildFile;
			settings = {
			};
		};
		F580534105A7D16E014C3AB3 = {
			fileRef = F580C26205A7155201DAC342;
			isa = PBXBuildFile;
			settings = {
			};
		};
		F580534205A7D171014C3AB3 = {
			fileRef = F580C26305A7155201DAC342;
			isa = PBXBuildFile;
			settings = {
			};
		};
		F580534305A7D173014C3AB3 = {
			fileRef = F580C26105A7155201DAC342;
			isa = PBXBuildFile;
			settings = {
			};
		};
		F580534405A7D176014C3AB3 = {
			fileRef = F580C26605A7155201DAC342;
			isa = PBXBuildFile;
			settings = {
			};
		};
		F580534505A7D178014C3AB3 = {
			fileRef = F580C26505A7155201DAC342;
			isa = PBXBuildFile;
			settings = {
			};
		};
		F580534605A7D17A014C3AB3 = {
			fileRef = F580C26005A7155201DAC342;
			isa = PBXBuildFile;
			settings = {
			};
		};
		F580534705A7D193014C3AB3 = {
			fileRef = F580C26F05A7156A01DAC342;
			isa = PBXBuildFile;
			settings = {
			};
		};
		F580534805A7D196014C3AB3 = {
			fileRef = F580C27505A7157901DAC342;
			isa = PBXBuildFile;
			settings = {
			};
		};
		F580534905A7D197014C3AB3 = {
			fileRef = F580C27405A7157901DAC342;
			isa = PBXBuildFile;
			settings = {
			};
		};
		F580534A05A7D1A8014C3AB3 = {
			fileRef = F580C23305A7151301DAC342;
			isa = PBXBuildFile;
			settings = {
			};
		};
		F580534B05A7D1A9014C3AB3 = {
			fileRef = F580C23705A7151301DAC342;
			isa = PBXBuildFile;
			settings = {
			};
		};
		F580534C05A7D1AC014C3AB3 = {
			fileRef = F580C23F05A7151301DAC342;
			isa = PBXBuildFile;
			settings = {
			};
		};
		F580534D05A7D1AF014C3AB3 = {
			fileRef = F580C22405A7151301DAC342;
			isa = PBXBuildFile;
			settings = {
			};
		};
		F580534E05A7D1B8014C3AB3 = {
			fileRef = F580C23505A7151301DAC342;
			isa = PBXBuildFile;
			settings = {
			};
		};
		F580534F05A7D1BF014C3AB3 = {
			fileRef = F580C22605A7151301DAC342;
			isa = PBXBuildFile;
			settings = {
			};
		};
		F580535005A7D1D0014C3AB3 = {
			fileRef = F580C23905A7151301DAC342;
			isa = PBXBuildFile;
			settings = {
			};
		};
		F580535105A7D1D1014C3AB3 = {
			fileRef = F580C23D05A7151301DAC342;
			isa = PBXBuildFile;
			settings = {
			};
		};
		F580535205A7D1E1014C3AB3 = {
			fileRef = F580C1EA05A7148B01DAC342;
			isa = PBXBuildFile;
			settings = {
			};
		};
		F580535305A7D1F2014C3AB3 = {
			fileRef = F580C34A05A7166701DAC342;
			isa = PBXBuildFile;
			settings = {
			};
		};
		F580535405A7D203014C3AB3 = {
			fileRef = F580C2D705A7163D01DAC342;
			isa = PBXBuildFile;
			settings = {
			};
		};
		F580535505A7D209014C3AB3 = {
			fileRef = F580C2FE05A7163D01DAC342;
			isa = PBXBuildFile;
			settings = {
			};
		};
		F580535605A7D20F014C3AB3 = {
			fileRef = F580C30005A7163D01DAC342;
			isa = PBXBuildFile;
			settings = {
			};
		};
		F580535805A7D222014C3AB3 = {
			fileRef = F580C2EF05A7163D01DAC342;
			isa = PBXBuildFile;
			settings = {
			};
		};
		F580535905A7D243014C3AB3 = {
			fileRef = F580C34905A7166701DAC342;
			isa = PBXBuildFile;
			settings = {
			};
		};
		F580535A05A7D248014C3AB3 = {
			fileRef = F580C34B05A7166701DAC342;
			isa = PBXBuildFile;
			settings = {
			};
		};
		F580535B05A7D254014C3AB3 = {
			fileRef = F580C2E605A7163D01DAC342;
			isa = PBXBuildFile;
			settings = {
			};
		};
		F580535D05A7D265014C3AB3 = {
			fileRef = F580C3DA05A7166801DAC342;
			isa = PBXBuildFile;
			settings = {
			};
		};
		F580535E05A7D269014C3AB3 = {
			fileRef = F580C38305A7166701DAC342;
			isa = PBXBuildFile;
			settings = {
			};
		};
		F580535F05A7D26D014C3AB3 = {
			fileRef = F580C38205A7166701DAC342;
			isa = PBXBuildFile;
			settings = {
			};
		};
		F580536005A7D26E014C3AB3 = {
			fileRef = F580C38005A7166701DAC342;
			isa = PBXBuildFile;
			settings = {
			};
		};
		F580536105A7D27C014C3AB3 = {
			fileRef = F580C23105A7151301DAC342;
			isa = PBXBuildFile;
			settings = {
			};
		};
		F580C1E605A7148B01DAC342 = {
			isa = PBXFileReference;
			path = fakeio.cpp;
			refType = 4;
		};
		F580C1E705A7148B01DAC342 = {
			isa = PBXFileReference;
			path = dsp.cpp;
			refType = 4;
		};
		F580C1E805A7148B01DAC342 = {
			isa = PBXFileReference;
			path = emul_op.cpp;
			refType = 4;
		};
		F580C1E905A7148B01DAC342 = {
			isa = PBXFileReference;
			path = acia.cpp;
			refType = 4;
		};
		F580C1EA05A7148B01DAC342 = {
			isa = PBXFileReference;
			path = dsp_cpu.cpp;
			refType = 4;
		};
		F580C1EB05A7148B01DAC342 = {
			isa = PBXFileReference;
			path = blitter.cpp;
			refType = 4;
		};
		F580C1EC05A7148B01DAC342 = {
			isa = PBXFileReference;
			path = ata.cpp;
			refType = 4;
		};
		F580C1ED05A7148B01DAC342 = {
			isa = PBXFileReference;
			path = cfgopts.cpp;
			refType = 4;
		};
		F580C1EE05A7148B01DAC342 = {
			isa = PBXFileReference;
			path = cdrom.cpp;
			refType = 4;
		};
		F580C1EF05A7148B01DAC342 = {
			isa = PBXFileReference;
			path = dsp_disasm.cpp;
			refType = 4;
		};
		F580C1F305A7148B01DAC342 = {
			isa = PBXFileReference;
			path = aradata.cpp;
			refType = 4;
		};
		F580C1F405A7148B01DAC342 = {
			isa = PBXFileReference;
			path = acsifdc.cpp;
			refType = 4;
		};
		F580C20405A714AF01DAC342 = {
			isa = PBXFileReference;
			path = hardware.cpp;
			refType = 4;
		};
		F580C20505A714AF01DAC342 = {
			isa = PBXFileReference;
			path = fvdidrv.cpp;
			refType = 4;
		};
		F580C20605A714AF01DAC342 = {
			isa = PBXFileReference;
			path = hostscreen.cpp;
			refType = 4;
		};
		F580C20705A714AF01DAC342 = {
			isa = PBXFileReference;
			path = host.cpp;
			refType = 4;
		};
		F580C20805A714AF01DAC342 = {
			isa = PBXFileReference;
			path = identify.cpp;
			refType = 4;
		};
		F580C20905A714AF01DAC342 = {
			isa = PBXFileReference;
			path = ide.cpp;
			refType = 4;
		};
		F580C20A05A714AF01DAC342 = {
			isa = PBXFileReference;
			path = ikbd.cpp;
			refType = 4;
		};
		F580C21205A7150401DAC342 = {
			isa = PBXFileReference;
			path = midi.cpp;
			refType = 4;
		};
		F580C21305A7150401DAC342 = {
			isa = PBXFileReference;
			path = mfp.cpp;
			refType = 4;
		};
		F580C21405A7150401DAC342 = {
			isa = PBXFileReference;
			path = lilo.cpp;
			refType = 4;
		};
		F580C21505A7150401DAC342 = {
			isa = PBXFileReference;
			path = input.cpp;
			refType = 4;
		};
		F580C21605A7150401DAC342 = {
			isa = PBXFileReference;
			path = md5.cpp;
			refType = 4;
		};
		F580C21705A7150401DAC342 = {
			isa = PBXFileReference;
			path = main.cpp;
			refType = 4;
		};
		F580C21805A7150401DAC342 = {
			isa = PBXFileReference;
			path = mmu.cpp;
			refType = 4;
		};
		F580C22005A7151301DAC342 = {
			children = (
				F580C22205A7151301DAC342,
				F580C22405A7151301DAC342,
				F580C22605A7151301DAC342,
				F580C22F05A7151301DAC342,
				F580C23105A7151301DAC342,
				F580C23305A7151301DAC342,
				F580C23505A7151301DAC342,
				F580C23705A7151301DAC342,
				F580C23905A7151301DAC342,
				F580C23B05A7151301DAC342,
				F580C23D05A7151301DAC342,
				F580C23F05A7151301DAC342,
				F580C22305A7151301DAC342,
				F580C22505A7151301DAC342,
				F580C22705A7151301DAC342,
				F580C23005A7151301DAC342,
				F580C23205A7151301DAC342,
				F580C23405A7151301DAC342,
				F580C23605A7151301DAC342,
				F580C23805A7151301DAC342,
				F580C23A05A7151301DAC342,
				F580C23C05A7151301DAC342,
				F580C23E05A7151301DAC342,
				F580C24005A7151301DAC342,
				F580C22805A7151301DAC342,
			);
			isa = PBXGroup;
			path = natfeat;
			refType = 4;
		};
		F580C22205A7151301DAC342 = {
			isa = PBXFileReference;
			path = atari_example.c;
			refType = 4;
		};
		F580C22305A7151301DAC342 = {
			isa = PBXFileReference;
			path = atari_example_gfa.lst;
			refType = 4;
		};
		F580C22405A7151301DAC342 = {
			isa = PBXFileReference;
			path = audio.cpp;
			refType = 4;
		};
		F580C22505A7151301DAC342 = {
			isa = PBXFileReference;
			path = audio.h;
			refType = 4;
		};
		F580C22605A7151301DAC342 = {
			isa = PBXFileReference;
			path = debugprintf.cpp;
			refType = 4;
		};
		F580C22705A7151301DAC342 = {
			isa = PBXFileReference;
			path = debugprintf.h;
			refType = 4;
		};
		F580C22805A7151301DAC342 = {
			children = (
				F580C22A05A7151301DAC342,
				F580C22B05A7151301DAC342,
				F580C22C05A7151301DAC342,
				F580C22D05A7151301DAC342,
				F580C22E05A7151301DAC342,
			);
			isa = PBXGroup;
			path = doc;
			refType = 4;
		};
		F580C22A05A7151301DAC342 = {
			isa = PBXFileReference;
			path = attic.txt;
			refType = 4;
		};
		F580C22B05A7151301DAC342 = {
			isa = PBXFileReference;
			path = call68k.txt;
			refType = 4;
		};
		F580C22C05A7151301DAC342 = {
			isa = PBXFileReference;
			path = native.txt;
			refType = 4;
		};
		F580C22D05A7151301DAC342 = {
			isa = PBXFileReference;
			path = nf.h;
			refType = 4;
		};
		F580C22E05A7151301DAC342 = {
			isa = PBXFileReference;
			path = sample.c;
			refType = 4;
		};
		F580C22F05A7151301DAC342 = {
			isa = PBXFileReference;
			path = ethernet.cpp;
			refType = 4;
		};
		F580C23005A7151301DAC342 = {
			isa = PBXFileReference;
			path = ethernet.h;
			refType = 4;
		};
		F580C23105A7151301DAC342 = {
			isa = PBXFileReference;
			path = hostfs.cpp;
			refType = 4;
		};
		F580C23205A7151301DAC342 = {
			isa = PBXFileReference;
			path = hostfs.h;
			refType = 4;
		};
		F580C23305A7151301DAC342 = {
			isa = PBXFileReference;
			path = nf_base.cpp;
			refType = 4;
		};
		F580C23405A7151301DAC342 = {
			isa = PBXFileReference;
			path = nf_base.h;
			refType = 4;
		};
		F580C23505A7151301DAC342 = {
			isa = PBXFileReference;
			path = nf_basicset.cpp;
			refType = 4;
		};
		F580C23605A7151301DAC342 = {
			isa = PBXFileReference;
			path = nf_basicset.h;
			refType = 4;
		};
		F580C23705A7151301DAC342 = {
			isa = PBXFileReference;
			path = nf_objs.cpp;
			refType = 4;
		};
		F580C23805A7151301DAC342 = {
			isa = PBXFileReference;
			path = nf_objs.h;
			refType = 4;
		};
		F580C23905A7151301DAC342 = {
			isa = PBXFileReference;
			path = nfcdrom.cpp;
			refType = 4;
		};
		F580C23A05A7151301DAC342 = {
			isa = PBXFileReference;
			path = nfcdrom.h;
			refType = 4;
		};
		F580C23B05A7151301DAC342 = {
			isa = PBXFileReference;
			path = nfcdrom_linux.cpp;
			refType = 4;
		};
		F580C23C05A7151301DAC342 = {
			isa = PBXFileReference;
			path = nfcdrom_linux.h;
			refType = 4;
		};
		F580C23D05A7151301DAC342 = {
			isa = PBXFileReference;
			path = nfcdrom_sdl.cpp;
			refType = 4;
		};
		F580C23E05A7151301DAC342 = {
			isa = PBXFileReference;
			path = nfcdrom_sdl.h;
			refType = 4;
		};
		F580C23F05A7151301DAC342 = {
			isa = PBXFileReference;
			path = xhdi.cpp;
			refType = 4;
		};
		F580C24005A7151301DAC342 = {
			isa = PBXFileReference;
			path = xhdi.h;
			refType = 4;
		};
		F580C26005A7155201DAC342 = {
			isa = PBXFileReference;
			path = rtc.cpp;
			refType = 4;
		};
		F580C26105A7155201DAC342 = {
			isa = PBXFileReference;
			path = parallel.cpp;
			refType = 4;
		};
		F580C26205A7155201DAC342 = {
			isa = PBXFileReference;
			path = ndebug.cpp;
			refType = 4;
		};
		F580C26305A7155201DAC342 = {
			isa = PBXFileReference;
			path = ncr5380.cpp;
			refType = 4;
		};
		F580C26405A7155201DAC342 = {
			isa = PBXFileReference;
			path = natfeats.cpp;
			refType = 4;
		};
		F580C26505A7155201DAC342 = {
			isa = PBXFileReference;
			path = romdiff.cpp;
			refType = 4;
		};
		F580C26605A7155201DAC342 = {
			isa = PBXFileReference;
			path = parameters.cpp;
			refType = 4;
		};
		F580C26F05A7156A01DAC342 = {
			isa = PBXFileReference;
			path = tools.cpp;
			refType = 4;
		};
		F580C27005A7156A01DAC342 = {
			isa = PBXFileReference;
			path = template.cpp;
			refType = 4;
		};
		F580C27405A7157901DAC342 = {
			isa = PBXFileReference;
			path = yamaha.cpp;
			refType = 4;
		};
		F580C27505A7157901DAC342 = {
			isa = PBXFileReference;
			path = videl.cpp;
			refType = 4;
		};
		F580C27805A715C901DAC342 = {
			children = (
				F580C29305A7161201DAC342,
				F580C2A105A7161201DAC342,
				F580C27F05A7161201DAC342,
				F580C29205A7161201DAC342,
				F580C29005A7161201DAC342,
				F580C28C05A7161201DAC342,
				F580C2A005A7161201DAC342,
				F580C29805A7161201DAC342,
				F580C28605A7161201DAC342,
				F580C2A605A7161201DAC342,
				F580C28705A7161201DAC342,
				F580C29E05A7161201DAC342,
				F580C2A305A7161201DAC342,
				F580C28E05A7161201DAC342,
				F580C29105A7161201DAC342,
				F580C28D05A7161201DAC342,
				F580C29C05A7161201DAC342,
				F580C28005A7161201DAC342,
				F580C29605A7161201DAC342,
				F580C29705A7161201DAC342,
				F580C2A505A7161201DAC342,
				F580C29905A7161201DAC342,
				F580C29505A7161201DAC342,
				F580C29A05A7161201DAC342,
				F580C29405A7161201DAC342,
				F580C28305A7161201DAC342,
				F580C2A405A7161201DAC342,
				F580C28805A7161201DAC342,
				F580C28905A7161201DAC342,
				F580C29D05A7161201DAC342,
				F580C2A205A7161201DAC342,
				F580C28505A7161201DAC342,
				F580C28405A7161201DAC342,
				F580C28B05A7161201DAC342,
				F580C28A05A7161201DAC342,
				F580C27E05A7161201DAC342,
				F580C27D05A7161201DAC342,
				F580C27A05A7161201DAC342,
				F580C27B05A7161201DAC342,
				F580C27905A7161201DAC342,
				F580C28205A7161201DAC342,
				F580C28105A7161201DAC342,
			);
			isa = PBXGroup;
			name = include;
			path = ../include;
			refType = 2;
		};
		F580C27905A7161201DAC342 = {
			isa = PBXFileReference;
			path = version.h;
			refType = 4;
		};
		F580C27A05A7161201DAC342 = {
			isa = PBXFileReference;
			path = toserror.h;
			refType = 4;
		};
		F580C27B05A7161201DAC342 = {
			isa = PBXFileReference;
			path = tools.h;
			refType = 4;
		};
		F580C27D05A7161201DAC342 = {
			isa = PBXFileReference;
			path = scsidefs.h;
			refType = 4;
		};
		F580C27E05A7161201DAC342 = {
			isa = PBXFileReference;
			path = rtc.h;
			refType = 4;
		};
		F580C27F05A7161201DAC342 = {
			isa = PBXFileReference;
			path = aramd5.h;
			refType = 4;
		};
		F580C28005A7161201DAC342 = {
			isa = PBXFileReference;
			path = host.h;
			refType = 4;
		};
		F580C28105A7161201DAC342 = {
			isa = PBXFileReference;
			path = yamaha.h;
			refType = 4;
		};
		F580C28205A7161201DAC342 = {
			isa = PBXFileReference;
			path = videl.h;
			refType = 4;
		};
		F580C28305A7161201DAC342 = {
			isa = PBXFileReference;
			path = main.h;
			refType = 4;
		};
		F580C28405A7161201DAC342 = {
			isa = PBXFileReference;
			path = parallel.h;
			refType = 4;
		};
		F580C28505A7161201DAC342 = {
			isa = PBXFileReference;
			path = ndebug.h;
			refType = 4;
		};
		F580C28605A7161201DAC342 = {
			isa = PBXFileReference;
			path = cdrom.h;
			refType = 4;
		};
		F580C28705A7161201DAC342 = {
			isa = PBXFileReference;
			path = dsp.h;
			refType = 4;
		};
		F580C28805A7161201DAC342 = {
			isa = PBXFileReference;
			path = midi.h;
			refType = 4;
		};
		F580C28905A7161201DAC342 = {
			isa = PBXFileReference;
			path = mmu.h;
			refType = 4;
		};
		F580C28A05A7161201DAC342 = {
			isa = PBXFileReference;
			path = romdiff.h;
			refType = 4;
		};
		F580C28B05A7161201DAC342 = {
			isa = PBXFileReference;
			path = parameters.h;
			refType = 4;
		};
		F580C28C05A7161201DAC342 = {
			isa = PBXFileReference;
			path = "aspi-win32.h";
			refType = 4;
		};
		F580C28D05A7161201DAC342 = {
			isa = PBXFileReference;
			path = fvdidrv.h;
			refType = 4;
		};
		F580C28E05A7161201DAC342 = {
			isa = PBXFileReference;
			path = emu_bochs.h;
			refType = 4;
		};
		F580C29005A7161201DAC342 = {
			isa = PBXFileReference;
			path = ata.h;
			refType = 4;
		};
		F580C29105A7161201DAC342 = {
			isa = PBXFileReference;
			path = emul_op.h;
			refType = 4;
		};
		F580C29205A7161201DAC342 = {
			isa = PBXFileReference;
			path = aradata.h;
			refType = 4;
		};
		F580C29305A7161201DAC342 = {
			isa = PBXFileReference;
			path = acia.h;
			refType = 4;
		};
		F580C29405A7161201DAC342 = {
			isa = PBXFileReference;
			path = lilo.h;
			refType = 4;
		};
		F580C29505A7161201DAC342 = {
			isa = PBXFileReference;
			path = ikbd.h;
			refType = 4;
		};
		F580C29605A7161201DAC342 = {
			isa = PBXFileReference;
			path = hostscreen.h;
			refType = 4;
		};
		F580C29705A7161201DAC342 = {
			isa = PBXFileReference;
			path = icio.h;
			refType = 4;
		};
		F580C29805A7161201DAC342 = {
			isa = PBXFileReference;
			path = cfgopts.h;
			refType = 4;
		};
		F580C29905A7161201DAC342 = {
			isa = PBXFileReference;
			path = identify.h;
			refType = 4;
		};
		F580C29A05A7161201DAC342 = {
			isa = PBXFileReference;
			path = input.h;
			refType = 4;
		};
		F580C29C05A7161201DAC342 = {
			isa = PBXFileReference;
			path = hardware.h;
			refType = 4;
		};
		F580C29D05A7161201DAC342 = {
			isa = PBXFileReference;
			path = natfeats.h;
			refType = 4;
		};
		F580C29E05A7161201DAC342 = {
			isa = PBXFileReference;
			path = dsp_cpu.h;
			refType = 4;
		};
		F580C2A005A7161201DAC342 = {
			isa = PBXFileReference;
			path = blitter.h;
			refType = 4;
		};
		F580C2A105A7161201DAC342 = {
			isa = PBXFileReference;
			path = acsifdc.h;
			refType = 4;
		};
		F580C2A205A7161201DAC342 = {
			isa = PBXFileReference;
			path = ncr5380.h;
			refType = 4;
		};
		F580C2A305A7161201DAC342 = {
			isa = PBXFileReference;
			path = dsp_disasm.h;
			refType = 4;
		};
		F580C2A405A7161201DAC342 = {
			isa = PBXFileReference;
			path = mfp.h;
			refType = 4;
		};
		F580C2A505A7161201DAC342 = {
			isa = PBXFileReference;
			path = ide.h;
			refType = 4;
		};
		F580C2A605A7161201DAC342 = {
			isa = PBXFileReference;
			path = debug.h;
			refType = 4;
		};
		F580C2D505A7163D01DAC342 = {
			children = (
				F580C2D705A7163D01DAC342,
				F580C2D805A7163D01DAC342,
				F580C34905A7166701DAC342,
				F580C2E305A7163D01DAC342,
				F580C2E505A7163D01DAC342,
				F580C2E605A7163D01DAC342,
				F580C2FC05A7163D01DAC342,
				F580C2FE05A7163D01DAC342,
				F580C30005A7163D01DAC342,
				F580C30305A7163D01DAC342,
				F580C2D905A7163D01DAC342,
				F580C2E705A7163D01DAC342,
				F580C2E205A7163D01DAC342,
				F580C2E405A7163D01DAC342,
				F580C2FD05A7163D01DAC342,
				F580C2FF05A7163D01DAC342,
				F580C30105A7163D01DAC342,
				F580C30205A7163D01DAC342,
				F580C30405A7163D01DAC342,
				F580C30505A7163D01DAC342,
				F580C30605A7163D01DAC342,
				F580C30705A7163D01DAC342,
			);
			isa = PBXGroup;
			path = uae_cpu;
			refType = 4;
		};
		F580C2D705A7163D01DAC342 = {
			isa = PBXFileReference;
			path = aranym_glue.cpp;
			refType = 4;
		};
		F580C2D805A7163D01DAC342 = {
			isa = PBXFileReference;
			path = build68k.c;
			refType = 4;
		};
		F580C2D905A7163D01DAC342 = {
			children = (
				F580C2DB05A7163D01DAC342,
				F580C2DE05A7163D01DAC342,
				F580C2DF05A7163D01DAC342,
				F580C2E105A7163D01DAC342,
				F580C2DC05A7163D01DAC342,
				F580C2DD05A7163D01DAC342,
				F580C2E005A7163D01DAC342,
			);
			isa = PBXGroup;
			path = compiler;
			refType = 4;
		};
		F580C2DB05A7163D01DAC342 = {
			isa = PBXFileReference;
			path = codegen_x86.cpp;
			refType = 4;
		};
		F580C2DC05A7163D01DAC342 = {
			isa = PBXFileReference;
			path = codegen_x86.h;
			refType = 4;
		};
		F580C2DD05A7163D01DAC342 = {
			isa = PBXFileReference;
			path = compemu.h;
			refType = 4;
		};
		F580C2DE05A7163D01DAC342 = {
			isa = PBXFileReference;
			path = compemu_fpp.cpp;
			refType = 4;
		};
		F580C2DF05A7163D01DAC342 = {
			isa = PBXFileReference;
			path = compemu_support.cpp;
			refType = 4;
		};
		F580C2E005A7163D01DAC342 = {
			isa = PBXFileReference;
			path = flags_x86.h;
			refType = 4;
		};
		F580C2E105A7163D01DAC342 = {
			isa = PBXFileReference;
			path = gencomp.c;
			refType = 4;
		};
		F580C2E205A7163D01DAC342 = {
			isa = PBXFileReference;
			path = cpu_emulation.h;
			refType = 4;
		};
		F580C2E305A7163D01DAC342 = {
			isa = PBXFileReference;
			path = cpummu.cpp;
			refType = 4;
		};
		F580C2E405A7163D01DAC342 = {
			isa = PBXFileReference;
			path = cpummu.h;
			refType = 4;
		};
		F580C2E505A7163D01DAC342 = {
			isa = PBXFileReference;
			path = cpuopti.c;
			refType = 4;
		};
		F580C2E605A7163D01DAC342 = {
			isa = PBXFileReference;
			path = debug.cpp;
			refType = 4;
		};
		F580C2E705A7163D01DAC342 = {
			children = (
				F580C2EA05A7163D01DAC342,
				F580C2EC05A7163D01DAC342,
				F580C2EF05A7163D01DAC342,
				F580C2F105A7163D01DAC342,
				F580C2F305A7163D01DAC342,
				F580C2F705A7163D01DAC342,
				F580C2F905A7163D01DAC342,
				F580C2E905A7163D01DAC342,
				F580C2EB05A7163D01DAC342,
				F580C2ED05A7163D01DAC342,
				F580C2EE05A7163D01DAC342,
				F580C2F005A7163D01DAC342,
				F580C2F205A7163D01DAC342,
				F580C2F405A7163D01DAC342,
				F580C2F505A7163D01DAC342,
				F580C2F605A7163D01DAC342,
				F580C2F805A7163D01DAC342,
				F580C2FA05A7163D01DAC342,
				F580C2FB05A7163D01DAC342,
			);
			isa = PBXGroup;
			path = fpu;
			refType = 4;
		};
		F580C2E905A7163D01DAC342 = {
			isa = PBXFileReference;
			path = core.h;
			refType = 4;
		};
		F580C2EA05A7163D01DAC342 = {
			isa = PBXFileReference;
			path = exceptions.cpp;
			refType = 4;
		};
		F580C2EB05A7163D01DAC342 = {
			isa = PBXFileReference;
			path = exceptions.h;
			refType = 4;
		};
		F580C2EC05A7163D01DAC342 = {
			isa = PBXFileReference;
			path = flags.cpp;
			refType = 4;
		};
		F580C2ED05A7163D01DAC342 = {
			isa = PBXFileReference;
			path = flags.h;
			refType = 4;
		};
		F580C2EE05A7163D01DAC342 = {
			isa = PBXFileReference;
			path = fpu.h;
			refType = 4;
		};
		F580C2EF05A7163D01DAC342 = {
			isa = PBXFileReference;
			path = fpu_ieee.cpp;
			refType = 4;
		};
		F580C2F005A7163D01DAC342 = {
			isa = PBXFileReference;
			path = fpu_ieee.h;
			refType = 4;
		};
		F580C2F105A7163D01DAC342 = {
			isa = PBXFileReference;
			path = fpu_uae.cpp;
			refType = 4;
		};
		F580C2F205A7163D01DAC342 = {
			isa = PBXFileReference;
			path = fpu_uae.h;
			refType = 4;
		};
		F580C2F305A7163D01DAC342 = {
			isa = PBXFileReference;
			path = fpu_x86.cpp;
			refType = 4;
		};
		F580C2F405A7163D01DAC342 = {
			isa = PBXFileReference;
			path = fpu_x86.h;
			refType = 4;
		};
		F580C2F505A7163D01DAC342 = {
			isa = PBXFileReference;
			path = fpu_x86_asm.h;
			refType = 4;
		};
		F580C2F605A7163D01DAC342 = {
			isa = PBXFileReference;
			path = impl.h;
			refType = 4;
		};
		F580C2F705A7163D01DAC342 = {
			isa = PBXFileReference;
			path = mathlib.cpp;
			refType = 4;
		};
		F580C2F805A7163D01DAC342 = {
			isa = PBXFileReference;
			path = mathlib.h;
			refType = 4;
		};
		F580C2F905A7163D01DAC342 = {
			isa = PBXFileReference;
			path = rounding.cpp;
			refType = 4;
		};
		F580C2FA05A7163D01DAC342 = {
			isa = PBXFileReference;
			path = rounding.h;
			refType = 4;
		};
		F580C2FB05A7163D01DAC342 = {
			isa = PBXFileReference;
			path = types.h;
			refType = 4;
		};
		F580C2FC05A7163D01DAC342 = {
			isa = PBXFileReference;
			path = gencpu.c;
			refType = 4;
		};
		F580C2FD05A7163D01DAC342 = {
			isa = PBXFileReference;
			path = m68k.h;
			refType = 4;
		};
		F580C2FE05A7163D01DAC342 = {
			isa = PBXFileReference;
			path = memory.cpp;
			refType = 4;
		};
		F580C2FF05A7163D01DAC342 = {
			isa = PBXFileReference;
			path = memory.h;
			refType = 4;
		};
		F580C30005A7163D01DAC342 = {
			isa = PBXFileReference;
			path = newcpu.cpp;
			refType = 4;
		};
		F580C30105A7163D01DAC342 = {
			isa = PBXFileReference;
			path = newcpu.h;
			refType = 4;
		};
		F580C30205A7163D01DAC342 = {
			isa = PBXFileReference;
			path = noflags.h;
			refType = 4;
		};
		F580C30305A7163D01DAC342 = {
			isa = PBXFileReference;
			path = readcpu.cpp;
			refType = 4;
		};
		F580C30405A7163D01DAC342 = {
			isa = PBXFileReference;
			path = readcpu.h;
			refType = 4;
		};
		F580C30505A7163D01DAC342 = {
			isa = PBXFileReference;
			path = registers.h;
			refType = 4;
		};
		F580C30605A7163D01DAC342 = {
			isa = PBXFileReference;
			path = spcflags.h;
			refType = 4;
		};
		F580C30705A7163D01DAC342 = {
			isa = PBXFileReference;
			path = table68k;
			refType = 4;
		};
		F580C33805A7166701DAC342 = {
			children = (
				F580C33C05A7166701DAC342,
				F580C34A05A7166701DAC342,
				F580C34B05A7166701DAC342,
				F580C38005A7166701DAC342,
				F580C38205A7166701DAC342,
				F580C38305A7166701DAC342,
				F580C38B05A7166701DAC342,
				F580C3DA05A7166801DAC342,
				F580C3DE05A7166801DAC342,
				F580C3DF05A7166801DAC342,
				F580C33B05A7166701DAC342,
				F580C34205A7166701DAC342,
				F580C34C05A7166701DAC342,
				F580C38105A7166701DAC342,
				F580C3DD05A7166801DAC342,
				F580C3E005A7166801DAC342,
				F580C34305A7166701DAC342,
				F580C34405A7166701DAC342,
				F580C38705A7166701DAC342,
				F580C38C05A7166701DAC342,
				F580C38D05A7166701DAC342,
				F580C3E105A7166801DAC342,
			);
			isa = PBXGroup;
			path = Unix;
			refType = 4;
		};
		F580C33B05A7166701DAC342 = {
			isa = PBXFileReference;
			path = ansidecl.h;
			refType = 4;
		};
		F580C33C05A7166701DAC342 = {
			isa = PBXFileReference;
			path = aratapif.c;
			refType = 4;
		};
		F580C34205A7166701DAC342 = {
			isa = PBXFileReference;
			path = config.h;
			refType = 4;
		};
		F580C34305A7166701DAC342 = {
			isa = PBXFileReference;
			path = config.h.in;
			refType = 4;
		};
		F580C34405A7166701DAC342 = {
			isa = PBXFileReference;
			path = config.log;
			refType = 4;
		};
		F580C34905A7166701DAC342 = {
			isa = PBXFileReference;
			name = cpudefs.cpp;
			path = build/cpudefs.cpp;
			refType = 2;
		};
		F580C34A05A7166701DAC342 = {
			isa = PBXFileReference;
			name = cpuemu.cpp;
			path = build/cpuemu.cpp;
			refType = 2;
		};
		F580C34B05A7166701DAC342 = {
			isa = PBXFileReference;
			name = cpustbl.cpp;
			path = build/cpustbl.cpp;
			refType = 2;
		};
		F580C34C05A7166701DAC342 = {
			isa = PBXFileReference;
			name = cputbl.h;
			path = build/cputbl.h;
			refType = 2;
		};
		F580C35605A7166701DAC342 = {
			isa = PBXFileReference;
			path = aranym2.icns;
			refType = 4;
		};
		F580C37805A7166701DAC342 = {
			children = (
				F580C37905A7166701DAC342,
			);
			isa = PBXVariantGroup;
			path = English.lproj;
			refType = 4;
		};
		F580C37905A7166701DAC342 = {
			isa = PBXFileReference;
			path = InfoPlist.strings;
			refType = 4;
		};
		F580C37A05A7166701DAC342 = {
			children = (
				F580C37B05A7166701DAC342,
			);
			isa = PBXVariantGroup;
			path = English.lproj;
			refType = 4;
		};
		F580C37B05A7166701DAC342 = {
			isa = PBXFileReference;
			path = SDLMain.nib;
			refType = 4;
		};
		F580C37C05A7166701DAC342 = {
			isa = PBXFileReference;
			path = SDLMain.h;
			refType = 4;
		};
		F580C38005A7166701DAC342 = {
			isa = PBXFileReference;
			path = getopt.c;
			refType = 4;
		};
		F580C38105A7166701DAC342 = {
			isa = PBXFileReference;
			path = getopt.h;
			refType = 4;
		};
		F580C38205A7166701DAC342 = {
			isa = PBXFileReference;
			path = getopt1.c;
			refType = 4;
		};
		F580C38305A7166701DAC342 = {
			isa = PBXFileReference;
			path = getopt_init.c;
			refType = 4;
		};
		F580C38705A7166701DAC342 = {
			isa = PBXFileReference;
			path = libaranym.a;
			refType = 4;
		};
		F580C38B05A7166701DAC342 = {
			isa = PBXFileReference;
			path = main_unix.cpp;
			refType = 4;
		};
		F580C38C05A7166701DAC342 = {
			isa = PBXFileReference;
			path = Makefile;
			refType = 4;
		};
		F580C38D05A7166701DAC342 = {
			isa = PBXFileReference;
			path = Makefile.in;
			refType = 4;
		};
		F580C3DA05A7166801DAC342 = {
			isa = PBXFileReference;
			path = parameters_unix.cpp;
			refType = 4;
		};
		F580C3DD05A7166801DAC342 = {
			isa = PBXFileReference;
			path = sysdeps.h;
			refType = 4;
		};
		F580C3DE05A7166801DAC342 = {
			isa = PBXFileReference;
			path = vasprintf.c;
			refType = 4;
		};
		F580C3DF05A7166801DAC342 = {
			isa = PBXFileReference;
			path = vm_alloc.cpp;
			refType = 4;
		};
		F580C3E005A7166801DAC342 = {
			isa = PBXFileReference;
			path = vm_alloc.h;
			refType = 4;
		};
		F580C3E105A7166801DAC342 = {
			children = (
				F580C3E205A7166801DAC342,
			);
			isa = PBXGroup;
			path = xbsd;
			refType = 4;
		};
		F580C3E205A7166801DAC342 = {
			isa = PBXFileReference;
			path = sigsegv_xbsd.cpp;
			refType = 4;
		};
		F580C40B05A7166801DAC342 = {
			fileRef = F580C35605A7166701DAC342;
			isa = PBXBuildFile;
			settings = {
			};
		};
		F580C42505A7166801DAC342 = {
			fileRef = F580C37805A7166701DAC342;
			isa = PBXBuildFile;
			settings = {
			};
		};
		F580C42605A7166801DAC342 = {
			fileRef = F580C37A05A7166701DAC342;
			isa = PBXBuildFile;
			settings = {
			};
		};
		F580C42705A7166801DAC342 = {
			fileRef = F580C37C05A7166701DAC342;
			isa = PBXBuildFile;
			settings = {
			};
		};
		F580C48D05A71C7F01DAC342 = {
			fileRef = 29B97325FDCFA39411CA2CEA;
			isa = PBXBuildFile;
			settings = {
			};
		};
		F580C48E05A71C8101DAC342 = {
			fileRef = 29B97324FDCFA39411CA2CEA;
			isa = PBXBuildFile;
			settings = {
			};
		};
		F580C4DF05A71D4201DAC342 = {
			isa = PBXFrameworkReference;
			name = SDL.framework;
			path = /Library/Frameworks/SDL.framework;
			refType = 0;
		};
		F580C4E105A71D4201DAC342 = {
			fileRef = F580C4DF05A71D4201DAC342;
			isa = PBXBuildFile;
			settings = {
			};
		};
		F580C4E205A71FBF01DAC342 = {
			isa = PBXFrameworkReference;
			name = IOKit.framework;
			path = /System/Library/Frameworks/IOKit.framework;
			refType = 0;
		};
		F580C78105A71FC001DAC342 = {
			fileRef = F580C4E205A71FBF01DAC342;
			isa = PBXBuildFile;
			settings = {
			};
		};
		F5826A4505D124440197DD2A = {
			fileRef = F580C34205A7166701DAC342;
			isa = PBXBuildFile;
			settings = {
			};
		};
		F5826A4605D124B90197DD2A = {
			fileRef = F580C2E205A7163D01DAC342;
			isa = PBXBuildFile;
			settings = {
			};
		};
		F5826A4705D124BB0197DD2A = {
			fileRef = F580C2FF05A7163D01DAC342;
			isa = PBXBuildFile;
			settings = {
			};
		};
		F587863205B7C555011F64EC = {
			buildActionMask = 2147483647;
			files = (
			);
			isa = PBXHeadersBuildPhase;
			runOnlyForDeploymentPostprocessing = 0;
		};
		F587863305B7C555011F64EC = {
			buildActionMask = 2147483647;
			files = (
				F587863905B7C56C011F64EC,
			);
			isa = PBXSourcesBuildPhase;
			runOnlyForDeploymentPostprocessing = 0;
		};
		F587863605B7C555011F64EC = {
			buildPhases = (
				F5F07EA405B9698B012DB10D,
				F587863205B7C555011F64EC,
				F587863305B7C555011F64EC,
				F587864105B7CC43011F64EC,
				F55FE00505BB250F01209CD2,
			);
			buildSettings = {
				HEADER_SEARCH_PATHS = ../../uae_cpu;
				OPTIMIZATION_CFLAGS = "-O3";
				OTHER_LDFLAGS = "";
				OTHER_REZFLAGS = "";
				PRODUCT_NAME = Build68k;
				REZ_EXECUTABLE = YES;
				SECTORDER_FLAGS = "";
				WARNING_CFLAGS = "-Wmost -Wno-four-char-constants -Wno-unknown-pragmas";
			};
			dependencies = (
			);
			isa = PBXToolTarget;
			name = Build68k;
			productName = Build68k;
			productReference = F587863705B7C555011F64EC;
			shouldUseHeadermap = 0;
		};
		F587863705B7C555011F64EC = {
			isa = PBXExecutableFileReference;
			path = Build68k;
			refType = 3;
		};
		F587863905B7C56C011F64EC = {
			fileRef = F580C2D805A7163D01DAC342;
			isa = PBXBuildFile;
			settings = {
			};
		};
		F587863D05B7CA53011F64EC = {
			fileRef = F580C30305A7163D01DAC342;
			isa = PBXBuildFile;
			settings = {
			};
		};
		F587863E05B7CA54011F64EC = {
			fileRef = F580C2FC05A7163D01DAC342;
			isa = PBXBuildFile;
			settings = {
			};
		};
		F587864105B7CC43011F64EC = {
			buildActionMask = 2147483647;
			files = (
			);
			isa = PBXFrameworksBuildPhase;
			runOnlyForDeploymentPostprocessing = 0;
		};
		F587864205B7CD71011F64EC = {
			isa = PBXTargetDependency;
			target = F587863605B7C555011F64EC;
		};
		F587864305B7CE3B011F64EC = {
			fileRef = F580C34905A7166701DAC342;
			isa = PBXBuildFile;
			settings = {
			};
		};
		F588044105A9FBA9013D8677 = {
			children = (
				F588044205A9FBA9013D8677,
				F588044305A9FBA9013D8677,
				F588044405A9FBA9013D8677,
				F588044505A9FBA9013D8677,
				F588044605A9FBA9013D8677,
				F588044705A9FBA9013D8677,
				F588044A05A9FBA9013D8677,
				F588044805A9FBA9013D8677,
				F588044905A9FBA9013D8677,
				F588044B05A9FBA9013D8677,
			);
			isa = PBXGroup;
			path = "gui-sdl";
			refType = 4;
		};
		F588044205A9FBA9013D8677 = {
			isa = PBXFileReference;
			path = dlgAbout.cpp;
			refType = 4;
		};
		F588044305A9FBA9013D8677 = {
			isa = PBXFileReference;
			path = dlgDisk.cpp;
			refType = 4;
		};
		F588044405A9FBA9013D8677 = {
			isa = PBXFileReference;
			path = dlgFileSelect.cpp;
			refType = 4;
		};
		F588044505A9FBA9013D8677 = {
			isa = PBXFileReference;
			path = dlgKeyboard.cpp;
			refType = 4;
		};
		F588044605A9FBA9013D8677 = {
			isa = PBXFileReference;
			path = dlgMain.cpp;
			refType = 4;
		};
		F588044705A9FBA9013D8677 = {
			isa = PBXFileReference;
			path = file.cpp;
			refType = 4;
		};
		F588044805A9FBA9013D8677 = {
			isa = PBXFileReference;
			path = file.h;
			refType = 4;
		};
		F588044905A9FBA9013D8677 = {
			isa = PBXFileReference;
			path = font8.h;
			refType = 4;
		};
		F588044A05A9FBA9013D8677 = {
			isa = PBXFileReference;
			path = sdlgui.cpp;
			refType = 4;
		};
		F588044B05A9FBA9013D8677 = {
			isa = PBXFileReference;
			path = sdlgui.h;
			refType = 4;
		};
		F588044C05A9FBB1013D8677 = {
			fileRef = F588044205A9FBA9013D8677;
			isa = PBXBuildFile;
			settings = {
			};
		};
		F588044D05A9FBB2013D8677 = {
			fileRef = F588044305A9FBA9013D8677;
			isa = PBXBuildFile;
			settings = {
			};
		};
		F588044E05A9FBB2013D8677 = {
			fileRef = F588044405A9FBA9013D8677;
			isa = PBXBuildFile;
			settings = {
			};
		};
		F588044F05A9FBB3013D8677 = {
			fileRef = F588044605A9FBA9013D8677;
			isa = PBXBuildFile;
			settings = {
			};
		};
		F588045005A9FBB4013D8677 = {
			fileRef = F588044705A9FBA9013D8677;
			isa = PBXBuildFile;
			settings = {
			};
		};
		F588045105A9FBB5013D8677 = {
			fileRef = F588044505A9FBA9013D8677;
			isa = PBXBuildFile;
			settings = {
			};
		};
		F588045205A9FBBA013D8677 = {
			fileRef = F588044A05A9FBA9013D8677;
			isa = PBXBuildFile;
			settings = {
			};
		};
		F58C107D05B7B8120154426E = {
			buildActionMask = 2147483647;
			files = (
				F5A5241A05CC4EE901B3881A,
			);
			isa = PBXHeadersBuildPhase;
			runOnlyForDeploymentPostprocessing = 0;
		};
		F58C107E05B7B8120154426E = {
			buildActionMask = 2147483647;
			files = (
				F587863D05B7CA53011F64EC,
				F587863E05B7CA54011F64EC,
				F587864305B7CE3B011F64EC,
			);
			isa = PBXSourcesBuildPhase;
			runOnlyForDeploymentPostprocessing = 0;
		};
		F58C107F05B7B8120154426E = {
			buildActionMask = 2147483647;
			files = (
			);
			isa = PBXFrameworksBuildPhase;
			runOnlyForDeploymentPostprocessing = 0;
		};
		F58C108105B7B8120154426E = {
			buildPhases = (
				F58C107D05B7B8120154426E,
				F58C107E05B7B8120154426E,
				F58C107F05B7B8120154426E,
				F58C108605B7BD410154426E,
			);
			buildSettings = {
				HEADER_SEARCH_PATHS = ../../uae_cpu;
				OPTIMIZATION_CFLAGS = "-O3";
				OTHER_CFLAGS = "-DHAVE_CONFIG_H  -DOS_darwin -DCPU_powerpc -D_GNU_SOURCE -DDIRECT_ADDRESSING -DFPU_IEEE -DENABLE_EXCLUSIVE_SPCFLAGS -D_REENTRANT -D_THREAD_SAFE";
				OTHER_LDFLAGS = "";
				OTHER_REZFLAGS = "";
				PRODUCT_NAME = gencpu;
				REZ_EXECUTABLE = YES;
				SECTORDER_FLAGS = "";
				WARNING_CFLAGS = "-Wmost -Wno-four-char-constants -Wno-unknown-pragmas";
			};
			dependencies = (
				F587864205B7CD71011F64EC,
			);
			isa = PBXToolTarget;
			name = MakeCpu;
			productName = MakeCpu;
			productReference = F58C108205B7B8120154426E;
			shouldUseHeadermap = 0;
		};
		F58C108205B7B8120154426E = {
			isa = PBXExecutableFileReference;
			path = gencpu;
			refType = 3;
		};
		F58C108605B7BD410154426E = {
			buildActionMask = 2147483647;
			files = (
			);
			generatedFileNames = (
			);
			isa = PBXShellScriptBuildPhase;
			neededFileNames = (
			);
			runOnlyForDeploymentPostprocessing = 0;
			shellPath = /bin/sh;
			shellScript = "cd $PWD/build\n./gencpu";
		};
		F58CD58A05B8049B01EE9378 = {
			buildActionMask = 2147483647;
			files = (
			);
			isa = PBXHeadersBuildPhase;
			runOnlyForDeploymentPostprocessing = 0;
		};
		F58CD58B05B8049B01EE9378 = {
			buildActionMask = 2147483647;
			files = (
				F58CD59305B804FB01EE9378,
			);
			isa = PBXSourcesBuildPhase;
			runOnlyForDeploymentPostprocessing = 0;
		};
		F58CD58C05B8049B01EE9378 = {
			buildActionMask = 2147483647;
			files = (
			);
			isa = PBXFrameworksBuildPhase;
			runOnlyForDeploymentPostprocessing = 0;
		};
		F58CD58D05B8049B01EE9378 = {
			buildActionMask = 2147483647;
			files = (
			);
			isa = PBXRezBuildPhase;
			runOnlyForDeploymentPostprocessing = 0;
		};
		F58CD58E05B8049B01EE9378 = {
			buildPhases = (
				F58CD58A05B8049B01EE9378,
				F58CD58B05B8049B01EE9378,
				F58CD58C05B8049B01EE9378,
				F58CD58D05B8049B01EE9378,
			);
			buildSettings = {
				OTHER_CFLAGS = "";
				OTHER_LDFLAGS = "";
				OTHER_REZFLAGS = "";
				PRODUCT_NAME = DiskImage;
				REZ_EXECUTABLE = YES;
				SECTORDER_FLAGS = "";
				WARNING_CFLAGS = "-Wmost -Wno-four-char-constants -Wno-unknown-pragmas";
			};
			dependencies = (
			);
			isa = PBXToolTarget;
			name = DiskImage;
			productInstallPath = /usr/local/bin;
			productName = DiskImage;
			productReference = F58CD58F05B8049B01EE9378;
			shouldUseHeadermap = 0;
		};
		F58CD58F05B8049B01EE9378 = {
			isa = PBXExecutableFileReference;
			path = DiskImage;
			refType = 3;
		};
		F58CD59105B804E301EE9378 = {
			children = (
				F58CD59205B804FB01EE9378,
			);
			isa = PBXGroup;
			name = Tools;
			path = Unix;
			refType = 4;
		};
		F58CD59205B804FB01EE9378 = {
			isa = PBXFileReference;
			name = diskimage.c;
			path = ../../tools/diskimage.c;
			refType = 4;
		};
		F58CD59305B804FB01EE9378 = {
			fileRef = F58CD59205B804FB01EE9378;
			isa = PBXBuildFile;
			settings = {
			};
		};
		F5A145AF05A7EA78017C0BEF = {
			isa = PBXFrameworkReference;
			name = OpenGL.framework;
			path = /System/Library/Frameworks/OpenGL.framework;
			refType = 0;
		};
		F5A47A9E01A0483001D3D55B = {
			fileEncoding = 30;
			isa = PBXFileReference;
			path = SDLMain.m;
			refType = 4;
		};
		F5A4EB1005AD4A9B013BD142 = {
			fileRef = F580C28B05A7161201DAC342;
			isa = PBXBuildFile;
			settings = {
			};
		};
		F5A5241A05CC4EE901B3881A = {
			fileRef = F580C28B05A7161201DAC342;
			isa = PBXBuildFile;
			settings = {
			};
		};
		F5F07EA405B9698B012DB10D = {
			buildActionMask = 12;
			files = (
			);
			generatedFileNames = (
			);
			isa = PBXShellScriptBuildPhase;
			neededFileNames = (
			);
			runOnlyForDeploymentPostprocessing = 0;
			shellPath = /bin/sh;
			shellScript = "cd $PWD\ncd ../Unix\nexport ACLOCAL_FLAGS=\"-I /usr/local/share/aclocal\"\n./autogen.sh --enable-fixedvideoram --enable-dsp-disasm";
		};
	};
	rootObject = 29B97313FDCFA39411CA2CEA;
}
